// !$*UTF8*$!
{
	archiveVersion = 1;
	classes = {
	};
	objectVersion = 56;
	objects = {

/* Begin PBXBuildFile section */
		A7B14E0BC1D6D758C0B476C2 /* Pods_My_MVVM_Project.framework in Frameworks */ = {isa = PBXBuildFile; fileRef = 2EAB53FE14A887C6FDACBDE5 /* Pods_My_MVVM_Project.framework */; };
		D0099209297A5FAD00DE3926 /* BalanceView.swift in Sources */ = {isa = PBXBuildFile; fileRef = D0099208297A5FAD00DE3926 /* BalanceView.swift */; };
		D00ECF2129794DDB00A84439 /* UIButtonEXT.swift in Sources */ = {isa = PBXBuildFile; fileRef = D00ECF2029794DDB00A84439 /* UIButtonEXT.swift */; };
		D00ECF242979514900A84439 /* MainTabBarViewController.swift in Sources */ = {isa = PBXBuildFile; fileRef = D00ECF232979514900A84439 /* MainTabBarViewController.swift */; };
		D01E6D422977BC9F00F8D06A /* ValyutaKursiExpandView.swift in Sources */ = {isa = PBXBuildFile; fileRef = D01E6D412977BC9F00F8D06A /* ValyutaKursiExpandView.swift */; };
		D023AE112977CBD300D45DE6 /* ValyutaExpandStackChildView.swift in Sources */ = {isa = PBXBuildFile; fileRef = D023AE102977CBD300D45DE6 /* ValyutaExpandStackChildView.swift */; };
		D023AE142977E54E00D45DE6 /* IpotekaKartalarVCViewController.swift in Sources */ = {isa = PBXBuildFile; fileRef = D023AE132977E54E00D45DE6 /* IpotekaKartalarVCViewController.swift */; };
		D023AE162977E55E00D45DE6 /* IpotekaKartalarInstaller.swift in Sources */ = {isa = PBXBuildFile; fileRef = D023AE152977E55E00D45DE6 /* IpotekaKartalarInstaller.swift */; };
		D023AE182977E5CB00D45DE6 /* IpotekaKartalarPresenter.swift in Sources */ = {isa = PBXBuildFile; fileRef = D023AE172977E5CB00D45DE6 /* IpotekaKartalarPresenter.swift */; };
		D023AE1A2977E5D400D45DE6 /* IpotekaKartalarInteractor.swift in Sources */ = {isa = PBXBuildFile; fileRef = D023AE192977E5D400D45DE6 /* IpotekaKartalarInteractor.swift */; };
		D023AE1C2977E5DE00D45DE6 /* IpotekaKartalarRouter.swift in Sources */ = {isa = PBXBuildFile; fileRef = D023AE1B2977E5DE00D45DE6 /* IpotekaKartalarRouter.swift */; };
		D023AE1F2977FC7A00D45DE6 /* PageView.swift in Sources */ = {isa = PBXBuildFile; fileRef = D023AE1E2977FC7A00D45DE6 /* PageView.swift */; };
		D023AE222977FCAD00D45DE6 /* PageModel.swift in Sources */ = {isa = PBXBuildFile; fileRef = D023AE212977FCAD00D45DE6 /* PageModel.swift */; };
		D023AE2429782DAA00D45DE6 /* AboutCardCell.swift in Sources */ = {isa = PBXBuildFile; fileRef = D023AE2329782DAA00D45DE6 /* AboutCardCell.swift */; };
		D023AE262978324000D45DE6 /* PageCellModel.swift in Sources */ = {isa = PBXBuildFile; fileRef = D023AE252978324000D45DE6 /* PageCellModel.swift */; };
		D023AE3D29783D6700D45DE6 /* SchetaView.swift in Sources */ = {isa = PBXBuildFile; fileRef = D023AE3C29783D6700D45DE6 /* SchetaView.swift */; };
		D023AE402978407400D45DE6 /* VC.swift in Sources */ = {isa = PBXBuildFile; fileRef = D023AE3F2978407400D45DE6 /* VC.swift */; };
		D023AE422978407D00D45DE6 /* Installer.swift in Sources */ = {isa = PBXBuildFile; fileRef = D023AE412978407D00D45DE6 /* Installer.swift */; };
		D023AE442978408600D45DE6 /* Presenter.swift in Sources */ = {isa = PBXBuildFile; fileRef = D023AE432978408600D45DE6 /* Presenter.swift */; };
		D023AE462978408E00D45DE6 /* Interactor.swift in Sources */ = {isa = PBXBuildFile; fileRef = D023AE452978408E00D45DE6 /* Interactor.swift */; };
		D023AE482978409300D45DE6 /* Router.swift in Sources */ = {isa = PBXBuildFile; fileRef = D023AE472978409300D45DE6 /* Router.swift */; };
		D023AE4A297841BD00D45DE6 /* Entity.swift in Sources */ = {isa = PBXBuildFile; fileRef = D023AE49297841BD00D45DE6 /* Entity.swift */; };
		D023AE53297845A300D45DE6 /* SferaVC.swift in Sources */ = {isa = PBXBuildFile; fileRef = D023AE52297845A300D45DE6 /* SferaVC.swift */; };
		D023AE55297845AC00D45DE6 /* SFERAInstaller.swift in Sources */ = {isa = PBXBuildFile; fileRef = D023AE54297845AC00D45DE6 /* SFERAInstaller.swift */; };
		D023AE57297845B500D45DE6 /* SferaPresenter.swift in Sources */ = {isa = PBXBuildFile; fileRef = D023AE56297845B500D45DE6 /* SferaPresenter.swift */; };
		D023AE59297845C200D45DE6 /* SferaInteractor.swift in Sources */ = {isa = PBXBuildFile; fileRef = D023AE58297845C200D45DE6 /* SferaInteractor.swift */; };
		D023AE5B297845C800D45DE6 /* SferaRoutere.swift in Sources */ = {isa = PBXBuildFile; fileRef = D023AE5A297845C800D45DE6 /* SferaRoutere.swift */; };
		D023AE5E2978478300D45DE6 /* NextViewC.swift in Sources */ = {isa = PBXBuildFile; fileRef = D023AE5D2978478300D45DE6 /* NextViewC.swift */; };
		D023AE60297847AE00D45DE6 /* NextInstaller.swift in Sources */ = {isa = PBXBuildFile; fileRef = D023AE5F297847AE00D45DE6 /* NextInstaller.swift */; };
		D023AE62297847BD00D45DE6 /* NextInteractor.swift in Sources */ = {isa = PBXBuildFile; fileRef = D023AE61297847BD00D45DE6 /* NextInteractor.swift */; };
		D023AE64297847C500D45DE6 /* NextPresenter.swift in Sources */ = {isa = PBXBuildFile; fileRef = D023AE63297847C500D45DE6 /* NextPresenter.swift */; };
		D023AE66297847CD00D45DE6 /* NextRouter.swift in Sources */ = {isa = PBXBuildFile; fileRef = D023AE65297847CD00D45DE6 /* NextRouter.swift */; };
		D023AE69297848C500D45DE6 /* RekvizitVCC.swift in Sources */ = {isa = PBXBuildFile; fileRef = D023AE68297848C500D45DE6 /* RekvizitVCC.swift */; };
		D023AE6B297848D100D45DE6 /* RekvizitInstaller.swift in Sources */ = {isa = PBXBuildFile; fileRef = D023AE6A297848D100D45DE6 /* RekvizitInstaller.swift */; };
		D023AE6D297848DB00D45DE6 /* RekvizitPresenter.swift in Sources */ = {isa = PBXBuildFile; fileRef = D023AE6C297848DB00D45DE6 /* RekvizitPresenter.swift */; };
		D023AE6F297848ED00D45DE6 /* RekvizitInteractor.swift in Sources */ = {isa = PBXBuildFile; fileRef = D023AE6E297848ED00D45DE6 /* RekvizitInteractor.swift */; };
		D023AE71297848F900D45DE6 /* RekvizitRouter.swift in Sources */ = {isa = PBXBuildFile; fileRef = D023AE70297848F900D45DE6 /* RekvizitRouter.swift */; };
		D023AE7329784A2B00D45DE6 /* MaterialMultilinedView.swift in Sources */ = {isa = PBXBuildFile; fileRef = D023AE7229784A2B00D45DE6 /* MaterialMultilinedView.swift */; };
		D023AE7629784B5B00D45DE6 /* ServiceVCC.swift in Sources */ = {isa = PBXBuildFile; fileRef = D023AE7529784B5B00D45DE6 /* ServiceVCC.swift */; };
		D023AE7829784B6200D45DE6 /* ServiceInstaller.swift in Sources */ = {isa = PBXBuildFile; fileRef = D023AE7729784B6200D45DE6 /* ServiceInstaller.swift */; };
		D023AE7A29784B6B00D45DE6 /* ServiceInteractor.swift in Sources */ = {isa = PBXBuildFile; fileRef = D023AE7929784B6B00D45DE6 /* ServiceInteractor.swift */; };
		D023AE7C29784B7300D45DE6 /* ServicePresenter.swift in Sources */ = {isa = PBXBuildFile; fileRef = D023AE7B29784B7300D45DE6 /* ServicePresenter.swift */; };
		D023AE7E29784B7900D45DE6 /* ServiceRouter.swift in Sources */ = {isa = PBXBuildFile; fileRef = D023AE7D29784B7900D45DE6 /* ServiceRouter.swift */; };
		D023AE8029784BC100D45DE6 /* ProductDataModel.swift in Sources */ = {isa = PBXBuildFile; fileRef = D023AE7F29784BC100D45DE6 /* ProductDataModel.swift */; };
		D023AE8229784C0100D45DE6 /* ServiceTabViewCell.swift in Sources */ = {isa = PBXBuildFile; fileRef = D023AE8129784C0100D45DE6 /* ServiceTabViewCell.swift */; };
		D023AE8529784C9400D45DE6 /* KursandValVC.swift in Sources */ = {isa = PBXBuildFile; fileRef = D023AE8429784C9400D45DE6 /* KursandValVC.swift */; };
		D023AE8729784C9F00D45DE6 /* KursandValInstaller.swift in Sources */ = {isa = PBXBuildFile; fileRef = D023AE8629784C9F00D45DE6 /* KursandValInstaller.swift */; };
		D023AE8929784CA700D45DE6 /* KursandValInteractor.swift in Sources */ = {isa = PBXBuildFile; fileRef = D023AE8829784CA700D45DE6 /* KursandValInteractor.swift */; };
		D023AE8B29784CAE00D45DE6 /* KursandValPresenter.swift in Sources */ = {isa = PBXBuildFile; fileRef = D023AE8A29784CAE00D45DE6 /* KursandValPresenter.swift */; };
		D023AE8D29784CB600D45DE6 /* KursandValRouter.swift in Sources */ = {isa = PBXBuildFile; fileRef = D023AE8C29784CB600D45DE6 /* KursandValRouter.swift */; };
		D023AE8F29784CF600D45DE6 /* ValyutaModel.swift in Sources */ = {isa = PBXBuildFile; fileRef = D023AE8E29784CF600D45DE6 /* ValyutaModel.swift */; };
		D023AE9129784D3500D45DE6 /* DPickerController.swift in Sources */ = {isa = PBXBuildFile; fileRef = D023AE9029784D3500D45DE6 /* DPickerController.swift */; };
		D023AE9329784D7400D45DE6 /* ValyutaTableViewCell.swift in Sources */ = {isa = PBXBuildFile; fileRef = D023AE9229784D7400D45DE6 /* ValyutaTableViewCell.swift */; };
		D023AE9629784E6B00D45DE6 /* SettingVC.swift in Sources */ = {isa = PBXBuildFile; fileRef = D023AE9529784E6B00D45DE6 /* SettingVC.swift */; };
		D023AE9829784E7300D45DE6 /* SettingInstaller.swift in Sources */ = {isa = PBXBuildFile; fileRef = D023AE9729784E7300D45DE6 /* SettingInstaller.swift */; };
		D023AE9A29784E7B00D45DE6 /* SettingPresenter.swift in Sources */ = {isa = PBXBuildFile; fileRef = D023AE9929784E7B00D45DE6 /* SettingPresenter.swift */; };
		D023AE9C29784E8100D45DE6 /* SettingRouter.swift in Sources */ = {isa = PBXBuildFile; fileRef = D023AE9B29784E8100D45DE6 /* SettingRouter.swift */; };
		D023AE9E29784E8900D45DE6 /* SettingInteractor.swift in Sources */ = {isa = PBXBuildFile; fileRef = D023AE9D29784E8900D45DE6 /* SettingInteractor.swift */; };
		D023AEA12978503E00D45DE6 /* ZayavleniyaiPerevodVCc.swift in Sources */ = {isa = PBXBuildFile; fileRef = D023AEA02978503E00D45DE6 /* ZayavleniyaiPerevodVCc.swift */; };
		D023AEA32978504500D45DE6 /* ZayavleniyaiPerevodVCInstalle.swift in Sources */ = {isa = PBXBuildFile; fileRef = D023AEA22978504500D45DE6 /* ZayavleniyaiPerevodVCInstalle.swift */; };
		D023AEA52978504D00D45DE6 /* ZayavleniyaiPerevodVCPresenter.swift in Sources */ = {isa = PBXBuildFile; fileRef = D023AEA42978504D00D45DE6 /* ZayavleniyaiPerevodVCPresenter.swift */; };
		D023AEA72978505600D45DE6 /* ZayavleniyaiPerevodVCInteractor.swift in Sources */ = {isa = PBXBuildFile; fileRef = D023AEA62978505600D45DE6 /* ZayavleniyaiPerevodVCInteractor.swift */; };
		D023AEA92978506300D45DE6 /* ZayavleniyaiPerevodVCRouter.swift in Sources */ = {isa = PBXBuildFile; fileRef = D023AEA82978506300D45DE6 /* ZayavleniyaiPerevodVCRouter.swift */; };
		D023AEAB297850A200D45DE6 /* CardDM.swift in Sources */ = {isa = PBXBuildFile; fileRef = D023AEAA297850A200D45DE6 /* CardDM.swift */; };
		D023AEAD297850BA00D45DE6 /* ZayavleniyaTableViewCell.swift in Sources */ = {isa = PBXBuildFile; fileRef = D023AEAC297850BA00D45DE6 /* ZayavleniyaTableViewCell.swift */; };
		D023AEB0297851A100D45DE6 /* Platejavc.swift in Sources */ = {isa = PBXBuildFile; fileRef = D023AEAF297851A100D45DE6 /* Platejavc.swift */; };
		D023AEB2297851AD00D45DE6 /* PlatejaInstaller.swift in Sources */ = {isa = PBXBuildFile; fileRef = D023AEB1297851AD00D45DE6 /* PlatejaInstaller.swift */; };
		D023AEB4297851B600D45DE6 /* PlatejaPresenter.swift in Sources */ = {isa = PBXBuildFile; fileRef = D023AEB3297851B600D45DE6 /* PlatejaPresenter.swift */; };
		D023AEB6297851C100D45DE6 /* PlatejaInteractor.swift in Sources */ = {isa = PBXBuildFile; fileRef = D023AEB5297851C100D45DE6 /* PlatejaInteractor.swift */; };
		D023AEB8297851CC00D45DE6 /* PlatejaRotuer.swift in Sources */ = {isa = PBXBuildFile; fileRef = D023AEB7297851CC00D45DE6 /* PlatejaRotuer.swift */; };
		D023AEBA2978521700D45DE6 /* ProvedyonView.swift in Sources */ = {isa = PBXBuildFile; fileRef = D023AEB92978521700D45DE6 /* ProvedyonView.swift */; };
		D023AEBD2978528300D45DE6 /* HisobraqamlarVc.swift in Sources */ = {isa = PBXBuildFile; fileRef = D023AEBC2978528300D45DE6 /* HisobraqamlarVc.swift */; };
		D023AEBF2978528B00D45DE6 /* HisobraqamlarVCIns.swift in Sources */ = {isa = PBXBuildFile; fileRef = D023AEBE2978528B00D45DE6 /* HisobraqamlarVCIns.swift */; };
		D023AEC12978529200D45DE6 /* HisobraqamlarVCPRe.swift in Sources */ = {isa = PBXBuildFile; fileRef = D023AEC02978529200D45DE6 /* HisobraqamlarVCPRe.swift */; };
		D023AEC32978529A00D45DE6 /* HisobraqamlarVCRout.swift in Sources */ = {isa = PBXBuildFile; fileRef = D023AEC22978529A00D45DE6 /* HisobraqamlarVCRout.swift */; };
		D023AEC52978529F00D45DE6 /* HisobraqamlarVCInt.swift in Sources */ = {isa = PBXBuildFile; fileRef = D023AEC42978529F00D45DE6 /* HisobraqamlarVCInt.swift */; };
		D023AEC7297852E800D45DE6 /* CardView.swift in Sources */ = {isa = PBXBuildFile; fileRef = D023AEC6297852E800D45DE6 /* CardView.swift */; };
		D023AECA2978535900D45DE6 /* TestVC.swift in Sources */ = {isa = PBXBuildFile; fileRef = D023AEC92978535900D45DE6 /* TestVC.swift */; };
		D023AECC2978536D00D45DE6 /* TestVCInstaller.swift in Sources */ = {isa = PBXBuildFile; fileRef = D023AECB2978536D00D45DE6 /* TestVCInstaller.swift */; };
		D023AECE2978537400D45DE6 /* TestVCInteractor.swift in Sources */ = {isa = PBXBuildFile; fileRef = D023AECD2978537400D45DE6 /* TestVCInteractor.swift */; };
		D023AED02978537C00D45DE6 /* TestVCPresenter.swift in Sources */ = {isa = PBXBuildFile; fileRef = D023AECF2978537C00D45DE6 /* TestVCPresenter.swift */; };
		D023AED22978538500D45DE6 /* TestVCRouter.swift in Sources */ = {isa = PBXBuildFile; fileRef = D023AED12978538500D45DE6 /* TestVCRouter.swift */; };
		D023AED4297853D200D45DE6 /* TezkorUtkazmaView.swift in Sources */ = {isa = PBXBuildFile; fileRef = D023AED3297853D200D45DE6 /* TezkorUtkazmaView.swift */; };
		D023AED62978546200D45DE6 /* MyButton.swift in Sources */ = {isa = PBXBuildFile; fileRef = D023AED52978546200D45DE6 /* MyButton.swift */; };
		D023AED82978548400D45DE6 /* MainOperationview.swift in Sources */ = {isa = PBXBuildFile; fileRef = D023AED72978548400D45DE6 /* MainOperationview.swift */; };
		D023AEDA297854BD00D45DE6 /* FSPGCell.swift in Sources */ = {isa = PBXBuildFile; fileRef = D023AED9297854BD00D45DE6 /* FSPGCell.swift */; };
		D023AEDC297854D900D45DE6 /* MyTxtField.swift in Sources */ = {isa = PBXBuildFile; fileRef = D023AEDB297854D900D45DE6 /* MyTxtField.swift */; };
		D023AEDE2978550700D45DE6 /* CardVVVVV.swift in Sources */ = {isa = PBXBuildFile; fileRef = D023AEDD2978550700D45DE6 /* CardVVVVV.swift */; };
		D023AEE02978553200D45DE6 /* MainOperationDM.swift in Sources */ = {isa = PBXBuildFile; fileRef = D023AEDF2978553200D45DE6 /* MainOperationDM.swift */; };
		D023AEE329790C8000D45DE6 /* ZayavkaVC.swift in Sources */ = {isa = PBXBuildFile; fileRef = D023AEE229790C8000D45DE6 /* ZayavkaVC.swift */; };
		D023AEE529790C8A00D45DE6 /* ZayavkaVCInstaller.swift in Sources */ = {isa = PBXBuildFile; fileRef = D023AEE429790C8A00D45DE6 /* ZayavkaVCInstaller.swift */; };
		D023AEE729790C9600D45DE6 /* ZayavkaVCPresenter.swift in Sources */ = {isa = PBXBuildFile; fileRef = D023AEE629790C9600D45DE6 /* ZayavkaVCPresenter.swift */; };
		D023AEE929790CA500D45DE6 /* ZayavkaVCInteractor.swift in Sources */ = {isa = PBXBuildFile; fileRef = D023AEE829790CA500D45DE6 /* ZayavkaVCInteractor.swift */; };
		D023AEEB29790CAB00D45DE6 /* ZayavkaRouter.swift in Sources */ = {isa = PBXBuildFile; fileRef = D023AEEA29790CAB00D45DE6 /* ZayavkaRouter.swift */; };
		D023AEF12979101F00D45DE6 /* UIViewEXT.swift in Sources */ = {isa = PBXBuildFile; fileRef = D023AEF02979101F00D45DE6 /* UIViewEXT.swift */; };
		D023AEF32979107500D45DE6 /* StringEXT.swift in Sources */ = {isa = PBXBuildFile; fileRef = D023AEF22979107500D45DE6 /* StringEXT.swift */; };
		D023AEF5297910CD00D45DE6 /* UIColorEXT.swift in Sources */ = {isa = PBXBuildFile; fileRef = D023AEF4297910CD00D45DE6 /* UIColorEXT.swift */; };
		D023AEF72979111900D45DE6 /* FloatingTextField.swift in Sources */ = {isa = PBXBuildFile; fileRef = D023AEF62979111900D45DE6 /* FloatingTextField.swift */; };
		D023AEF92979113F00D45DE6 /* HomeHeader.swift in Sources */ = {isa = PBXBuildFile; fileRef = D023AEF82979113F00D45DE6 /* HomeHeader.swift */; };
		D023AEFB297911DB00D45DE6 /* BaseRouter.swift in Sources */ = {isa = PBXBuildFile; fileRef = D023AEFA297911DB00D45DE6 /* BaseRouter.swift */; };
		D023AEFD2979123800D45DE6 /* ViewInstaller.swift in Sources */ = {isa = PBXBuildFile; fileRef = D023AEFC2979123800D45DE6 /* ViewInstaller.swift */; };
		D023AEFF2979124200D45DE6 /* PresentationProtocol.swift in Sources */ = {isa = PBXBuildFile; fileRef = D023AEFE2979124200D45DE6 /* PresentationProtocol.swift */; };
		D023AF01297912DF00D45DE6 /* SchetView.swift in Sources */ = {isa = PBXBuildFile; fileRef = D023AF00297912DF00D45DE6 /* SchetView.swift */; };
		D023AF03297912F100D45DE6 /* MaterialMultilineTextField.swift in Sources */ = {isa = PBXBuildFile; fileRef = D023AF02297912F100D45DE6 /* MaterialMultilineTextField.swift */; };
		D023AF052979136200D45DE6 /* CustomSegmentControl.swift in Sources */ = {isa = PBXBuildFile; fileRef = D023AF042979136200D45DE6 /* CustomSegmentControl.swift */; };
		D025093529702136003DAEE0 /* CalendarDialogController.swift in Sources */ = {isa = PBXBuildFile; fileRef = D025093429702136003DAEE0 /* CalendarDialogController.swift */; };
		D02AEC0529759BAD001A8C9B /* MavjudMablagView.swift in Sources */ = {isa = PBXBuildFile; fileRef = D02AEC0429759BAD001A8C9B /* MavjudMablagView.swift */; };
		D02AEC072975A449001A8C9B /* CustomScrollView.swift in Sources */ = {isa = PBXBuildFile; fileRef = D02AEC062975A449001A8C9B /* CustomScrollView.swift */; };
		D02AEC0929766844001A8C9B /* KartalarTabCell.swift in Sources */ = {isa = PBXBuildFile; fileRef = D02AEC0829766844001A8C9B /* KartalarTabCell.swift */; };
		D02AEC0B29766EE1001A8C9B /* KartalarExpandingView.swift in Sources */ = {isa = PBXBuildFile; fileRef = D02AEC0A29766EE1001A8C9B /* KartalarExpandingView.swift */; };
		D02AEC0D2976AC5D001A8C9B /* FilialAndLocationView.swift in Sources */ = {isa = PBXBuildFile; fileRef = D02AEC0C2976AC5D001A8C9B /* FilialAndLocationView.swift */; };
		D030164B29745DA400377832 /* AqlliUtkazmaVV.swift in Sources */ = {isa = PBXBuildFile; fileRef = D030164A29745DA400377832 /* AqlliUtkazmaVV.swift */; };
		D030164D2975267400377832 /* CustomTXTField.swift in Sources */ = {isa = PBXBuildFile; fileRef = D030164C2975267400377832 /* CustomTXTField.swift */; };
		D030164F2975354300377832 /* ReklamaView.swift in Sources */ = {isa = PBXBuildFile; fileRef = D030164E2975354300377832 /* ReklamaView.swift */; };
		D0362B8E297A5B4200FCF46F /* SchetVC.swift in Sources */ = {isa = PBXBuildFile; fileRef = D0362B8D297A5B4200FCF46F /* SchetVC.swift */; };
		D0362B90297A5B4E00FCF46F /* SchetVCInstaller.swift in Sources */ = {isa = PBXBuildFile; fileRef = D0362B8F297A5B4E00FCF46F /* SchetVCInstaller.swift */; };
		D0362B92297A5B5C00FCF46F /* SchetVCPresenter.swift in Sources */ = {isa = PBXBuildFile; fileRef = D0362B91297A5B5C00FCF46F /* SchetVCPresenter.swift */; };
		D0362B94297A5B6800FCF46F /* SchetVCInteractor.swift in Sources */ = {isa = PBXBuildFile; fileRef = D0362B93297A5B6800FCF46F /* SchetVCInteractor.swift */; };
		D0362B96297A5B7300FCF46F /* SchetVCRouter.swift in Sources */ = {isa = PBXBuildFile; fileRef = D0362B95297A5B7300FCF46F /* SchetVCRouter.swift */; };
		D03E32A82973BF500061025C /* IpotekaVC.swift in Sources */ = {isa = PBXBuildFile; fileRef = D03E32A72973BF500061025C /* IpotekaVC.swift */; };
		D03E32AA2973BF590061025C /* IpotekaVCInstaller.swift in Sources */ = {isa = PBXBuildFile; fileRef = D03E32A92973BF590061025C /* IpotekaVCInstaller.swift */; };
		D03E32AC2973BF620061025C /* IpotekaVCPresenter.swift in Sources */ = {isa = PBXBuildFile; fileRef = D03E32AB2973BF620061025C /* IpotekaVCPresenter.swift */; };
		D03E32AE2973BF6F0061025C /* IpotekaVCInteractor.swift in Sources */ = {isa = PBXBuildFile; fileRef = D03E32AD2973BF6F0061025C /* IpotekaVCInteractor.swift */; };
		D03E32B02973BF770061025C /* IpotekaVCRouter.swift in Sources */ = {isa = PBXBuildFile; fileRef = D03E32AF2973BF770061025C /* IpotekaVCRouter.swift */; };
		D03E32B42973C2800061025C /* HomeHeaderV.swift in Sources */ = {isa = PBXBuildFile; fileRef = D03E32B32973C2800061025C /* HomeHeaderV.swift */; };
		D03E32B62973E9D00061025C /* StoryCollectionViewCell.swift in Sources */ = {isa = PBXBuildFile; fileRef = D03E32B52973E9D00061025C /* StoryCollectionViewCell.swift */; };
		D04184CD296E767F00DCA40C /* AppDelegate.swift in Sources */ = {isa = PBXBuildFile; fileRef = D04184CC296E767F00DCA40C /* AppDelegate.swift */; };
		D04184D4296E767F00DCA40C /* Main.storyboard in Resources */ = {isa = PBXBuildFile; fileRef = D04184D2296E767F00DCA40C /* Main.storyboard */; };
		D04184D6296E768000DCA40C /* Assets.xcassets in Resources */ = {isa = PBXBuildFile; fileRef = D04184D5296E768000DCA40C /* Assets.xcassets */; };
		D04184D9296E768000DCA40C /* LaunchScreen.storyboard in Resources */ = {isa = PBXBuildFile; fileRef = D04184D7296E768000DCA40C /* LaunchScreen.storyboard */; };
		D046B8FF297170170031D14E /* SwipeGestureUSedViewController.swift in Sources */ = {isa = PBXBuildFile; fileRef = D046B8FE297170170031D14E /* SwipeGestureUSedViewController.swift */; };
		D046B902297183590031D14E /* ExpandingView.swift in Sources */ = {isa = PBXBuildFile; fileRef = D046B901297183590031D14E /* ExpandingView.swift */; };
		D046B9052971854B0031D14E /* PaymentConfirmationVC.swift in Sources */ = {isa = PBXBuildFile; fileRef = D046B9042971854B0031D14E /* PaymentConfirmationVC.swift */; };
		D046B9072971855A0031D14E /* PaymentConfirmationInstaller.swift in Sources */ = {isa = PBXBuildFile; fileRef = D046B9062971855A0031D14E /* PaymentConfirmationInstaller.swift */; };
		D046B909297185690031D14E /* PaymentConfirmationPresenter.swift in Sources */ = {isa = PBXBuildFile; fileRef = D046B908297185690031D14E /* PaymentConfirmationPresenter.swift */; };
		D046B90B297185760031D14E /* PaymentConfirmationInteractor.swift in Sources */ = {isa = PBXBuildFile; fileRef = D046B90A297185760031D14E /* PaymentConfirmationInteractor.swift */; };
		D046B90D297185840031D14E /* PaymentConfirmationRouter.swift in Sources */ = {isa = PBXBuildFile; fileRef = D046B90C297185840031D14E /* PaymentConfirmationRouter.swift */; };
		D04B73EF297A6C31001C80DB /* RequiredDataView.swift in Sources */ = {isa = PBXBuildFile; fileRef = D04B73EE297A6C31001C80DB /* RequiredDataView.swift */; };
		D052F900297AB0C200A2953B /* PerevodCardViewCell.swift in Sources */ = {isa = PBXBuildFile; fileRef = D052F8FF297AB0C200A2953B /* PerevodCardViewCell.swift */; };
		D052F903297AB22F00A2953B /* PerevodCardDM.swift in Sources */ = {isa = PBXBuildFile; fileRef = D052F902297AB22F00A2953B /* PerevodCardDM.swift */; };
		D0560989296FE26300C456BB /* StandartOrdersView.swift in Sources */ = {isa = PBXBuildFile; fileRef = D0560982296FE26300C456BB /* StandartOrdersView.swift */; };
		D056098D296FE26300C456BB /* ItemView.swift in Sources */ = {isa = PBXBuildFile; fileRef = D0560986296FE26300C456BB /* ItemView.swift */; };
		D056098F296FE29200C456BB /* BaseViewController.swift in Sources */ = {isa = PBXBuildFile; fileRef = D056098E296FE29200C456BB /* BaseViewController.swift */; };
		D0560991296FE2A000C456BB /* OrdersDataModel.swift in Sources */ = {isa = PBXBuildFile; fileRef = D0560990296FE2A000C456BB /* OrdersDataModel.swift */; };
		D0CF591F297A73BF00082A82 /* SelectedDataDialog.swift in Sources */ = {isa = PBXBuildFile; fileRef = D0CF591E297A73BF00082A82 /* SelectedDataDialog.swift */; };
		D0D47674296FE3230069D9F6 /* HomePlatejiView.swift in Sources */ = {isa = PBXBuildFile; fileRef = D0D4766E296FE3230069D9F6 /* HomePlatejiView.swift */; };
		D0D47675296FE3230069D9F6 /* HomeValyutaCollViewCell.swift in Sources */ = {isa = PBXBuildFile; fileRef = D0D4766F296FE3230069D9F6 /* HomeValyutaCollViewCell.swift */; };
		D0D476AF296FF6BC0069D9F6 /* AnketaVC.swift in Sources */ = {isa = PBXBuildFile; fileRef = D0D476AE296FF6BC0069D9F6 /* AnketaVC.swift */; };
		D0D476B1296FF6CC0069D9F6 /* AnketaInstaller.swift in Sources */ = {isa = PBXBuildFile; fileRef = D0D476B0296FF6CC0069D9F6 /* AnketaInstaller.swift */; };
		D0D476B3296FF6D60069D9F6 /* AnketaPresenter.swift in Sources */ = {isa = PBXBuildFile; fileRef = D0D476B2296FF6D60069D9F6 /* AnketaPresenter.swift */; };
		D0D476B5296FF6E30069D9F6 /* AnketaInteractor.swift in Sources */ = {isa = PBXBuildFile; fileRef = D0D476B4296FF6E30069D9F6 /* AnketaInteractor.swift */; };
		D0D476B7296FF6EE0069D9F6 /* AnketaRouter.swift in Sources */ = {isa = PBXBuildFile; fileRef = D0D476B6296FF6EE0069D9F6 /* AnketaRouter.swift */; };
		D0D476BA296FF9A40069D9F6 /* HomeVC.swift in Sources */ = {isa = PBXBuildFile; fileRef = D0D476B9296FF9A40069D9F6 /* HomeVC.swift */; };
		D0D476BC296FF9D60069D9F6 /* HomeInstaller.swift in Sources */ = {isa = PBXBuildFile; fileRef = D0D476BB296FF9D60069D9F6 /* HomeInstaller.swift */; };
		D0D476BE296FF9EE0069D9F6 /* HomePresenter.swift in Sources */ = {isa = PBXBuildFile; fileRef = D0D476BD296FF9EE0069D9F6 /* HomePresenter.swift */; };
		D0D476C0296FF9F70069D9F6 /* HomeInteractor.swift in Sources */ = {isa = PBXBuildFile; fileRef = D0D476BF296FF9F70069D9F6 /* HomeInteractor.swift */; };
		D0D476C2296FF9FD0069D9F6 /* HomeRouter.swift in Sources */ = {isa = PBXBuildFile; fileRef = D0D476C1296FF9FD0069D9F6 /* HomeRouter.swift */; };
		D0D476C4297011630069D9F6 /* AnketaDM.swift in Sources */ = {isa = PBXBuildFile; fileRef = D0D476C3297011630069D9F6 /* AnketaDM.swift */; };
		D0D476C62970121B0069D9F6 /* AnketaTableViewCell.swift in Sources */ = {isa = PBXBuildFile; fileRef = D0D476C52970121B0069D9F6 /* AnketaTableViewCell.swift */; };
		D0D5FB7C297A67F8004B0833 /* SchetCardView.swift in Sources */ = {isa = PBXBuildFile; fileRef = D0D5FB7B297A67F8004B0833 /* SchetCardView.swift */; };
/* End PBXBuildFile section */

/* Begin PBXFileReference section */
		13FCEF494B80E3E916A71B5A /* Pods-My_MVVM_Project.debug.xcconfig */ = {isa = PBXFileReference; includeInIndex = 1; lastKnownFileType = text.xcconfig; name = "Pods-My_MVVM_Project.debug.xcconfig"; path = "Target Support Files/Pods-My_MVVM_Project/Pods-My_MVVM_Project.debug.xcconfig"; sourceTree = "<group>"; };
		2EAB53FE14A887C6FDACBDE5 /* Pods_My_MVVM_Project.framework */ = {isa = PBXFileReference; explicitFileType = wrapper.framework; includeInIndex = 0; path = Pods_My_MVVM_Project.framework; sourceTree = BUILT_PRODUCTS_DIR; };
		C42094865F5906BA6E37411E /* Pods-My_MVVM_Project.release.xcconfig */ = {isa = PBXFileReference; includeInIndex = 1; lastKnownFileType = text.xcconfig; name = "Pods-My_MVVM_Project.release.xcconfig"; path = "Target Support Files/Pods-My_MVVM_Project/Pods-My_MVVM_Project.release.xcconfig"; sourceTree = "<group>"; };
		D0099208297A5FAD00DE3926 /* BalanceView.swift */ = {isa = PBXFileReference; lastKnownFileType = sourcecode.swift; path = BalanceView.swift; sourceTree = "<group>"; };
		D00ECF2029794DDB00A84439 /* UIButtonEXT.swift */ = {isa = PBXFileReference; lastKnownFileType = sourcecode.swift; path = UIButtonEXT.swift; sourceTree = "<group>"; };
		D00ECF232979514900A84439 /* MainTabBarViewController.swift */ = {isa = PBXFileReference; lastKnownFileType = sourcecode.swift; path = MainTabBarViewController.swift; sourceTree = "<group>"; };
		D01E6D412977BC9F00F8D06A /* ValyutaKursiExpandView.swift */ = {isa = PBXFileReference; lastKnownFileType = sourcecode.swift; path = ValyutaKursiExpandView.swift; sourceTree = "<group>"; };
		D023AE102977CBD300D45DE6 /* ValyutaExpandStackChildView.swift */ = {isa = PBXFileReference; lastKnownFileType = sourcecode.swift; path = ValyutaExpandStackChildView.swift; sourceTree = "<group>"; };
		D023AE132977E54E00D45DE6 /* IpotekaKartalarVCViewController.swift */ = {isa = PBXFileReference; lastKnownFileType = sourcecode.swift; path = IpotekaKartalarVCViewController.swift; sourceTree = "<group>"; };
		D023AE152977E55E00D45DE6 /* IpotekaKartalarInstaller.swift */ = {isa = PBXFileReference; lastKnownFileType = sourcecode.swift; path = IpotekaKartalarInstaller.swift; sourceTree = "<group>"; };
		D023AE172977E5CB00D45DE6 /* IpotekaKartalarPresenter.swift */ = {isa = PBXFileReference; lastKnownFileType = sourcecode.swift; path = IpotekaKartalarPresenter.swift; sourceTree = "<group>"; };
		D023AE192977E5D400D45DE6 /* IpotekaKartalarInteractor.swift */ = {isa = PBXFileReference; lastKnownFileType = sourcecode.swift; path = IpotekaKartalarInteractor.swift; sourceTree = "<group>"; };
		D023AE1B2977E5DE00D45DE6 /* IpotekaKartalarRouter.swift */ = {isa = PBXFileReference; lastKnownFileType = sourcecode.swift; path = IpotekaKartalarRouter.swift; sourceTree = "<group>"; };
		D023AE1E2977FC7A00D45DE6 /* PageView.swift */ = {isa = PBXFileReference; lastKnownFileType = sourcecode.swift; path = PageView.swift; sourceTree = "<group>"; };
		D023AE212977FCAD00D45DE6 /* PageModel.swift */ = {isa = PBXFileReference; lastKnownFileType = sourcecode.swift; path = PageModel.swift; sourceTree = "<group>"; };
		D023AE2329782DAA00D45DE6 /* AboutCardCell.swift */ = {isa = PBXFileReference; lastKnownFileType = sourcecode.swift; path = AboutCardCell.swift; sourceTree = "<group>"; };
		D023AE252978324000D45DE6 /* PageCellModel.swift */ = {isa = PBXFileReference; lastKnownFileType = sourcecode.swift; path = PageCellModel.swift; sourceTree = "<group>"; };
		D023AE3C29783D6700D45DE6 /* SchetaView.swift */ = {isa = PBXFileReference; lastKnownFileType = sourcecode.swift; path = SchetaView.swift; sourceTree = "<group>"; };
		D023AE3F2978407400D45DE6 /* VC.swift */ = {isa = PBXFileReference; lastKnownFileType = sourcecode.swift; path = VC.swift; sourceTree = "<group>"; };
		D023AE412978407D00D45DE6 /* Installer.swift */ = {isa = PBXFileReference; lastKnownFileType = sourcecode.swift; path = Installer.swift; sourceTree = "<group>"; };
		D023AE432978408600D45DE6 /* Presenter.swift */ = {isa = PBXFileReference; lastKnownFileType = sourcecode.swift; path = Presenter.swift; sourceTree = "<group>"; };
		D023AE452978408E00D45DE6 /* Interactor.swift */ = {isa = PBXFileReference; lastKnownFileType = sourcecode.swift; path = Interactor.swift; sourceTree = "<group>"; };
		D023AE472978409300D45DE6 /* Router.swift */ = {isa = PBXFileReference; lastKnownFileType = sourcecode.swift; path = Router.swift; sourceTree = "<group>"; };
		D023AE49297841BD00D45DE6 /* Entity.swift */ = {isa = PBXFileReference; lastKnownFileType = sourcecode.swift; path = Entity.swift; sourceTree = "<group>"; };
		D023AE52297845A300D45DE6 /* SferaVC.swift */ = {isa = PBXFileReference; lastKnownFileType = sourcecode.swift; path = SferaVC.swift; sourceTree = "<group>"; };
		D023AE54297845AC00D45DE6 /* SFERAInstaller.swift */ = {isa = PBXFileReference; lastKnownFileType = sourcecode.swift; path = SFERAInstaller.swift; sourceTree = "<group>"; };
		D023AE56297845B500D45DE6 /* SferaPresenter.swift */ = {isa = PBXFileReference; lastKnownFileType = sourcecode.swift; path = SferaPresenter.swift; sourceTree = "<group>"; };
		D023AE58297845C200D45DE6 /* SferaInteractor.swift */ = {isa = PBXFileReference; lastKnownFileType = sourcecode.swift; path = SferaInteractor.swift; sourceTree = "<group>"; };
		D023AE5A297845C800D45DE6 /* SferaRoutere.swift */ = {isa = PBXFileReference; lastKnownFileType = sourcecode.swift; path = SferaRoutere.swift; sourceTree = "<group>"; };
		D023AE5D2978478300D45DE6 /* NextViewC.swift */ = {isa = PBXFileReference; lastKnownFileType = sourcecode.swift; path = NextViewC.swift; sourceTree = "<group>"; };
		D023AE5F297847AE00D45DE6 /* NextInstaller.swift */ = {isa = PBXFileReference; lastKnownFileType = sourcecode.swift; path = NextInstaller.swift; sourceTree = "<group>"; };
		D023AE61297847BD00D45DE6 /* NextInteractor.swift */ = {isa = PBXFileReference; lastKnownFileType = sourcecode.swift; path = NextInteractor.swift; sourceTree = "<group>"; };
		D023AE63297847C500D45DE6 /* NextPresenter.swift */ = {isa = PBXFileReference; lastKnownFileType = sourcecode.swift; path = NextPresenter.swift; sourceTree = "<group>"; };
		D023AE65297847CD00D45DE6 /* NextRouter.swift */ = {isa = PBXFileReference; lastKnownFileType = sourcecode.swift; path = NextRouter.swift; sourceTree = "<group>"; };
		D023AE68297848C500D45DE6 /* RekvizitVCC.swift */ = {isa = PBXFileReference; lastKnownFileType = sourcecode.swift; path = RekvizitVCC.swift; sourceTree = "<group>"; };
		D023AE6A297848D100D45DE6 /* RekvizitInstaller.swift */ = {isa = PBXFileReference; lastKnownFileType = sourcecode.swift; path = RekvizitInstaller.swift; sourceTree = "<group>"; };
		D023AE6C297848DB00D45DE6 /* RekvizitPresenter.swift */ = {isa = PBXFileReference; lastKnownFileType = sourcecode.swift; path = RekvizitPresenter.swift; sourceTree = "<group>"; };
		D023AE6E297848ED00D45DE6 /* RekvizitInteractor.swift */ = {isa = PBXFileReference; lastKnownFileType = sourcecode.swift; path = RekvizitInteractor.swift; sourceTree = "<group>"; };
		D023AE70297848F900D45DE6 /* RekvizitRouter.swift */ = {isa = PBXFileReference; lastKnownFileType = sourcecode.swift; path = RekvizitRouter.swift; sourceTree = "<group>"; };
		D023AE7229784A2B00D45DE6 /* MaterialMultilinedView.swift */ = {isa = PBXFileReference; lastKnownFileType = sourcecode.swift; path = MaterialMultilinedView.swift; sourceTree = "<group>"; };
		D023AE7529784B5B00D45DE6 /* ServiceVCC.swift */ = {isa = PBXFileReference; lastKnownFileType = sourcecode.swift; path = ServiceVCC.swift; sourceTree = "<group>"; };
		D023AE7729784B6200D45DE6 /* ServiceInstaller.swift */ = {isa = PBXFileReference; lastKnownFileType = sourcecode.swift; path = ServiceInstaller.swift; sourceTree = "<group>"; };
		D023AE7929784B6B00D45DE6 /* ServiceInteractor.swift */ = {isa = PBXFileReference; lastKnownFileType = sourcecode.swift; path = ServiceInteractor.swift; sourceTree = "<group>"; };
		D023AE7B29784B7300D45DE6 /* ServicePresenter.swift */ = {isa = PBXFileReference; lastKnownFileType = sourcecode.swift; path = ServicePresenter.swift; sourceTree = "<group>"; };
		D023AE7D29784B7900D45DE6 /* ServiceRouter.swift */ = {isa = PBXFileReference; lastKnownFileType = sourcecode.swift; path = ServiceRouter.swift; sourceTree = "<group>"; };
		D023AE7F29784BC100D45DE6 /* ProductDataModel.swift */ = {isa = PBXFileReference; lastKnownFileType = sourcecode.swift; path = ProductDataModel.swift; sourceTree = "<group>"; };
		D023AE8129784C0100D45DE6 /* ServiceTabViewCell.swift */ = {isa = PBXFileReference; lastKnownFileType = sourcecode.swift; path = ServiceTabViewCell.swift; sourceTree = "<group>"; };
		D023AE8429784C9400D45DE6 /* KursandValVC.swift */ = {isa = PBXFileReference; lastKnownFileType = sourcecode.swift; path = KursandValVC.swift; sourceTree = "<group>"; };
		D023AE8629784C9F00D45DE6 /* KursandValInstaller.swift */ = {isa = PBXFileReference; lastKnownFileType = sourcecode.swift; path = KursandValInstaller.swift; sourceTree = "<group>"; };
		D023AE8829784CA700D45DE6 /* KursandValInteractor.swift */ = {isa = PBXFileReference; lastKnownFileType = sourcecode.swift; path = KursandValInteractor.swift; sourceTree = "<group>"; };
		D023AE8A29784CAE00D45DE6 /* KursandValPresenter.swift */ = {isa = PBXFileReference; lastKnownFileType = sourcecode.swift; path = KursandValPresenter.swift; sourceTree = "<group>"; };
		D023AE8C29784CB600D45DE6 /* KursandValRouter.swift */ = {isa = PBXFileReference; lastKnownFileType = sourcecode.swift; path = KursandValRouter.swift; sourceTree = "<group>"; };
		D023AE8E29784CF600D45DE6 /* ValyutaModel.swift */ = {isa = PBXFileReference; lastKnownFileType = sourcecode.swift; path = ValyutaModel.swift; sourceTree = "<group>"; };
		D023AE9029784D3500D45DE6 /* DPickerController.swift */ = {isa = PBXFileReference; lastKnownFileType = sourcecode.swift; path = DPickerController.swift; sourceTree = "<group>"; };
		D023AE9229784D7400D45DE6 /* ValyutaTableViewCell.swift */ = {isa = PBXFileReference; lastKnownFileType = sourcecode.swift; path = ValyutaTableViewCell.swift; sourceTree = "<group>"; };
		D023AE9529784E6B00D45DE6 /* SettingVC.swift */ = {isa = PBXFileReference; lastKnownFileType = sourcecode.swift; path = SettingVC.swift; sourceTree = "<group>"; };
		D023AE9729784E7300D45DE6 /* SettingInstaller.swift */ = {isa = PBXFileReference; lastKnownFileType = sourcecode.swift; path = SettingInstaller.swift; sourceTree = "<group>"; };
		D023AE9929784E7B00D45DE6 /* SettingPresenter.swift */ = {isa = PBXFileReference; lastKnownFileType = sourcecode.swift; path = SettingPresenter.swift; sourceTree = "<group>"; };
		D023AE9B29784E8100D45DE6 /* SettingRouter.swift */ = {isa = PBXFileReference; lastKnownFileType = sourcecode.swift; path = SettingRouter.swift; sourceTree = "<group>"; };
		D023AE9D29784E8900D45DE6 /* SettingInteractor.swift */ = {isa = PBXFileReference; lastKnownFileType = sourcecode.swift; path = SettingInteractor.swift; sourceTree = "<group>"; };
		D023AEA02978503E00D45DE6 /* ZayavleniyaiPerevodVCc.swift */ = {isa = PBXFileReference; lastKnownFileType = sourcecode.swift; path = ZayavleniyaiPerevodVCc.swift; sourceTree = "<group>"; };
		D023AEA22978504500D45DE6 /* ZayavleniyaiPerevodVCInstalle.swift */ = {isa = PBXFileReference; lastKnownFileType = sourcecode.swift; path = ZayavleniyaiPerevodVCInstalle.swift; sourceTree = "<group>"; };
		D023AEA42978504D00D45DE6 /* ZayavleniyaiPerevodVCPresenter.swift */ = {isa = PBXFileReference; lastKnownFileType = sourcecode.swift; path = ZayavleniyaiPerevodVCPresenter.swift; sourceTree = "<group>"; };
		D023AEA62978505600D45DE6 /* ZayavleniyaiPerevodVCInteractor.swift */ = {isa = PBXFileReference; lastKnownFileType = sourcecode.swift; path = ZayavleniyaiPerevodVCInteractor.swift; sourceTree = "<group>"; };
		D023AEA82978506300D45DE6 /* ZayavleniyaiPerevodVCRouter.swift */ = {isa = PBXFileReference; lastKnownFileType = sourcecode.swift; path = ZayavleniyaiPerevodVCRouter.swift; sourceTree = "<group>"; };
		D023AEAA297850A200D45DE6 /* CardDM.swift */ = {isa = PBXFileReference; lastKnownFileType = sourcecode.swift; path = CardDM.swift; sourceTree = "<group>"; };
		D023AEAC297850BA00D45DE6 /* ZayavleniyaTableViewCell.swift */ = {isa = PBXFileReference; lastKnownFileType = sourcecode.swift; path = ZayavleniyaTableViewCell.swift; sourceTree = "<group>"; };
		D023AEAF297851A100D45DE6 /* Platejavc.swift */ = {isa = PBXFileReference; lastKnownFileType = sourcecode.swift; path = Platejavc.swift; sourceTree = "<group>"; };
		D023AEB1297851AD00D45DE6 /* PlatejaInstaller.swift */ = {isa = PBXFileReference; lastKnownFileType = sourcecode.swift; path = PlatejaInstaller.swift; sourceTree = "<group>"; };
		D023AEB3297851B600D45DE6 /* PlatejaPresenter.swift */ = {isa = PBXFileReference; lastKnownFileType = sourcecode.swift; path = PlatejaPresenter.swift; sourceTree = "<group>"; };
		D023AEB5297851C100D45DE6 /* PlatejaInteractor.swift */ = {isa = PBXFileReference; lastKnownFileType = sourcecode.swift; path = PlatejaInteractor.swift; sourceTree = "<group>"; };
		D023AEB7297851CC00D45DE6 /* PlatejaRotuer.swift */ = {isa = PBXFileReference; lastKnownFileType = sourcecode.swift; path = PlatejaRotuer.swift; sourceTree = "<group>"; };
		D023AEB92978521700D45DE6 /* ProvedyonView.swift */ = {isa = PBXFileReference; lastKnownFileType = sourcecode.swift; path = ProvedyonView.swift; sourceTree = "<group>"; };
		D023AEBC2978528300D45DE6 /* HisobraqamlarVc.swift */ = {isa = PBXFileReference; lastKnownFileType = sourcecode.swift; path = HisobraqamlarVc.swift; sourceTree = "<group>"; };
		D023AEBE2978528B00D45DE6 /* HisobraqamlarVCIns.swift */ = {isa = PBXFileReference; lastKnownFileType = sourcecode.swift; path = HisobraqamlarVCIns.swift; sourceTree = "<group>"; };
		D023AEC02978529200D45DE6 /* HisobraqamlarVCPRe.swift */ = {isa = PBXFileReference; lastKnownFileType = sourcecode.swift; path = HisobraqamlarVCPRe.swift; sourceTree = "<group>"; };
		D023AEC22978529A00D45DE6 /* HisobraqamlarVCRout.swift */ = {isa = PBXFileReference; lastKnownFileType = sourcecode.swift; path = HisobraqamlarVCRout.swift; sourceTree = "<group>"; };
		D023AEC42978529F00D45DE6 /* HisobraqamlarVCInt.swift */ = {isa = PBXFileReference; lastKnownFileType = sourcecode.swift; path = HisobraqamlarVCInt.swift; sourceTree = "<group>"; };
		D023AEC6297852E800D45DE6 /* CardView.swift */ = {isa = PBXFileReference; lastKnownFileType = sourcecode.swift; path = CardView.swift; sourceTree = "<group>"; };
		D023AEC92978535900D45DE6 /* TestVC.swift */ = {isa = PBXFileReference; lastKnownFileType = sourcecode.swift; path = TestVC.swift; sourceTree = "<group>"; };
		D023AECB2978536D00D45DE6 /* TestVCInstaller.swift */ = {isa = PBXFileReference; lastKnownFileType = sourcecode.swift; path = TestVCInstaller.swift; sourceTree = "<group>"; };
		D023AECD2978537400D45DE6 /* TestVCInteractor.swift */ = {isa = PBXFileReference; lastKnownFileType = sourcecode.swift; path = TestVCInteractor.swift; sourceTree = "<group>"; };
		D023AECF2978537C00D45DE6 /* TestVCPresenter.swift */ = {isa = PBXFileReference; lastKnownFileType = sourcecode.swift; path = TestVCPresenter.swift; sourceTree = "<group>"; };
		D023AED12978538500D45DE6 /* TestVCRouter.swift */ = {isa = PBXFileReference; lastKnownFileType = sourcecode.swift; path = TestVCRouter.swift; sourceTree = "<group>"; };
		D023AED3297853D200D45DE6 /* TezkorUtkazmaView.swift */ = {isa = PBXFileReference; lastKnownFileType = sourcecode.swift; path = TezkorUtkazmaView.swift; sourceTree = "<group>"; };
		D023AED52978546200D45DE6 /* MyButton.swift */ = {isa = PBXFileReference; lastKnownFileType = sourcecode.swift; path = MyButton.swift; sourceTree = "<group>"; };
		D023AED72978548400D45DE6 /* MainOperationview.swift */ = {isa = PBXFileReference; lastKnownFileType = sourcecode.swift; path = MainOperationview.swift; sourceTree = "<group>"; };
		D023AED9297854BD00D45DE6 /* FSPGCell.swift */ = {isa = PBXFileReference; lastKnownFileType = sourcecode.swift; path = FSPGCell.swift; sourceTree = "<group>"; };
		D023AEDB297854D900D45DE6 /* MyTxtField.swift */ = {isa = PBXFileReference; lastKnownFileType = sourcecode.swift; path = MyTxtField.swift; sourceTree = "<group>"; };
		D023AEDD2978550700D45DE6 /* CardVVVVV.swift */ = {isa = PBXFileReference; lastKnownFileType = sourcecode.swift; path = CardVVVVV.swift; sourceTree = "<group>"; };
		D023AEDF2978553200D45DE6 /* MainOperationDM.swift */ = {isa = PBXFileReference; lastKnownFileType = sourcecode.swift; path = MainOperationDM.swift; sourceTree = "<group>"; };
		D023AEE229790C8000D45DE6 /* ZayavkaVC.swift */ = {isa = PBXFileReference; lastKnownFileType = sourcecode.swift; path = ZayavkaVC.swift; sourceTree = "<group>"; };
		D023AEE429790C8A00D45DE6 /* ZayavkaVCInstaller.swift */ = {isa = PBXFileReference; lastKnownFileType = sourcecode.swift; path = ZayavkaVCInstaller.swift; sourceTree = "<group>"; };
		D023AEE629790C9600D45DE6 /* ZayavkaVCPresenter.swift */ = {isa = PBXFileReference; lastKnownFileType = sourcecode.swift; path = ZayavkaVCPresenter.swift; sourceTree = "<group>"; };
		D023AEE829790CA500D45DE6 /* ZayavkaVCInteractor.swift */ = {isa = PBXFileReference; lastKnownFileType = sourcecode.swift; path = ZayavkaVCInteractor.swift; sourceTree = "<group>"; };
		D023AEEA29790CAB00D45DE6 /* ZayavkaRouter.swift */ = {isa = PBXFileReference; lastKnownFileType = sourcecode.swift; path = ZayavkaRouter.swift; sourceTree = "<group>"; };
		D023AEF02979101F00D45DE6 /* UIViewEXT.swift */ = {isa = PBXFileReference; lastKnownFileType = sourcecode.swift; path = UIViewEXT.swift; sourceTree = "<group>"; };
		D023AEF22979107500D45DE6 /* StringEXT.swift */ = {isa = PBXFileReference; lastKnownFileType = sourcecode.swift; path = StringEXT.swift; sourceTree = "<group>"; };
		D023AEF4297910CD00D45DE6 /* UIColorEXT.swift */ = {isa = PBXFileReference; lastKnownFileType = sourcecode.swift; path = UIColorEXT.swift; sourceTree = "<group>"; };
		D023AEF62979111900D45DE6 /* FloatingTextField.swift */ = {isa = PBXFileReference; lastKnownFileType = sourcecode.swift; path = FloatingTextField.swift; sourceTree = "<group>"; };
		D023AEF82979113F00D45DE6 /* HomeHeader.swift */ = {isa = PBXFileReference; lastKnownFileType = sourcecode.swift; path = HomeHeader.swift; sourceTree = "<group>"; };
		D023AEFA297911DB00D45DE6 /* BaseRouter.swift */ = {isa = PBXFileReference; lastKnownFileType = sourcecode.swift; path = BaseRouter.swift; sourceTree = "<group>"; };
		D023AEFC2979123800D45DE6 /* ViewInstaller.swift */ = {isa = PBXFileReference; lastKnownFileType = sourcecode.swift; path = ViewInstaller.swift; sourceTree = "<group>"; };
		D023AEFE2979124200D45DE6 /* PresentationProtocol.swift */ = {isa = PBXFileReference; lastKnownFileType = sourcecode.swift; path = PresentationProtocol.swift; sourceTree = "<group>"; };
		D023AF00297912DF00D45DE6 /* SchetView.swift */ = {isa = PBXFileReference; lastKnownFileType = sourcecode.swift; path = SchetView.swift; sourceTree = "<group>"; };
		D023AF02297912F100D45DE6 /* MaterialMultilineTextField.swift */ = {isa = PBXFileReference; lastKnownFileType = sourcecode.swift; path = MaterialMultilineTextField.swift; sourceTree = "<group>"; };
		D023AF042979136200D45DE6 /* CustomSegmentControl.swift */ = {isa = PBXFileReference; lastKnownFileType = sourcecode.swift; path = CustomSegmentControl.swift; sourceTree = "<group>"; };
		D025093429702136003DAEE0 /* CalendarDialogController.swift */ = {isa = PBXFileReference; lastKnownFileType = sourcecode.swift; path = CalendarDialogController.swift; sourceTree = "<group>"; };
		D02AEC0429759BAD001A8C9B /* MavjudMablagView.swift */ = {isa = PBXFileReference; lastKnownFileType = sourcecode.swift; path = MavjudMablagView.swift; sourceTree = "<group>"; };
		D02AEC062975A449001A8C9B /* CustomScrollView.swift */ = {isa = PBXFileReference; lastKnownFileType = sourcecode.swift; path = CustomScrollView.swift; sourceTree = "<group>"; };
		D02AEC0829766844001A8C9B /* KartalarTabCell.swift */ = {isa = PBXFileReference; lastKnownFileType = sourcecode.swift; path = KartalarTabCell.swift; sourceTree = "<group>"; };
		D02AEC0A29766EE1001A8C9B /* KartalarExpandingView.swift */ = {isa = PBXFileReference; lastKnownFileType = sourcecode.swift; path = KartalarExpandingView.swift; sourceTree = "<group>"; };
		D02AEC0C2976AC5D001A8C9B /* FilialAndLocationView.swift */ = {isa = PBXFileReference; lastKnownFileType = sourcecode.swift; path = FilialAndLocationView.swift; sourceTree = "<group>"; };
		D030164A29745DA400377832 /* AqlliUtkazmaVV.swift */ = {isa = PBXFileReference; lastKnownFileType = sourcecode.swift; path = AqlliUtkazmaVV.swift; sourceTree = "<group>"; };
		D030164C2975267400377832 /* CustomTXTField.swift */ = {isa = PBXFileReference; lastKnownFileType = sourcecode.swift; path = CustomTXTField.swift; sourceTree = "<group>"; };
		D030164E2975354300377832 /* ReklamaView.swift */ = {isa = PBXFileReference; lastKnownFileType = sourcecode.swift; path = ReklamaView.swift; sourceTree = "<group>"; };
		D0362B8D297A5B4200FCF46F /* SchetVC.swift */ = {isa = PBXFileReference; lastKnownFileType = sourcecode.swift; path = SchetVC.swift; sourceTree = "<group>"; };
		D0362B8F297A5B4E00FCF46F /* SchetVCInstaller.swift */ = {isa = PBXFileReference; lastKnownFileType = sourcecode.swift; path = SchetVCInstaller.swift; sourceTree = "<group>"; };
		D0362B91297A5B5C00FCF46F /* SchetVCPresenter.swift */ = {isa = PBXFileReference; lastKnownFileType = sourcecode.swift; path = SchetVCPresenter.swift; sourceTree = "<group>"; };
		D0362B93297A5B6800FCF46F /* SchetVCInteractor.swift */ = {isa = PBXFileReference; lastKnownFileType = sourcecode.swift; path = SchetVCInteractor.swift; sourceTree = "<group>"; };
		D0362B95297A5B7300FCF46F /* SchetVCRouter.swift */ = {isa = PBXFileReference; lastKnownFileType = sourcecode.swift; path = SchetVCRouter.swift; sourceTree = "<group>"; };
		D03E32A72973BF500061025C /* IpotekaVC.swift */ = {isa = PBXFileReference; lastKnownFileType = sourcecode.swift; path = IpotekaVC.swift; sourceTree = "<group>"; };
		D03E32A92973BF590061025C /* IpotekaVCInstaller.swift */ = {isa = PBXFileReference; lastKnownFileType = sourcecode.swift; path = IpotekaVCInstaller.swift; sourceTree = "<group>"; };
		D03E32AB2973BF620061025C /* IpotekaVCPresenter.swift */ = {isa = PBXFileReference; lastKnownFileType = sourcecode.swift; path = IpotekaVCPresenter.swift; sourceTree = "<group>"; };
		D03E32AD2973BF6F0061025C /* IpotekaVCInteractor.swift */ = {isa = PBXFileReference; lastKnownFileType = sourcecode.swift; path = IpotekaVCInteractor.swift; sourceTree = "<group>"; };
		D03E32AF2973BF770061025C /* IpotekaVCRouter.swift */ = {isa = PBXFileReference; lastKnownFileType = sourcecode.swift; path = IpotekaVCRouter.swift; sourceTree = "<group>"; };
		D03E32B32973C2800061025C /* HomeHeaderV.swift */ = {isa = PBXFileReference; lastKnownFileType = sourcecode.swift; path = HomeHeaderV.swift; sourceTree = "<group>"; };
		D03E32B52973E9D00061025C /* StoryCollectionViewCell.swift */ = {isa = PBXFileReference; lastKnownFileType = sourcecode.swift; path = StoryCollectionViewCell.swift; sourceTree = "<group>"; };
		D04184C9296E767F00DCA40C /* My_MVVM_Project.app */ = {isa = PBXFileReference; explicitFileType = wrapper.application; includeInIndex = 0; path = My_MVVM_Project.app; sourceTree = BUILT_PRODUCTS_DIR; };
		D04184CC296E767F00DCA40C /* AppDelegate.swift */ = {isa = PBXFileReference; lastKnownFileType = sourcecode.swift; path = AppDelegate.swift; sourceTree = "<group>"; };
		D04184D3296E767F00DCA40C /* Base */ = {isa = PBXFileReference; lastKnownFileType = file.storyboard; name = Base; path = Base.lproj/Main.storyboard; sourceTree = "<group>"; };
		D04184D5296E768000DCA40C /* Assets.xcassets */ = {isa = PBXFileReference; lastKnownFileType = folder.assetcatalog; path = Assets.xcassets; sourceTree = "<group>"; };
		D04184D8296E768000DCA40C /* Base */ = {isa = PBXFileReference; lastKnownFileType = file.storyboard; name = Base; path = Base.lproj/LaunchScreen.storyboard; sourceTree = "<group>"; };
		D04184DA296E768000DCA40C /* Info.plist */ = {isa = PBXFileReference; lastKnownFileType = text.plist.xml; path = Info.plist; sourceTree = "<group>"; };
		D046B8FE297170170031D14E /* SwipeGestureUSedViewController.swift */ = {isa = PBXFileReference; lastKnownFileType = sourcecode.swift; path = SwipeGestureUSedViewController.swift; sourceTree = "<group>"; };
		D046B901297183590031D14E /* ExpandingView.swift */ = {isa = PBXFileReference; lastKnownFileType = sourcecode.swift; path = ExpandingView.swift; sourceTree = "<group>"; };
		D046B9042971854B0031D14E /* PaymentConfirmationVC.swift */ = {isa = PBXFileReference; lastKnownFileType = sourcecode.swift; path = PaymentConfirmationVC.swift; sourceTree = "<group>"; };
		D046B9062971855A0031D14E /* PaymentConfirmationInstaller.swift */ = {isa = PBXFileReference; lastKnownFileType = sourcecode.swift; path = PaymentConfirmationInstaller.swift; sourceTree = "<group>"; };
		D046B908297185690031D14E /* PaymentConfirmationPresenter.swift */ = {isa = PBXFileReference; lastKnownFileType = sourcecode.swift; path = PaymentConfirmationPresenter.swift; sourceTree = "<group>"; };
		D046B90A297185760031D14E /* PaymentConfirmationInteractor.swift */ = {isa = PBXFileReference; lastKnownFileType = sourcecode.swift; path = PaymentConfirmationInteractor.swift; sourceTree = "<group>"; };
		D046B90C297185840031D14E /* PaymentConfirmationRouter.swift */ = {isa = PBXFileReference; lastKnownFileType = sourcecode.swift; path = PaymentConfirmationRouter.swift; sourceTree = "<group>"; };
		D04B73EE297A6C31001C80DB /* RequiredDataView.swift */ = {isa = PBXFileReference; lastKnownFileType = sourcecode.swift; path = RequiredDataView.swift; sourceTree = "<group>"; };
		D052F8FF297AB0C200A2953B /* PerevodCardViewCell.swift */ = {isa = PBXFileReference; lastKnownFileType = sourcecode.swift; path = PerevodCardViewCell.swift; sourceTree = "<group>"; };
		D052F902297AB22F00A2953B /* PerevodCardDM.swift */ = {isa = PBXFileReference; lastKnownFileType = sourcecode.swift; path = PerevodCardDM.swift; sourceTree = "<group>"; };
		D0560982296FE26300C456BB /* StandartOrdersView.swift */ = {isa = PBXFileReference; fileEncoding = 4; lastKnownFileType = sourcecode.swift; name = StandartOrdersView.swift; path = ../../TengeTestTemplate/TengeTestTemplate/StandartOrdersView.swift; sourceTree = "<group>"; };
		D0560986296FE26300C456BB /* ItemView.swift */ = {isa = PBXFileReference; fileEncoding = 4; lastKnownFileType = sourcecode.swift; name = ItemView.swift; path = ../../TengeTestTemplate/TengeTestTemplate/ItemView.swift; sourceTree = "<group>"; };
		D056098E296FE29200C456BB /* BaseViewController.swift */ = {isa = PBXFileReference; fileEncoding = 4; lastKnownFileType = sourcecode.swift; name = BaseViewController.swift; path = ../../MyViperProject/MyViperProject/SettingMenuViewController/BaseViewController.swift; sourceTree = "<group>"; };
		D0560990296FE2A000C456BB /* OrdersDataModel.swift */ = {isa = PBXFileReference; fileEncoding = 4; lastKnownFileType = sourcecode.swift; name = OrdersDataModel.swift; path = ../../MyViperProject/MyViperProject/SettingMenuViewController/Entity/OrdersDataModel.swift; sourceTree = "<group>"; };
		D0CF591E297A73BF00082A82 /* SelectedDataDialog.swift */ = {isa = PBXFileReference; lastKnownFileType = sourcecode.swift; path = SelectedDataDialog.swift; sourceTree = "<group>"; };
		D0D4766E296FE3230069D9F6 /* HomePlatejiView.swift */ = {isa = PBXFileReference; fileEncoding = 4; lastKnownFileType = sourcecode.swift; name = HomePlatejiView.swift; path = ../../MyViperProject/MyViperProject/CustomViews/Home/HomePlatejiView.swift; sourceTree = "<group>"; };
		D0D4766F296FE3230069D9F6 /* HomeValyutaCollViewCell.swift */ = {isa = PBXFileReference; fileEncoding = 4; lastKnownFileType = sourcecode.swift; name = HomeValyutaCollViewCell.swift; path = ../../MyViperProject/MyViperProject/CustomViews/Home/HomeValyutaCollViewCell.swift; sourceTree = "<group>"; };
		D0D476AE296FF6BC0069D9F6 /* AnketaVC.swift */ = {isa = PBXFileReference; lastKnownFileType = sourcecode.swift; path = AnketaVC.swift; sourceTree = "<group>"; };
		D0D476B0296FF6CC0069D9F6 /* AnketaInstaller.swift */ = {isa = PBXFileReference; lastKnownFileType = sourcecode.swift; path = AnketaInstaller.swift; sourceTree = "<group>"; };
		D0D476B2296FF6D60069D9F6 /* AnketaPresenter.swift */ = {isa = PBXFileReference; lastKnownFileType = sourcecode.swift; path = AnketaPresenter.swift; sourceTree = "<group>"; };
		D0D476B4296FF6E30069D9F6 /* AnketaInteractor.swift */ = {isa = PBXFileReference; lastKnownFileType = sourcecode.swift; path = AnketaInteractor.swift; sourceTree = "<group>"; };
		D0D476B6296FF6EE0069D9F6 /* AnketaRouter.swift */ = {isa = PBXFileReference; lastKnownFileType = sourcecode.swift; path = AnketaRouter.swift; sourceTree = "<group>"; };
		D0D476B9296FF9A40069D9F6 /* HomeVC.swift */ = {isa = PBXFileReference; lastKnownFileType = sourcecode.swift; path = HomeVC.swift; sourceTree = "<group>"; };
		D0D476BB296FF9D60069D9F6 /* HomeInstaller.swift */ = {isa = PBXFileReference; lastKnownFileType = sourcecode.swift; path = HomeInstaller.swift; sourceTree = "<group>"; };
		D0D476BD296FF9EE0069D9F6 /* HomePresenter.swift */ = {isa = PBXFileReference; lastKnownFileType = sourcecode.swift; path = HomePresenter.swift; sourceTree = "<group>"; };
		D0D476BF296FF9F70069D9F6 /* HomeInteractor.swift */ = {isa = PBXFileReference; lastKnownFileType = sourcecode.swift; path = HomeInteractor.swift; sourceTree = "<group>"; };
		D0D476C1296FF9FD0069D9F6 /* HomeRouter.swift */ = {isa = PBXFileReference; lastKnownFileType = sourcecode.swift; path = HomeRouter.swift; sourceTree = "<group>"; };
		D0D476C3297011630069D9F6 /* AnketaDM.swift */ = {isa = PBXFileReference; lastKnownFileType = sourcecode.swift; path = AnketaDM.swift; sourceTree = "<group>"; };
		D0D476C52970121B0069D9F6 /* AnketaTableViewCell.swift */ = {isa = PBXFileReference; lastKnownFileType = sourcecode.swift; path = AnketaTableViewCell.swift; sourceTree = "<group>"; };
		D0D5FB7B297A67F8004B0833 /* SchetCardView.swift */ = {isa = PBXFileReference; lastKnownFileType = sourcecode.swift; path = SchetCardView.swift; sourceTree = "<group>"; };
/* End PBXFileReference section */

/* Begin PBXFrameworksBuildPhase section */
		D04184C6296E767F00DCA40C /* Frameworks */ = {
			isa = PBXFrameworksBuildPhase;
			buildActionMask = 2147483647;
			files = (
				A7B14E0BC1D6D758C0B476C2 /* Pods_My_MVVM_Project.framework in Frameworks */,
			);
			runOnlyForDeploymentPostprocessing = 0;
		};
/* End PBXFrameworksBuildPhase section */

/* Begin PBXGroup section */
		15C5FB36AA21CED5EB744EC2 /* Frameworks */ = {
			isa = PBXGroup;
			children = (
				2EAB53FE14A887C6FDACBDE5 /* Pods_My_MVVM_Project.framework */,
			);
			name = Frameworks;
			sourceTree = "<group>";
		};
		2A0271A083B347E85D68F050 /* Pods */ = {
			isa = PBXGroup;
			children = (
				13FCEF494B80E3E916A71B5A /* Pods-My_MVVM_Project.debug.xcconfig */,
				C42094865F5906BA6E37411E /* Pods-My_MVVM_Project.release.xcconfig */,
			);
			path = Pods;
			sourceTree = "<group>";
		};
		D0099207297A5F7E00DE3926 /* CustomViews */ = {
			isa = PBXGroup;
			children = (
				D0099208297A5FAD00DE3926 /* BalanceView.swift */,
				D0D5FB7B297A67F8004B0833 /* SchetCardView.swift */,
				D04B73EE297A6C31001C80DB /* RequiredDataView.swift */,
				D0CF591E297A73BF00082A82 /* SelectedDataDialog.swift */,
				D052F8FF297AB0C200A2953B /* PerevodCardViewCell.swift */,
			);
			path = CustomViews;
			sourceTree = "<group>";
		};
		D00ECF222979512100A84439 /* MainTabBarVC */ = {
			isa = PBXGroup;
			children = (
				D00ECF232979514900A84439 /* MainTabBarViewController.swift */,
			);
			path = MainTabBarVC;
			sourceTree = "<group>";
		};
		D023AE122977E52400D45DE6 /* IpotekaKartalarVC */ = {
			isa = PBXGroup;
			children = (
				D023AE202977FC9B00D45DE6 /* Entity */,
				D023AE1D2977FC5300D45DE6 /* CustomViews */,
				D023AE132977E54E00D45DE6 /* IpotekaKartalarVCViewController.swift */,
				D023AE152977E55E00D45DE6 /* IpotekaKartalarInstaller.swift */,
				D023AE172977E5CB00D45DE6 /* IpotekaKartalarPresenter.swift */,
				D023AE192977E5D400D45DE6 /* IpotekaKartalarInteractor.swift */,
				D023AE1B2977E5DE00D45DE6 /* IpotekaKartalarRouter.swift */,
			);
			path = IpotekaKartalarVC;
			sourceTree = "<group>";
		};
		D023AE1D2977FC5300D45DE6 /* CustomViews */ = {
			isa = PBXGroup;
			children = (
				D023AE1E2977FC7A00D45DE6 /* PageView.swift */,
				D023AE2329782DAA00D45DE6 /* AboutCardCell.swift */,
			);
			path = CustomViews;
			sourceTree = "<group>";
		};
		D023AE202977FC9B00D45DE6 /* Entity */ = {
			isa = PBXGroup;
			children = (
				D023AE212977FCAD00D45DE6 /* PageModel.swift */,
				D023AE252978324000D45DE6 /* PageCellModel.swift */,
			);
			path = Entity;
			sourceTree = "<group>";
		};
		D023AE3B29783D5400D45DE6 /* CVC */ = {
			isa = PBXGroup;
			children = (
				D023AE3C29783D6700D45DE6 /* SchetaView.swift */,
				D023AE7229784A2B00D45DE6 /* MaterialMultilinedView.swift */,
			);
			path = CVC;
			sourceTree = "<group>";
		};
		D023AE3E2978402000D45DE6 /* MyViewController */ = {
			isa = PBXGroup;
			children = (
				D023AE3F2978407400D45DE6 /* VC.swift */,
				D023AE412978407D00D45DE6 /* Installer.swift */,
				D023AE432978408600D45DE6 /* Presenter.swift */,
				D023AE452978408E00D45DE6 /* Interactor.swift */,
				D023AE472978409300D45DE6 /* Router.swift */,
				D023AE49297841BD00D45DE6 /* Entity.swift */,
			);
			path = MyViewController;
			sourceTree = "<group>";
		};
		D023AE512978459100D45DE6 /* SferaDeyatelnostVC */ = {
			isa = PBXGroup;
			children = (
				D023AE52297845A300D45DE6 /* SferaVC.swift */,
				D023AE54297845AC00D45DE6 /* SFERAInstaller.swift */,
				D023AE56297845B500D45DE6 /* SferaPresenter.swift */,
				D023AE58297845C200D45DE6 /* SferaInteractor.swift */,
				D023AE5A297845C800D45DE6 /* SferaRoutere.swift */,
			);
			path = SferaDeyatelnostVC;
			sourceTree = "<group>";
		};
		D023AE5C2978476E00D45DE6 /* NextVC */ = {
			isa = PBXGroup;
			children = (
				D023AE5D2978478300D45DE6 /* NextViewC.swift */,
				D023AE5F297847AE00D45DE6 /* NextInstaller.swift */,
				D023AE61297847BD00D45DE6 /* NextInteractor.swift */,
				D023AE63297847C500D45DE6 /* NextPresenter.swift */,
				D023AE65297847CD00D45DE6 /* NextRouter.swift */,
			);
			path = NextVC;
			sourceTree = "<group>";
		};
		D023AE67297848AC00D45DE6 /* RekvizitVC */ = {
			isa = PBXGroup;
			children = (
				D023AE68297848C500D45DE6 /* RekvizitVCC.swift */,
				D023AE6A297848D100D45DE6 /* RekvizitInstaller.swift */,
				D023AE6C297848DB00D45DE6 /* RekvizitPresenter.swift */,
				D023AE6E297848ED00D45DE6 /* RekvizitInteractor.swift */,
				D023AE70297848F900D45DE6 /* RekvizitRouter.swift */,
			);
			path = RekvizitVC;
			sourceTree = "<group>";
		};
		D023AE7429784B3D00D45DE6 /* ServiceVC */ = {
			isa = PBXGroup;
			children = (
				D023AE7529784B5B00D45DE6 /* ServiceVCC.swift */,
				D023AE7729784B6200D45DE6 /* ServiceInstaller.swift */,
				D023AE7929784B6B00D45DE6 /* ServiceInteractor.swift */,
				D023AE7B29784B7300D45DE6 /* ServicePresenter.swift */,
				D023AE7D29784B7900D45DE6 /* ServiceRouter.swift */,
				D023AE7F29784BC100D45DE6 /* ProductDataModel.swift */,
				D023AE8129784C0100D45DE6 /* ServiceTabViewCell.swift */,
			);
			path = ServiceVC;
			sourceTree = "<group>";
		};
		D023AE8329784C7B00D45DE6 /* KursandValyutaVC */ = {
			isa = PBXGroup;
			children = (
				D023AE8429784C9400D45DE6 /* KursandValVC.swift */,
				D023AE8629784C9F00D45DE6 /* KursandValInstaller.swift */,
				D023AE8829784CA700D45DE6 /* KursandValInteractor.swift */,
				D023AE8A29784CAE00D45DE6 /* KursandValPresenter.swift */,
				D023AE8C29784CB600D45DE6 /* KursandValRouter.swift */,
				D023AE8E29784CF600D45DE6 /* ValyutaModel.swift */,
				D023AE9029784D3500D45DE6 /* DPickerController.swift */,
				D023AE9229784D7400D45DE6 /* ValyutaTableViewCell.swift */,
			);
			path = KursandValyutaVC;
			sourceTree = "<group>";
		};
		D023AE9429784E6000D45DE6 /* Settingvc */ = {
			isa = PBXGroup;
			children = (
				D023AE9529784E6B00D45DE6 /* SettingVC.swift */,
				D023AE9729784E7300D45DE6 /* SettingInstaller.swift */,
				D023AE9929784E7B00D45DE6 /* SettingPresenter.swift */,
				D023AE9B29784E8100D45DE6 /* SettingRouter.swift */,
				D023AE9D29784E8900D45DE6 /* SettingInteractor.swift */,
			);
			path = Settingvc;
			sourceTree = "<group>";
		};
		D023AE9F2978503400D45DE6 /* ZayavleniyaiPerevodVC */ = {
			isa = PBXGroup;
			children = (
				D023AEA02978503E00D45DE6 /* ZayavleniyaiPerevodVCc.swift */,
				D023AEA22978504500D45DE6 /* ZayavleniyaiPerevodVCInstalle.swift */,
				D023AEA42978504D00D45DE6 /* ZayavleniyaiPerevodVCPresenter.swift */,
				D023AEA62978505600D45DE6 /* ZayavleniyaiPerevodVCInteractor.swift */,
				D023AEA82978506300D45DE6 /* ZayavleniyaiPerevodVCRouter.swift */,
				D023AEAA297850A200D45DE6 /* CardDM.swift */,
				D023AEAC297850BA00D45DE6 /* ZayavleniyaTableViewCell.swift */,
			);
			path = ZayavleniyaiPerevodVC;
			sourceTree = "<group>";
		};
		D023AEAE2978518400D45DE6 /* PlatejaVC */ = {
			isa = PBXGroup;
			children = (
				D023AEAF297851A100D45DE6 /* Platejavc.swift */,
				D023AEB1297851AD00D45DE6 /* PlatejaInstaller.swift */,
				D023AEB3297851B600D45DE6 /* PlatejaPresenter.swift */,
				D023AEB5297851C100D45DE6 /* PlatejaInteractor.swift */,
				D023AEB7297851CC00D45DE6 /* PlatejaRotuer.swift */,
				D023AEB92978521700D45DE6 /* ProvedyonView.swift */,
			);
			path = PlatejaVC;
			sourceTree = "<group>";
		};
		D023AEBB2978527400D45DE6 /* HisobraqamlarVC */ = {
			isa = PBXGroup;
			children = (
				D023AEBC2978528300D45DE6 /* HisobraqamlarVc.swift */,
				D023AEBE2978528B00D45DE6 /* HisobraqamlarVCIns.swift */,
				D023AEC02978529200D45DE6 /* HisobraqamlarVCPRe.swift */,
				D023AEC22978529A00D45DE6 /* HisobraqamlarVCRout.swift */,
				D023AEC42978529F00D45DE6 /* HisobraqamlarVCInt.swift */,
				D023AEC6297852E800D45DE6 /* CardView.swift */,
			);
			path = HisobraqamlarVC;
			sourceTree = "<group>";
		};
		D023AEC82978534C00D45DE6 /* Test */ = {
			isa = PBXGroup;
			children = (
				D023AEC92978535900D45DE6 /* TestVC.swift */,
				D023AECB2978536D00D45DE6 /* TestVCInstaller.swift */,
				D023AECD2978537400D45DE6 /* TestVCInteractor.swift */,
				D023AECF2978537C00D45DE6 /* TestVCPresenter.swift */,
				D023AED12978538500D45DE6 /* TestVCRouter.swift */,
				D023AED3297853D200D45DE6 /* TezkorUtkazmaView.swift */,
				D023AED52978546200D45DE6 /* MyButton.swift */,
				D023AED72978548400D45DE6 /* MainOperationview.swift */,
				D023AED9297854BD00D45DE6 /* FSPGCell.swift */,
				D023AEDB297854D900D45DE6 /* MyTxtField.swift */,
				D023AEDD2978550700D45DE6 /* CardVVVVV.swift */,
				D023AEDF2978553200D45DE6 /* MainOperationDM.swift */,
			);
			path = Test;
			sourceTree = "<group>";
		};
		D023AEE129790C5E00D45DE6 /* ZayavkaViewController */ = {
			isa = PBXGroup;
			children = (
				D023AEE229790C8000D45DE6 /* ZayavkaVC.swift */,
				D023AEE429790C8A00D45DE6 /* ZayavkaVCInstaller.swift */,
				D023AEE629790C9600D45DE6 /* ZayavkaVCPresenter.swift */,
				D023AEE829790CA500D45DE6 /* ZayavkaVCInteractor.swift */,
				D023AEEA29790CAB00D45DE6 /* ZayavkaRouter.swift */,
			);
			path = ZayavkaViewController;
			sourceTree = "<group>";
		};
		D023AEEC29790FC600D45DE6 /* Extensions */ = {
			isa = PBXGroup;
			children = (
				D023AEF02979101F00D45DE6 /* UIViewEXT.swift */,
				D023AEF22979107500D45DE6 /* StringEXT.swift */,
				D023AEF4297910CD00D45DE6 /* UIColorEXT.swift */,
				D00ECF2029794DDB00A84439 /* UIButtonEXT.swift */,
			);
			path = Extensions;
			sourceTree = "<group>";
		};
		D0362B8C297A5B1E00FCF46F /* SchetViewController */ = {
			isa = PBXGroup;
			children = (
				D052F901297AB21B00A2953B /* Entity */,
				D0099207297A5F7E00DE3926 /* CustomViews */,
				D0362B8D297A5B4200FCF46F /* SchetVC.swift */,
				D0362B8F297A5B4E00FCF46F /* SchetVCInstaller.swift */,
				D0362B91297A5B5C00FCF46F /* SchetVCPresenter.swift */,
				D0362B93297A5B6800FCF46F /* SchetVCInteractor.swift */,
				D0362B95297A5B7300FCF46F /* SchetVCRouter.swift */,
			);
			path = SchetViewController;
			sourceTree = "<group>";
		};
		D03E32A62973BF2D0061025C /* IpotekaRetailHomeVC */ = {
			isa = PBXGroup;
			children = (
				D03E32B22973C2500061025C /* CustomCells */,
				D03E32B12973C2340061025C /* CustomVC */,
				D03E32A72973BF500061025C /* IpotekaVC.swift */,
				D03E32A92973BF590061025C /* IpotekaVCInstaller.swift */,
				D03E32AB2973BF620061025C /* IpotekaVCPresenter.swift */,
				D03E32AD2973BF6F0061025C /* IpotekaVCInteractor.swift */,
				D03E32AF2973BF770061025C /* IpotekaVCRouter.swift */,
			);
			path = IpotekaRetailHomeVC;
			sourceTree = "<group>";
		};
		D03E32B12973C2340061025C /* CustomVC */ = {
			isa = PBXGroup;
			children = (
				D03E32B32973C2800061025C /* HomeHeaderV.swift */,
				D030164A29745DA400377832 /* AqlliUtkazmaVV.swift */,
				D030164C2975267400377832 /* CustomTXTField.swift */,
				D030164E2975354300377832 /* ReklamaView.swift */,
				D02AEC0429759BAD001A8C9B /* MavjudMablagView.swift */,
				D02AEC062975A449001A8C9B /* CustomScrollView.swift */,
				D02AEC0C2976AC5D001A8C9B /* FilialAndLocationView.swift */,
				D023AE102977CBD300D45DE6 /* ValyutaExpandStackChildView.swift */,
			);
			path = CustomVC;
			sourceTree = "<group>";
		};
		D03E32B22973C2500061025C /* CustomCells */ = {
			isa = PBXGroup;
			children = (
				D03E32B52973E9D00061025C /* StoryCollectionViewCell.swift */,
				D02AEC0829766844001A8C9B /* KartalarTabCell.swift */,
			);
			path = CustomCells;
			sourceTree = "<group>";
		};
		D04184C0296E767F00DCA40C = {
			isa = PBXGroup;
			children = (
				D04184CB296E767F00DCA40C /* My_MVVM_Project */,
				D04184CA296E767F00DCA40C /* Products */,
				2A0271A083B347E85D68F050 /* Pods */,
				15C5FB36AA21CED5EB744EC2 /* Frameworks */,
			);
			sourceTree = "<group>";
		};
		D04184CA296E767F00DCA40C /* Products */ = {
			isa = PBXGroup;
			children = (
				D04184C9296E767F00DCA40C /* My_MVVM_Project.app */,
			);
			name = Products;
			sourceTree = "<group>";
		};
		D04184CB296E767F00DCA40C /* My_MVVM_Project */ = {
			isa = PBXGroup;
			children = (
				D0362B8C297A5B1E00FCF46F /* SchetViewController */,
				D00ECF222979512100A84439 /* MainTabBarVC */,
				D023AEE129790C5E00D45DE6 /* ZayavkaViewController */,
				D023AEC82978534C00D45DE6 /* Test */,
				D023AEBB2978527400D45DE6 /* HisobraqamlarVC */,
				D023AEAE2978518400D45DE6 /* PlatejaVC */,
				D023AE9F2978503400D45DE6 /* ZayavleniyaiPerevodVC */,
				D023AE9429784E6000D45DE6 /* Settingvc */,
				D023AE8329784C7B00D45DE6 /* KursandValyutaVC */,
				D023AE7429784B3D00D45DE6 /* ServiceVC */,
				D023AE67297848AC00D45DE6 /* RekvizitVC */,
				D023AE5C2978476E00D45DE6 /* NextVC */,
				D023AE512978459100D45DE6 /* SferaDeyatelnostVC */,
				D023AE3E2978402000D45DE6 /* MyViewController */,
				D023AE3B29783D5400D45DE6 /* CVC */,
				D023AE122977E52400D45DE6 /* IpotekaKartalarVC */,
				D03E32A62973BF2D0061025C /* IpotekaRetailHomeVC */,
				D046B9032971852A0031D14E /* PaymentConfirmations */,
				D046B900297183460031D14E /* CustomViews */,
				D0D476B8296FF98C0069D9F6 /* HomeVC */,
				D0D476AD296FF1EF0069D9F6 /* AnketaVC */,
				D0D47691296FED960069D9F6 /* ViperExtension */,
				D056098E296FE29200C456BB /* BaseViewController.swift */,
				D023AEEC29790FC600D45DE6 /* Extensions */,
				D0D4766E296FE3230069D9F6 /* HomePlatejiView.swift */,
				D0D4766F296FE3230069D9F6 /* HomeValyutaCollViewCell.swift */,
				D0560986296FE26300C456BB /* ItemView.swift */,
				D0560990296FE2A000C456BB /* OrdersDataModel.swift */,
				D0560982296FE26300C456BB /* StandartOrdersView.swift */,
				D04184E4296E79F400DCA40C /* Resources */,
				D04184DA296E768000DCA40C /* Info.plist */,
				D046B8FE297170170031D14E /* SwipeGestureUSedViewController.swift */,
			);
			path = My_MVVM_Project;
			sourceTree = "<group>";
		};
		D04184E4296E79F400DCA40C /* Resources */ = {
			isa = PBXGroup;
			children = (
				D04184D2296E767F00DCA40C /* Main.storyboard */,
				D04184D5296E768000DCA40C /* Assets.xcassets */,
				D04184D7296E768000DCA40C /* LaunchScreen.storyboard */,
				D04184CC296E767F00DCA40C /* AppDelegate.swift */,
			);
			path = Resources;
			sourceTree = "<group>";
		};
		D046B900297183460031D14E /* CustomViews */ = {
			isa = PBXGroup;
			children = (
				D046B901297183590031D14E /* ExpandingView.swift */,
				D02AEC0A29766EE1001A8C9B /* KartalarExpandingView.swift */,
				D01E6D412977BC9F00F8D06A /* ValyutaKursiExpandView.swift */,
				D023AEF62979111900D45DE6 /* FloatingTextField.swift */,
				D023AEF82979113F00D45DE6 /* HomeHeader.swift */,
				D023AF00297912DF00D45DE6 /* SchetView.swift */,
				D023AF02297912F100D45DE6 /* MaterialMultilineTextField.swift */,
				D023AF042979136200D45DE6 /* CustomSegmentControl.swift */,
			);
			path = CustomViews;
			sourceTree = "<group>";
		};
		D046B9032971852A0031D14E /* PaymentConfirmations */ = {
			isa = PBXGroup;
			children = (
				D046B9042971854B0031D14E /* PaymentConfirmationVC.swift */,
				D046B9062971855A0031D14E /* PaymentConfirmationInstaller.swift */,
				D046B908297185690031D14E /* PaymentConfirmationPresenter.swift */,
				D046B90A297185760031D14E /* PaymentConfirmationInteractor.swift */,
				D046B90C297185840031D14E /* PaymentConfirmationRouter.swift */,
			);
			path = PaymentConfirmations;
			sourceTree = "<group>";
		};
		D052F901297AB21B00A2953B /* Entity */ = {
			isa = PBXGroup;
			children = (
				D052F902297AB22F00A2953B /* PerevodCardDM.swift */,
			);
			path = Entity;
			sourceTree = "<group>";
		};
		D0D47691296FED960069D9F6 /* ViperExtension */ = {
			isa = PBXGroup;
			children = (
				D023AEFA297911DB00D45DE6 /* BaseRouter.swift */,
				D023AEFC2979123800D45DE6 /* ViewInstaller.swift */,
				D023AEFE2979124200D45DE6 /* PresentationProtocol.swift */,
			);
			path = ViperExtension;
			sourceTree = "<group>";
		};
		D0D476AD296FF1EF0069D9F6 /* AnketaVC */ = {
			isa = PBXGroup;
			children = (
				D025093429702136003DAEE0 /* CalendarDialogController.swift */,
				D0D476AE296FF6BC0069D9F6 /* AnketaVC.swift */,
				D0D476B0296FF6CC0069D9F6 /* AnketaInstaller.swift */,
				D0D476B2296FF6D60069D9F6 /* AnketaPresenter.swift */,
				D0D476B4296FF6E30069D9F6 /* AnketaInteractor.swift */,
				D0D476B6296FF6EE0069D9F6 /* AnketaRouter.swift */,
				D0D476C3297011630069D9F6 /* AnketaDM.swift */,
				D0D476C52970121B0069D9F6 /* AnketaTableViewCell.swift */,
			);
			path = AnketaVC;
			sourceTree = "<group>";
		};
		D0D476B8296FF98C0069D9F6 /* HomeVC */ = {
			isa = PBXGroup;
			children = (
				D0D476B9296FF9A40069D9F6 /* HomeVC.swift */,
				D0D476BB296FF9D60069D9F6 /* HomeInstaller.swift */,
				D0D476BD296FF9EE0069D9F6 /* HomePresenter.swift */,
				D0D476BF296FF9F70069D9F6 /* HomeInteractor.swift */,
				D0D476C1296FF9FD0069D9F6 /* HomeRouter.swift */,
			);
			path = HomeVC;
			sourceTree = "<group>";
		};
/* End PBXGroup section */

/* Begin PBXNativeTarget section */
		D04184C8296E767F00DCA40C /* My_MVVM_Project */ = {
			isa = PBXNativeTarget;
			buildConfigurationList = D04184DD296E768000DCA40C /* Build configuration list for PBXNativeTarget "My_MVVM_Project" */;
			buildPhases = (
				8328D5965C646F5693677D7A /* [CP] Check Pods Manifest.lock */,
				D04184C5296E767F00DCA40C /* Sources */,
				D04184C6296E767F00DCA40C /* Frameworks */,
				D04184C7296E767F00DCA40C /* Resources */,
				72E96BBE6E51E2C2C7050559 /* [CP] Embed Pods Frameworks */,
			);
			buildRules = (
			);
			dependencies = (
			);
			name = My_MVVM_Project;
			productName = My_MVVM_Project;
			productReference = D04184C9296E767F00DCA40C /* My_MVVM_Project.app */;
			productType = "com.apple.product-type.application";
		};
/* End PBXNativeTarget section */

/* Begin PBXProject section */
		D04184C1296E767F00DCA40C /* Project object */ = {
			isa = PBXProject;
			attributes = {
				BuildIndependentTargetsInParallel = 1;
				LastSwiftUpdateCheck = 1420;
				LastUpgradeCheck = 1420;
				TargetAttributes = {
					D04184C8296E767F00DCA40C = {
						CreatedOnToolsVersion = 14.2;
					};
				};
			};
			buildConfigurationList = D04184C4296E767F00DCA40C /* Build configuration list for PBXProject "My_MVVM_Project" */;
			compatibilityVersion = "Xcode 14.0";
			developmentRegion = en;
			hasScannedForEncodings = 0;
			knownRegions = (
				en,
				Base,
			);
			mainGroup = D04184C0296E767F00DCA40C;
			productRefGroup = D04184CA296E767F00DCA40C /* Products */;
			projectDirPath = "";
			projectRoot = "";
			targets = (
				D04184C8296E767F00DCA40C /* My_MVVM_Project */,
			);
		};
/* End PBXProject section */

/* Begin PBXResourcesBuildPhase section */
		D04184C7296E767F00DCA40C /* Resources */ = {
			isa = PBXResourcesBuildPhase;
			buildActionMask = 2147483647;
			files = (
				D04184D9296E768000DCA40C /* LaunchScreen.storyboard in Resources */,
				D04184D6296E768000DCA40C /* Assets.xcassets in Resources */,
				D04184D4296E767F00DCA40C /* Main.storyboard in Resources */,
			);
			runOnlyForDeploymentPostprocessing = 0;
		};
/* End PBXResourcesBuildPhase section */

/* Begin PBXShellScriptBuildPhase section */
		72E96BBE6E51E2C2C7050559 /* [CP] Embed Pods Frameworks */ = {
			isa = PBXShellScriptBuildPhase;
			buildActionMask = 2147483647;
			files = (
			);
			inputFileListPaths = (
				"${PODS_ROOT}/Target Support Files/Pods-My_MVVM_Project/Pods-My_MVVM_Project-frameworks-${CONFIGURATION}-input-files.xcfilelist",
			);
			name = "[CP] Embed Pods Frameworks";
			outputFileListPaths = (
				"${PODS_ROOT}/Target Support Files/Pods-My_MVVM_Project/Pods-My_MVVM_Project-frameworks-${CONFIGURATION}-output-files.xcfilelist",
			);
			runOnlyForDeploymentPostprocessing = 0;
			shellPath = /bin/sh;
			shellScript = "\"${PODS_ROOT}/Target Support Files/Pods-My_MVVM_Project/Pods-My_MVVM_Project-frameworks.sh\"\n";
			showEnvVarsInLog = 0;
		};
		8328D5965C646F5693677D7A /* [CP] Check Pods Manifest.lock */ = {
			isa = PBXShellScriptBuildPhase;
			buildActionMask = 2147483647;
			files = (
			);
			inputFileListPaths = (
			);
			inputPaths = (
				"${PODS_PODFILE_DIR_PATH}/Podfile.lock",
				"${PODS_ROOT}/Manifest.lock",
			);
			name = "[CP] Check Pods Manifest.lock";
			outputFileListPaths = (
			);
			outputPaths = (
				"$(DERIVED_FILE_DIR)/Pods-My_MVVM_Project-checkManifestLockResult.txt",
			);
			runOnlyForDeploymentPostprocessing = 0;
			shellPath = /bin/sh;
			shellScript = "diff \"${PODS_PODFILE_DIR_PATH}/Podfile.lock\" \"${PODS_ROOT}/Manifest.lock\" > /dev/null\nif [ $? != 0 ] ; then\n    # print error to STDERR\n    echo \"error: The sandbox is not in sync with the Podfile.lock. Run 'pod install' or update your CocoaPods installation.\" >&2\n    exit 1\nfi\n# This output is used by Xcode 'outputs' to avoid re-running this script phase.\necho \"SUCCESS\" > \"${SCRIPT_OUTPUT_FILE_0}\"\n";
			showEnvVarsInLog = 0;
		};
/* End PBXShellScriptBuildPhase section */

/* Begin PBXSourcesBuildPhase section */
		D04184C5296E767F00DCA40C /* Sources */ = {
			isa = PBXSourcesBuildPhase;
			buildActionMask = 2147483647;
			files = (
				D023AE482978409300D45DE6 /* Router.swift in Sources */,
				D0D476B7296FF6EE0069D9F6 /* AnketaRouter.swift in Sources */,
				D0D47675296FE3230069D9F6 /* HomeValyutaCollViewCell.swift in Sources */,
				D023AE6F297848ED00D45DE6 /* RekvizitInteractor.swift in Sources */,
				D0D476B5296FF6E30069D9F6 /* AnketaInteractor.swift in Sources */,
				D023AE55297845AC00D45DE6 /* SFERAInstaller.swift in Sources */,
				D02AEC0929766844001A8C9B /* KartalarTabCell.swift in Sources */,
				D023AE262978324000D45DE6 /* PageCellModel.swift in Sources */,
				D023AE1C2977E5DE00D45DE6 /* IpotekaKartalarRouter.swift in Sources */,
				D023AE8929784CA700D45DE6 /* KursandValInteractor.swift in Sources */,
				D023AEC52978529F00D45DE6 /* HisobraqamlarVCInt.swift in Sources */,
				D023AED82978548400D45DE6 /* MainOperationview.swift in Sources */,
				D023AEC7297852E800D45DE6 /* CardView.swift in Sources */,
				D052F900297AB0C200A2953B /* PerevodCardViewCell.swift in Sources */,
				D056098D296FE26300C456BB /* ItemView.swift in Sources */,
				D023AE1F2977FC7A00D45DE6 /* PageView.swift in Sources */,
				D023AE422978407D00D45DE6 /* Installer.swift in Sources */,
				D03E32A82973BF500061025C /* IpotekaVC.swift in Sources */,
				D03E32AC2973BF620061025C /* IpotekaVCPresenter.swift in Sources */,
				D023AEA12978503E00D45DE6 /* ZayavleniyaiPerevodVCc.swift in Sources */,
				D023AE3D29783D6700D45DE6 /* SchetaView.swift in Sources */,
				D023AEC12978529200D45DE6 /* HisobraqamlarVCPRe.swift in Sources */,
				D0362B94297A5B6800FCF46F /* SchetVCInteractor.swift in Sources */,
				D02AEC072975A449001A8C9B /* CustomScrollView.swift in Sources */,
				D023AE402978407400D45DE6 /* VC.swift in Sources */,
				D00ECF2129794DDB00A84439 /* UIButtonEXT.swift in Sources */,
				D023AE53297845A300D45DE6 /* SferaVC.swift in Sources */,
				D023AE8D29784CB600D45DE6 /* KursandValRouter.swift in Sources */,
				D023AE112977CBD300D45DE6 /* ValyutaExpandStackChildView.swift in Sources */,
				D0CF591F297A73BF00082A82 /* SelectedDataDialog.swift in Sources */,
				D023AE8F29784CF600D45DE6 /* ValyutaModel.swift in Sources */,
				D0362B90297A5B4E00FCF46F /* SchetVCInstaller.swift in Sources */,
				D023AEFF2979124200D45DE6 /* PresentationProtocol.swift in Sources */,
				D023AE6B297848D100D45DE6 /* RekvizitInstaller.swift in Sources */,
				D023AEB6297851C100D45DE6 /* PlatejaInteractor.swift in Sources */,
				D023AECA2978535900D45DE6 /* TestVC.swift in Sources */,
				D025093529702136003DAEE0 /* CalendarDialogController.swift in Sources */,
				D023AE5B297845C800D45DE6 /* SferaRoutere.swift in Sources */,
				D023AED22978538500D45DE6 /* TestVCRouter.swift in Sources */,
				D00ECF242979514900A84439 /* MainTabBarViewController.swift in Sources */,
				D023AE66297847CD00D45DE6 /* NextRouter.swift in Sources */,
				D023AEF72979111900D45DE6 /* FloatingTextField.swift in Sources */,
				D023AF03297912F100D45DE6 /* MaterialMultilineTextField.swift in Sources */,
				D023AE5E2978478300D45DE6 /* NextViewC.swift in Sources */,
				D0099209297A5FAD00DE3926 /* BalanceView.swift in Sources */,
				D023AEAB297850A200D45DE6 /* CardDM.swift in Sources */,
				D023AEDC297854D900D45DE6 /* MyTxtField.swift in Sources */,
				D023AE7E29784B7900D45DE6 /* ServiceRouter.swift in Sources */,
				D023AE7329784A2B00D45DE6 /* MaterialMultilinedView.swift in Sources */,
				D04B73EF297A6C31001C80DB /* RequiredDataView.swift in Sources */,
				D023AEE529790C8A00D45DE6 /* ZayavkaVCInstaller.swift in Sources */,
				D023AE1A2977E5D400D45DE6 /* IpotekaKartalarInteractor.swift in Sources */,
				D023AEBD2978528300D45DE6 /* HisobraqamlarVc.swift in Sources */,
				D0D5FB7C297A67F8004B0833 /* SchetCardView.swift in Sources */,
				D023AE9129784D3500D45DE6 /* DPickerController.swift in Sources */,
				D023AE59297845C200D45DE6 /* SferaInteractor.swift in Sources */,
				D046B9072971855A0031D14E /* PaymentConfirmationInstaller.swift in Sources */,
				D023AE7C29784B7300D45DE6 /* ServicePresenter.swift in Sources */,
				D023AE71297848F900D45DE6 /* RekvizitRouter.swift in Sources */,
				D056098F296FE29200C456BB /* BaseViewController.swift in Sources */,
				D023AEA52978504D00D45DE6 /* ZayavleniyaiPerevodVCPresenter.swift in Sources */,
				D0560989296FE26300C456BB /* StandartOrdersView.swift in Sources */,
				D023AE162977E55E00D45DE6 /* IpotekaKartalarInstaller.swift in Sources */,
				D0362B92297A5B5C00FCF46F /* SchetVCPresenter.swift in Sources */,
				D0D476BA296FF9A40069D9F6 /* HomeVC.swift in Sources */,
				D023AEE929790CA500D45DE6 /* ZayavkaVCInteractor.swift in Sources */,
				D052F903297AB22F00A2953B /* PerevodCardDM.swift in Sources */,
				D023AEB0297851A100D45DE6 /* Platejavc.swift in Sources */,
				D023AE442978408600D45DE6 /* Presenter.swift in Sources */,
				D023AEBF2978528B00D45DE6 /* HisobraqamlarVCIns.swift in Sources */,
				D0560991296FE2A000C456BB /* OrdersDataModel.swift in Sources */,
				D023AE9A29784E7B00D45DE6 /* SettingPresenter.swift in Sources */,
				D023AED4297853D200D45DE6 /* TezkorUtkazmaView.swift in Sources */,
				D023AE60297847AE00D45DE6 /* NextInstaller.swift in Sources */,
				D0D47674296FE3230069D9F6 /* HomePlatejiView.swift in Sources */,
				D030164B29745DA400377832 /* AqlliUtkazmaVV.swift in Sources */,
				D023AE57297845B500D45DE6 /* SferaPresenter.swift in Sources */,
				D023AE7A29784B6B00D45DE6 /* ServiceInteractor.swift in Sources */,
				D023AEAD297850BA00D45DE6 /* ZayavleniyaTableViewCell.swift in Sources */,
				D02AEC0B29766EE1001A8C9B /* KartalarExpandingView.swift in Sources */,
				D023AE182977E5CB00D45DE6 /* IpotekaKartalarPresenter.swift in Sources */,
				D023AE62297847BD00D45DE6 /* NextInteractor.swift in Sources */,
				D023AE6D297848DB00D45DE6 /* RekvizitPresenter.swift in Sources */,
				D023AEE02978553200D45DE6 /* MainOperationDM.swift in Sources */,
				D023AECE2978537400D45DE6 /* TestVCInteractor.swift in Sources */,
				D0362B96297A5B7300FCF46F /* SchetVCRouter.swift in Sources */,
				D023AE8729784C9F00D45DE6 /* KursandValInstaller.swift in Sources */,
				D023AEF92979113F00D45DE6 /* HomeHeader.swift in Sources */,
				D046B9052971854B0031D14E /* PaymentConfirmationVC.swift in Sources */,
				D01E6D422977BC9F00F8D06A /* ValyutaKursiExpandView.swift in Sources */,
				D023AEDA297854BD00D45DE6 /* FSPGCell.swift in Sources */,
				D0D476C2296FF9FD0069D9F6 /* HomeRouter.swift in Sources */,
				D023AE9629784E6B00D45DE6 /* SettingVC.swift in Sources */,
				D023AE8029784BC100D45DE6 /* ProductDataModel.swift in Sources */,
				D023AF052979136200D45DE6 /* CustomSegmentControl.swift in Sources */,
				D023AE7629784B5B00D45DE6 /* ServiceVCC.swift in Sources */,
				D023AEA72978505600D45DE6 /* ZayavleniyaiPerevodVCInteractor.swift in Sources */,
				D0D476B3296FF6D60069D9F6 /* AnketaPresenter.swift in Sources */,
				D023AE9C29784E8100D45DE6 /* SettingRouter.swift in Sources */,
				D023AE9E29784E8900D45DE6 /* SettingInteractor.swift in Sources */,
				D023AE9329784D7400D45DE6 /* ValyutaTableViewCell.swift in Sources */,
				D03E32B42973C2800061025C /* HomeHeaderV.swift in Sources */,
				D03E32B02973BF770061025C /* IpotekaVCRouter.swift in Sources */,
				D0D476B1296FF6CC0069D9F6 /* AnketaInstaller.swift in Sources */,
				D023AE142977E54E00D45DE6 /* IpotekaKartalarVCViewController.swift in Sources */,
				D023AEF5297910CD00D45DE6 /* UIColorEXT.swift in Sources */,
				D0D476C0296FF9F70069D9F6 /* HomeInteractor.swift in Sources */,
				D023AEE729790C9600D45DE6 /* ZayavkaVCPresenter.swift in Sources */,
				D046B90D297185840031D14E /* PaymentConfirmationRouter.swift in Sources */,
				D046B909297185690031D14E /* PaymentConfirmationPresenter.swift in Sources */,
				D023AE2429782DAA00D45DE6 /* AboutCardCell.swift in Sources */,
				D023AE7829784B6200D45DE6 /* ServiceInstaller.swift in Sources */,
				D023AED62978546200D45DE6 /* MyButton.swift in Sources */,
				D023AEF32979107500D45DE6 /* StringEXT.swift in Sources */,
				D023AEF12979101F00D45DE6 /* UIViewEXT.swift in Sources */,
				D023AEC32978529A00D45DE6 /* HisobraqamlarVCRout.swift in Sources */,
				D03E32AA2973BF590061025C /* IpotekaVCInstaller.swift in Sources */,
				D023AF01297912DF00D45DE6 /* SchetView.swift in Sources */,
				D023AEE329790C8000D45DE6 /* ZayavkaVC.swift in Sources */,
				D023AE69297848C500D45DE6 /* RekvizitVCC.swift in Sources */,
				D023AEA32978504500D45DE6 /* ZayavleniyaiPerevodVCInstalle.swift in Sources */,
				D023AEFB297911DB00D45DE6 /* BaseRouter.swift in Sources */,
				D0D476BC296FF9D60069D9F6 /* HomeInstaller.swift in Sources */,
				D023AEB8297851CC00D45DE6 /* PlatejaRotuer.swift in Sources */,
				D023AED02978537C00D45DE6 /* TestVCPresenter.swift in Sources */,
				D023AE222977FCAD00D45DE6 /* PageModel.swift in Sources */,
				D0362B8E297A5B4200FCF46F /* SchetVC.swift in Sources */,
				D023AECC2978536D00D45DE6 /* TestVCInstaller.swift in Sources */,
				D030164D2975267400377832 /* CustomTXTField.swift in Sources */,
				D046B8FF297170170031D14E /* SwipeGestureUSedViewController.swift in Sources */,
				D023AEEB29790CAB00D45DE6 /* ZayavkaRouter.swift in Sources */,
				D03E32B62973E9D00061025C /* StoryCollectionViewCell.swift in Sources */,
				D023AEBA2978521700D45DE6 /* ProvedyonView.swift in Sources */,
				D023AE4A297841BD00D45DE6 /* Entity.swift in Sources */,
				D023AE462978408E00D45DE6 /* Interactor.swift in Sources */,
				D023AEA92978506300D45DE6 /* ZayavleniyaiPerevodVCRouter.swift in Sources */,
				D023AEFD2979123800D45DE6 /* ViewInstaller.swift in Sources */,
				D03E32AE2973BF6F0061025C /* IpotekaVCInteractor.swift in Sources */,
				D023AEB4297851B600D45DE6 /* PlatejaPresenter.swift in Sources */,
				D023AE8B29784CAE00D45DE6 /* KursandValPresenter.swift in Sources */,
				D0D476BE296FF9EE0069D9F6 /* HomePresenter.swift in Sources */,
				D023AE8529784C9400D45DE6 /* KursandValVC.swift in Sources */,
				D023AE64297847C500D45DE6 /* NextPresenter.swift in Sources */,
				D046B902297183590031D14E /* ExpandingView.swift in Sources */,
				D023AEB2297851AD00D45DE6 /* PlatejaInstaller.swift in Sources */,
				D04184CD296E767F00DCA40C /* AppDelegate.swift in Sources */,
				D02AEC0529759BAD001A8C9B /* MavjudMablagView.swift in Sources */,
				D046B90B297185760031D14E /* PaymentConfirmationInteractor.swift in Sources */,
				D0D476C4297011630069D9F6 /* AnketaDM.swift in Sources */,
				D0D476AF296FF6BC0069D9F6 /* AnketaVC.swift in Sources */,
				D02AEC0D2976AC5D001A8C9B /* FilialAndLocationView.swift in Sources */,
				D023AE8229784C0100D45DE6 /* ServiceTabViewCell.swift in Sources */,
				D023AE9829784E7300D45DE6 /* SettingInstaller.swift in Sources */,
				D030164F2975354300377832 /* ReklamaView.swift in Sources */,
				D023AEDE2978550700D45DE6 /* CardVVVVV.swift in Sources */,
				D0D476C62970121B0069D9F6 /* AnketaTableViewCell.swift in Sources */,
			);
			runOnlyForDeploymentPostprocessing = 0;
		};
/* End PBXSourcesBuildPhase section */

/* Begin PBXVariantGroup section */
		D04184D2296E767F00DCA40C /* Main.storyboard */ = {
			isa = PBXVariantGroup;
			children = (
				D04184D3296E767F00DCA40C /* Base */,
			);
			name = Main.storyboard;
			sourceTree = "<group>";
		};
		D04184D7296E768000DCA40C /* LaunchScreen.storyboard */ = {
			isa = PBXVariantGroup;
			children = (
				D04184D8296E768000DCA40C /* Base */,
			);
			name = LaunchScreen.storyboard;
			sourceTree = "<group>";
		};
/* End PBXVariantGroup section */

/* Begin XCBuildConfiguration section */
		D04184DB296E768000DCA40C /* Debug */ = {
			isa = XCBuildConfiguration;
			buildSettings = {
				ALWAYS_SEARCH_USER_PATHS = NO;
				CLANG_ANALYZER_NONNULL = YES;
				CLANG_ANALYZER_NUMBER_OBJECT_CONVERSION = YES_AGGRESSIVE;
				CLANG_CXX_LANGUAGE_STANDARD = "gnu++20";
				CLANG_ENABLE_MODULES = YES;
				CLANG_ENABLE_OBJC_ARC = YES;
				CLANG_ENABLE_OBJC_WEAK = YES;
				CLANG_WARN_BLOCK_CAPTURE_AUTORELEASING = YES;
				CLANG_WARN_BOOL_CONVERSION = YES;
				CLANG_WARN_COMMA = YES;
				CLANG_WARN_CONSTANT_CONVERSION = YES;
				CLANG_WARN_DEPRECATED_OBJC_IMPLEMENTATIONS = YES;
				CLANG_WARN_DIRECT_OBJC_ISA_USAGE = YES_ERROR;
				CLANG_WARN_DOCUMENTATION_COMMENTS = YES;
				CLANG_WARN_EMPTY_BODY = YES;
				CLANG_WARN_ENUM_CONVERSION = YES;
				CLANG_WARN_INFINITE_RECURSION = YES;
				CLANG_WARN_INT_CONVERSION = YES;
				CLANG_WARN_NON_LITERAL_NULL_CONVERSION = YES;
				CLANG_WARN_OBJC_IMPLICIT_RETAIN_SELF = YES;
				CLANG_WARN_OBJC_LITERAL_CONVERSION = YES;
				CLANG_WARN_OBJC_ROOT_CLASS = YES_ERROR;
				CLANG_WARN_QUOTED_INCLUDE_IN_FRAMEWORK_HEADER = YES;
				CLANG_WARN_RANGE_LOOP_ANALYSIS = YES;
				CLANG_WARN_STRICT_PROTOTYPES = YES;
				CLANG_WARN_SUSPICIOUS_MOVE = YES;
				CLANG_WARN_UNGUARDED_AVAILABILITY = YES_AGGRESSIVE;
				CLANG_WARN_UNREACHABLE_CODE = YES;
				CLANG_WARN__DUPLICATE_METHOD_MATCH = YES;
				COPY_PHASE_STRIP = NO;
				DEBUG_INFORMATION_FORMAT = dwarf;
				ENABLE_STRICT_OBJC_MSGSEND = YES;
				ENABLE_TESTABILITY = YES;
				GCC_C_LANGUAGE_STANDARD = gnu11;
				GCC_DYNAMIC_NO_PIC = NO;
				GCC_NO_COMMON_BLOCKS = YES;
				GCC_OPTIMIZATION_LEVEL = 0;
				GCC_PREPROCESSOR_DEFINITIONS = (
					"DEBUG=1",
					"$(inherited)",
				);
				GCC_WARN_64_TO_32_BIT_CONVERSION = YES;
				GCC_WARN_ABOUT_RETURN_TYPE = YES_ERROR;
				GCC_WARN_UNDECLARED_SELECTOR = YES;
				GCC_WARN_UNINITIALIZED_AUTOS = YES_AGGRESSIVE;
				GCC_WARN_UNUSED_FUNCTION = YES;
				GCC_WARN_UNUSED_VARIABLE = YES;
				IPHONEOS_DEPLOYMENT_TARGET = 16.2;
				MTL_ENABLE_DEBUG_INFO = INCLUDE_SOURCE;
				MTL_FAST_MATH = YES;
				ONLY_ACTIVE_ARCH = YES;
				SDKROOT = iphoneos;
				SWIFT_ACTIVE_COMPILATION_CONDITIONS = DEBUG;
				SWIFT_OPTIMIZATION_LEVEL = "-Onone";
			};
			name = Debug;
		};
		D04184DC296E768000DCA40C /* Release */ = {
			isa = XCBuildConfiguration;
			buildSettings = {
				ALWAYS_SEARCH_USER_PATHS = NO;
				CLANG_ANALYZER_NONNULL = YES;
				CLANG_ANALYZER_NUMBER_OBJECT_CONVERSION = YES_AGGRESSIVE;
				CLANG_CXX_LANGUAGE_STANDARD = "gnu++20";
				CLANG_ENABLE_MODULES = YES;
				CLANG_ENABLE_OBJC_ARC = YES;
				CLANG_ENABLE_OBJC_WEAK = YES;
				CLANG_WARN_BLOCK_CAPTURE_AUTORELEASING = YES;
				CLANG_WARN_BOOL_CONVERSION = YES;
				CLANG_WARN_COMMA = YES;
				CLANG_WARN_CONSTANT_CONVERSION = YES;
				CLANG_WARN_DEPRECATED_OBJC_IMPLEMENTATIONS = YES;
				CLANG_WARN_DIRECT_OBJC_ISA_USAGE = YES_ERROR;
				CLANG_WARN_DOCUMENTATION_COMMENTS = YES;
				CLANG_WARN_EMPTY_BODY = YES;
				CLANG_WARN_ENUM_CONVERSION = YES;
				CLANG_WARN_INFINITE_RECURSION = YES;
				CLANG_WARN_INT_CONVERSION = YES;
				CLANG_WARN_NON_LITERAL_NULL_CONVERSION = YES;
				CLANG_WARN_OBJC_IMPLICIT_RETAIN_SELF = YES;
				CLANG_WARN_OBJC_LITERAL_CONVERSION = YES;
				CLANG_WARN_OBJC_ROOT_CLASS = YES_ERROR;
				CLANG_WARN_QUOTED_INCLUDE_IN_FRAMEWORK_HEADER = YES;
				CLANG_WARN_RANGE_LOOP_ANALYSIS = YES;
				CLANG_WARN_STRICT_PROTOTYPES = YES;
				CLANG_WARN_SUSPICIOUS_MOVE = YES;
				CLANG_WARN_UNGUARDED_AVAILABILITY = YES_AGGRESSIVE;
				CLANG_WARN_UNREACHABLE_CODE = YES;
				CLANG_WARN__DUPLICATE_METHOD_MATCH = YES;
				COPY_PHASE_STRIP = NO;
				DEBUG_INFORMATION_FORMAT = "dwarf-with-dsym";
				ENABLE_NS_ASSERTIONS = NO;
				ENABLE_STRICT_OBJC_MSGSEND = YES;
				GCC_C_LANGUAGE_STANDARD = gnu11;
				GCC_NO_COMMON_BLOCKS = YES;
				GCC_WARN_64_TO_32_BIT_CONVERSION = YES;
				GCC_WARN_ABOUT_RETURN_TYPE = YES_ERROR;
				GCC_WARN_UNDECLARED_SELECTOR = YES;
				GCC_WARN_UNINITIALIZED_AUTOS = YES_AGGRESSIVE;
				GCC_WARN_UNUSED_FUNCTION = YES;
				GCC_WARN_UNUSED_VARIABLE = YES;
				IPHONEOS_DEPLOYMENT_TARGET = 16.2;
				MTL_ENABLE_DEBUG_INFO = NO;
				MTL_FAST_MATH = YES;
				SDKROOT = iphoneos;
				SWIFT_COMPILATION_MODE = wholemodule;
				SWIFT_OPTIMIZATION_LEVEL = "-O";
				VALIDATE_PRODUCT = YES;
			};
			name = Release;
		};
		D04184DE296E768000DCA40C /* Debug */ = {
			isa = XCBuildConfiguration;
			baseConfigurationReference = 13FCEF494B80E3E916A71B5A /* Pods-My_MVVM_Project.debug.xcconfig */;
			buildSettings = {
				ASSETCATALOG_COMPILER_APPICON_NAME = AppIcon;
				ASSETCATALOG_COMPILER_GLOBAL_ACCENT_COLOR_NAME = AccentColor;
				CODE_SIGN_STYLE = Automatic;
				CURRENT_PROJECT_VERSION = 1;
				DEVELOPMENT_TEAM = URWSH26L7J;
				"EXCLUDED_ARCHS[sdk=*]" = arm64;
				GENERATE_INFOPLIST_FILE = YES;
				INFOPLIST_FILE = My_MVVM_Project/Info.plist;
				INFOPLIST_KEY_UIApplicationSupportsIndirectInputEvents = YES;
				INFOPLIST_KEY_UILaunchStoryboardName = LaunchScreen;
				INFOPLIST_KEY_UIMainStoryboardFile = Main;
				INFOPLIST_KEY_UISupportedInterfaceOrientations_iPad = "UIInterfaceOrientationPortrait UIInterfaceOrientationPortraitUpsideDown UIInterfaceOrientationLandscapeLeft UIInterfaceOrientationLandscapeRight";
				INFOPLIST_KEY_UISupportedInterfaceOrientations_iPhone = "UIInterfaceOrientationPortrait UIInterfaceOrientationLandscapeLeft UIInterfaceOrientationLandscapeRight";
				IPHONEOS_DEPLOYMENT_TARGET = 11.0;
				LD_RUNPATH_SEARCH_PATHS = (
					"$(inherited)",
					"@executable_path/Frameworks",
				);
				MARKETING_VERSION = 1.0;
				PRODUCT_BUNDLE_IDENTIFIER = "uz.bob.lesson1.My-MVVM-Project";
				PRODUCT_NAME = "$(TARGET_NAME)";
				SWIFT_EMIT_LOC_STRINGS = YES;
				SWIFT_VERSION = 5.0;
				TARGETED_DEVICE_FAMILY = "1,2";
			};
			name = Debug;
		};
		D04184DF296E768000DCA40C /* Release */ = {
			isa = XCBuildConfiguration;
			baseConfigurationReference = C42094865F5906BA6E37411E /* Pods-My_MVVM_Project.release.xcconfig */;
			buildSettings = {
				ASSETCATALOG_COMPILER_APPICON_NAME = AppIcon;
				ASSETCATALOG_COMPILER_GLOBAL_ACCENT_COLOR_NAME = AccentColor;
				CODE_SIGN_STYLE = Automatic;
				CURRENT_PROJECT_VERSION = 1;
				DEVELOPMENT_TEAM = URWSH26L7J;
				"EXCLUDED_ARCHS[sdk=*]" = arm64;
				GENERATE_INFOPLIST_FILE = YES;
				INFOPLIST_FILE = My_MVVM_Project/Info.plist;
				INFOPLIST_KEY_UIApplicationSupportsIndirectInputEvents = YES;
				INFOPLIST_KEY_UILaunchStoryboardName = LaunchScreen;
				INFOPLIST_KEY_UIMainStoryboardFile = Main;
				INFOPLIST_KEY_UISupportedInterfaceOrientations_iPad = "UIInterfaceOrientationPortrait UIInterfaceOrientationPortraitUpsideDown UIInterfaceOrientationLandscapeLeft UIInterfaceOrientationLandscapeRight";
				INFOPLIST_KEY_UISupportedInterfaceOrientations_iPhone = "UIInterfaceOrientationPortrait UIInterfaceOrientationLandscapeLeft UIInterfaceOrientationLandscapeRight";
				IPHONEOS_DEPLOYMENT_TARGET = 11.0;
				LD_RUNPATH_SEARCH_PATHS = (
					"$(inherited)",
					"@executable_path/Frameworks",
				);
				MARKETING_VERSION = 1.0;
				PRODUCT_BUNDLE_IDENTIFIER = "uz.bob.lesson1.My-MVVM-Project";
				PRODUCT_NAME = "$(TARGET_NAME)";
				SWIFT_EMIT_LOC_STRINGS = YES;
				SWIFT_VERSION = 5.0;
				TARGETED_DEVICE_FAMILY = "1,2";
			};
			name = Release;
		};
/* End XCBuildConfiguration section */

/* Begin XCConfigurationList section */
		D04184C4296E767F00DCA40C /* Build configuration list for PBXProject "My_MVVM_Project" */ = {
			isa = XCConfigurationList;
			buildConfigurations = (
				D04184DB296E768000DCA40C /* Debug */,
				D04184DC296E768000DCA40C /* Release */,
			);
			defaultConfigurationIsVisible = 0;
			defaultConfigurationName = Release;
		};
		D04184DD296E768000DCA40C /* Build configuration list for PBXNativeTarget "My_MVVM_Project" */ = {
			isa = XCConfigurationList;
			buildConfigurations = (
				D04184DE296E768000DCA40C /* Debug */,
				D04184DF296E768000DCA40C /* Release */,
			);
			defaultConfigurationIsVisible = 0;
			defaultConfigurationName = Release;
		};
/* End XCConfigurationList section */
	};
	rootObject = D04184C1296E767F00DCA40C /* Project object */;
}
