// !$*UTF8*$!
{
	archiveVersion = 1;
	classes = {
	};
	objectVersion = 56;
	objects = {

/* Begin PBXBuildFile section */
		A7B14E0BC1D6D758C0B476C2 /* Pods_My_MVVM_Project.framework in Frameworks */ = {isa = PBXBuildFile; fileRef = 2EAB53FE14A887C6FDACBDE5 /* Pods_My_MVVM_Project.framework */; };
		D025093529702136003DAEE0 /* CalendarDialogController.swift in Sources */ = {isa = PBXBuildFile; fileRef = D025093429702136003DAEE0 /* CalendarDialogController.swift */; };
		D04184CD296E767F00DCA40C /* AppDelegate.swift in Sources */ = {isa = PBXBuildFile; fileRef = D04184CC296E767F00DCA40C /* AppDelegate.swift */; };
		D04184D1296E767F00DCA40C /* RMTabViewController.swift in Sources */ = {isa = PBXBuildFile; fileRef = D04184D0296E767F00DCA40C /* RMTabViewController.swift */; };
		D04184D4296E767F00DCA40C /* Main.storyboard in Resources */ = {isa = PBXBuildFile; fileRef = D04184D2296E767F00DCA40C /* Main.storyboard */; };
		D04184D6296E768000DCA40C /* Assets.xcassets in Resources */ = {isa = PBXBuildFile; fileRef = D04184D5296E768000DCA40C /* Assets.xcassets */; };
		D04184D9296E768000DCA40C /* LaunchScreen.storyboard in Resources */ = {isa = PBXBuildFile; fileRef = D04184D7296E768000DCA40C /* LaunchScreen.storyboard */; };
		D04184E8296E7BBE00DCA40C /* RMCharacterViewController.swift in Sources */ = {isa = PBXBuildFile; fileRef = D04184E7296E7BBE00DCA40C /* RMCharacterViewController.swift */; };
		D04184EA296E7BD400DCA40C /* RMLocationViewController.swift in Sources */ = {isa = PBXBuildFile; fileRef = D04184E9296E7BD400DCA40C /* RMLocationViewController.swift */; };
		D04184EC296E7BE000DCA40C /* RMEpisodesViewController.swift in Sources */ = {isa = PBXBuildFile; fileRef = D04184EB296E7BE000DCA40C /* RMEpisodesViewController.swift */; };
		D04184EE296E7BED00DCA40C /* RMSettingsViewController.swift in Sources */ = {isa = PBXBuildFile; fileRef = D04184ED296E7BED00DCA40C /* RMSettingsViewController.swift */; };
		D046B8FF297170170031D14E /* SwipeGestureUSedViewController.swift in Sources */ = {isa = PBXBuildFile; fileRef = D046B8FE297170170031D14E /* SwipeGestureUSedViewController.swift */; };
		D046B902297183590031D14E /* ExpandingView.swift in Sources */ = {isa = PBXBuildFile; fileRef = D046B901297183590031D14E /* ExpandingView.swift */; };
		D046B9052971854B0031D14E /* PaymentConfirmationVC.swift in Sources */ = {isa = PBXBuildFile; fileRef = D046B9042971854B0031D14E /* PaymentConfirmationVC.swift */; };
		D046B9072971855A0031D14E /* PaymentConfirmationInstaller.swift in Sources */ = {isa = PBXBuildFile; fileRef = D046B9062971855A0031D14E /* PaymentConfirmationInstaller.swift */; };
		D046B909297185690031D14E /* PaymentConfirmationPresenter.swift in Sources */ = {isa = PBXBuildFile; fileRef = D046B908297185690031D14E /* PaymentConfirmationPresenter.swift */; };
		D046B90B297185760031D14E /* PaymentConfirmationInteractor.swift in Sources */ = {isa = PBXBuildFile; fileRef = D046B90A297185760031D14E /* PaymentConfirmationInteractor.swift */; };
		D046B90D297185840031D14E /* PaymentConfirmationRouter.swift in Sources */ = {isa = PBXBuildFile; fileRef = D046B90C297185840031D14E /* PaymentConfirmationRouter.swift */; };
		D0560987296FE26300C456BB /* SettingVCRouter.swift in Sources */ = {isa = PBXBuildFile; fileRef = D0560980296FE26300C456BB /* SettingVCRouter.swift */; };
		D0560988296FE26300C456BB /* SettingVCInteractor.swift in Sources */ = {isa = PBXBuildFile; fileRef = D0560981296FE26300C456BB /* SettingVCInteractor.swift */; };
		D0560989296FE26300C456BB /* StandartOrdersView.swift in Sources */ = {isa = PBXBuildFile; fileRef = D0560982296FE26300C456BB /* StandartOrdersView.swift */; };
		D056098A296FE26300C456BB /* SettingVCPresenter.swift in Sources */ = {isa = PBXBuildFile; fileRef = D0560983296FE26300C456BB /* SettingVCPresenter.swift */; };
		D056098B296FE26300C456BB /* SettingVCInstaller.swift in Sources */ = {isa = PBXBuildFile; fileRef = D0560984296FE26300C456BB /* SettingVCInstaller.swift */; };
		D056098C296FE26300C456BB /* SettingVC.swift in Sources */ = {isa = PBXBuildFile; fileRef = D0560985296FE26300C456BB /* SettingVC.swift */; };
		D056098D296FE26300C456BB /* ItemView.swift in Sources */ = {isa = PBXBuildFile; fileRef = D0560986296FE26300C456BB /* ItemView.swift */; };
		D056098F296FE29200C456BB /* BaseViewController.swift in Sources */ = {isa = PBXBuildFile; fileRef = D056098E296FE29200C456BB /* BaseViewController.swift */; };
		D0560991296FE2A000C456BB /* OrdersDataModel.swift in Sources */ = {isa = PBXBuildFile; fileRef = D0560990296FE2A000C456BB /* OrdersDataModel.swift */; };
		D0908256296ED7D400C1D9EE /* RMService.swift in Sources */ = {isa = PBXBuildFile; fileRef = D0908255296ED7D400C1D9EE /* RMService.swift */; };
		D0908258296ED87F00C1D9EE /* RMRequest.swift in Sources */ = {isa = PBXBuildFile; fileRef = D0908257296ED87F00C1D9EE /* RMRequest.swift */; };
		D090825A296ED90300C1D9EE /* RMEndpoint.swift in Sources */ = {isa = PBXBuildFile; fileRef = D0908259296ED90300C1D9EE /* RMEndpoint.swift */; };
		D090825C296EDA0A00C1D9EE /* RMLocation.swift in Sources */ = {isa = PBXBuildFile; fileRef = D090825B296EDA0A00C1D9EE /* RMLocation.swift */; };
		D090825E296EDA1400C1D9EE /* RMEpisode.swift in Sources */ = {isa = PBXBuildFile; fileRef = D090825D296EDA1400C1D9EE /* RMEpisode.swift */; };
		D0908260296EDA2500C1D9EE /* RMCharacter.swift in Sources */ = {isa = PBXBuildFile; fileRef = D090825F296EDA2500C1D9EE /* RMCharacter.swift */; };
		D0D47671296FE3230069D9F6 /* FloatingTextFieldView.swift in Sources */ = {isa = PBXBuildFile; fileRef = D0D4766B296FE3230069D9F6 /* FloatingTextFieldView.swift */; };
		D0D47672296FE3230069D9F6 /* HomeHeaderView.swift in Sources */ = {isa = PBXBuildFile; fileRef = D0D4766C296FE3230069D9F6 /* HomeHeaderView.swift */; };
		D0D47674296FE3230069D9F6 /* HomePlatejiView.swift in Sources */ = {isa = PBXBuildFile; fileRef = D0D4766E296FE3230069D9F6 /* HomePlatejiView.swift */; };
		D0D47675296FE3230069D9F6 /* HomeValyutaCollViewCell.swift in Sources */ = {isa = PBXBuildFile; fileRef = D0D4766F296FE3230069D9F6 /* HomeValyutaCollViewCell.swift */; };
		D0D4767B296FE4250069D9F6 /* String+EXT.swift in Sources */ = {isa = PBXBuildFile; fileRef = D0D47677296FE4250069D9F6 /* String+EXT.swift */; };
		D0D4767D296FE4250069D9F6 /* UICOLOR+EXT.swift in Sources */ = {isa = PBXBuildFile; fileRef = D0D47679296FE4250069D9F6 /* UICOLOR+EXT.swift */; };
		D0D4767E296FE4250069D9F6 /* UIView+EXT.swift in Sources */ = {isa = PBXBuildFile; fileRef = D0D4767A296FE4250069D9F6 /* UIView+EXT.swift */; };
		D0D47682296FE49D0069D9F6 /* ViewInstaller.swift in Sources */ = {isa = PBXBuildFile; fileRef = D0D4767F296FE49D0069D9F6 /* ViewInstaller.swift */; };
		D0D47684296FE49D0069D9F6 /* PresentationProtocol.swift in Sources */ = {isa = PBXBuildFile; fileRef = D0D47681296FE49D0069D9F6 /* PresentationProtocol.swift */; };
		D0D4768B296FE5C10069D9F6 /* LichniyKabinetViewInstaller.swift in Sources */ = {isa = PBXBuildFile; fileRef = D0D47685296FE5C10069D9F6 /* LichniyKabinetViewInstaller.swift */; };
		D0D4768C296FE5C10069D9F6 /* LichniyKabinetViewRouter.swift in Sources */ = {isa = PBXBuildFile; fileRef = D0D47686296FE5C10069D9F6 /* LichniyKabinetViewRouter.swift */; };
		D0D4768D296FE5C10069D9F6 /* LichniyKabinetViewInteractor.swift in Sources */ = {isa = PBXBuildFile; fileRef = D0D47687296FE5C10069D9F6 /* LichniyKabinetViewInteractor.swift */; };
		D0D4768E296FE5C10069D9F6 /* LichniyKabinetViewController.swift in Sources */ = {isa = PBXBuildFile; fileRef = D0D47688296FE5C10069D9F6 /* LichniyKabinetViewController.swift */; };
		D0D4768F296FE5C10069D9F6 /* LichniyKabinetViewPresenter.swift in Sources */ = {isa = PBXBuildFile; fileRef = D0D47689296FE5C10069D9F6 /* LichniyKabinetViewPresenter.swift */; };
		D0D47690296FE5C10069D9F6 /* ValyutaOptionViewController.swift in Sources */ = {isa = PBXBuildFile; fileRef = D0D4768A296FE5C10069D9F6 /* ValyutaOptionViewController.swift */; };
		D0D47695296FEDDA0069D9F6 /* BaseRouter.swift in Sources */ = {isa = PBXBuildFile; fileRef = D0D47693296FED960069D9F6 /* BaseRouter.swift */; };
		D0D4769A296FEE0D0069D9F6 /* PresentationProtocol.swift in Sources */ = {isa = PBXBuildFile; fileRef = D0D47699296FEE0D0069D9F6 /* PresentationProtocol.swift */; };
		D0D4769B296FEE0D0069D9F6 /* ViewInstaller.swift in Sources */ = {isa = PBXBuildFile; fileRef = D0D47698296FEE0D0069D9F6 /* ViewInstaller.swift */; };
		D0D476AC296FEEEA0069D9F6 /* MaterialMultilineOutlinedView.swift 11-23-14-790.swift in Sources */ = {isa = PBXBuildFile; fileRef = D0D476AB296FEEEA0069D9F6 /* MaterialMultilineOutlinedView.swift 11-23-14-790.swift */; };
		D0D476AF296FF6BC0069D9F6 /* AnketaVC.swift in Sources */ = {isa = PBXBuildFile; fileRef = D0D476AE296FF6BC0069D9F6 /* AnketaVC.swift */; };
		D0D476B1296FF6CC0069D9F6 /* AnketaInstaller.swift in Sources */ = {isa = PBXBuildFile; fileRef = D0D476B0296FF6CC0069D9F6 /* AnketaInstaller.swift */; };
		D0D476B3296FF6D60069D9F6 /* AnketaPresenter.swift in Sources */ = {isa = PBXBuildFile; fileRef = D0D476B2296FF6D60069D9F6 /* AnketaPresenter.swift */; };
		D0D476B5296FF6E30069D9F6 /* AnketaInteractor.swift in Sources */ = {isa = PBXBuildFile; fileRef = D0D476B4296FF6E30069D9F6 /* AnketaInteractor.swift */; };
		D0D476B7296FF6EE0069D9F6 /* AnketaRouter.swift in Sources */ = {isa = PBXBuildFile; fileRef = D0D476B6296FF6EE0069D9F6 /* AnketaRouter.swift */; };
		D0D476BA296FF9A40069D9F6 /* HomeVC.swift in Sources */ = {isa = PBXBuildFile; fileRef = D0D476B9296FF9A40069D9F6 /* HomeVC.swift */; };
		D0D476BC296FF9D60069D9F6 /* HomeInstaller.swift in Sources */ = {isa = PBXBuildFile; fileRef = D0D476BB296FF9D60069D9F6 /* HomeInstaller.swift */; };
		D0D476BE296FF9EE0069D9F6 /* HomePresenter.swift in Sources */ = {isa = PBXBuildFile; fileRef = D0D476BD296FF9EE0069D9F6 /* HomePresenter.swift */; };
		D0D476C0296FF9F70069D9F6 /* HomeInteractor.swift in Sources */ = {isa = PBXBuildFile; fileRef = D0D476BF296FF9F70069D9F6 /* HomeInteractor.swift */; };
		D0D476C2296FF9FD0069D9F6 /* HomeRouter.swift in Sources */ = {isa = PBXBuildFile; fileRef = D0D476C1296FF9FD0069D9F6 /* HomeRouter.swift */; };
		D0D476C4297011630069D9F6 /* AnketaDM.swift in Sources */ = {isa = PBXBuildFile; fileRef = D0D476C3297011630069D9F6 /* AnketaDM.swift */; };
		D0D476C62970121B0069D9F6 /* AnketaTableViewCell.swift in Sources */ = {isa = PBXBuildFile; fileRef = D0D476C52970121B0069D9F6 /* AnketaTableViewCell.swift */; };
/* End PBXBuildFile section */

/* Begin PBXFileReference section */
		13FCEF494B80E3E916A71B5A /* Pods-My_MVVM_Project.debug.xcconfig */ = {isa = PBXFileReference; includeInIndex = 1; lastKnownFileType = text.xcconfig; name = "Pods-My_MVVM_Project.debug.xcconfig"; path = "Target Support Files/Pods-My_MVVM_Project/Pods-My_MVVM_Project.debug.xcconfig"; sourceTree = "<group>"; };
		2EAB53FE14A887C6FDACBDE5 /* Pods_My_MVVM_Project.framework */ = {isa = PBXFileReference; explicitFileType = wrapper.framework; includeInIndex = 0; path = Pods_My_MVVM_Project.framework; sourceTree = BUILT_PRODUCTS_DIR; };
		C42094865F5906BA6E37411E /* Pods-My_MVVM_Project.release.xcconfig */ = {isa = PBXFileReference; includeInIndex = 1; lastKnownFileType = text.xcconfig; name = "Pods-My_MVVM_Project.release.xcconfig"; path = "Target Support Files/Pods-My_MVVM_Project/Pods-My_MVVM_Project.release.xcconfig"; sourceTree = "<group>"; };
		D025093429702136003DAEE0 /* CalendarDialogController.swift */ = {isa = PBXFileReference; lastKnownFileType = sourcecode.swift; path = CalendarDialogController.swift; sourceTree = "<group>"; };
		D04184C9296E767F00DCA40C /* My_MVVM_Project.app */ = {isa = PBXFileReference; explicitFileType = wrapper.application; includeInIndex = 0; path = My_MVVM_Project.app; sourceTree = BUILT_PRODUCTS_DIR; };
		D04184CC296E767F00DCA40C /* AppDelegate.swift */ = {isa = PBXFileReference; lastKnownFileType = sourcecode.swift; path = AppDelegate.swift; sourceTree = "<group>"; };
		D04184D0296E767F00DCA40C /* RMTabViewController.swift */ = {isa = PBXFileReference; lastKnownFileType = sourcecode.swift; path = RMTabViewController.swift; sourceTree = "<group>"; };
		D04184D3296E767F00DCA40C /* Base */ = {isa = PBXFileReference; lastKnownFileType = file.storyboard; name = Base; path = Base.lproj/Main.storyboard; sourceTree = "<group>"; };
		D04184D5296E768000DCA40C /* Assets.xcassets */ = {isa = PBXFileReference; lastKnownFileType = folder.assetcatalog; path = Assets.xcassets; sourceTree = "<group>"; };
		D04184D8296E768000DCA40C /* Base */ = {isa = PBXFileReference; lastKnownFileType = file.storyboard; name = Base; path = Base.lproj/LaunchScreen.storyboard; sourceTree = "<group>"; };
		D04184DA296E768000DCA40C /* Info.plist */ = {isa = PBXFileReference; lastKnownFileType = text.plist.xml; path = Info.plist; sourceTree = "<group>"; };
		D04184E7296E7BBE00DCA40C /* RMCharacterViewController.swift */ = {isa = PBXFileReference; lastKnownFileType = sourcecode.swift; path = RMCharacterViewController.swift; sourceTree = "<group>"; };
		D04184E9296E7BD400DCA40C /* RMLocationViewController.swift */ = {isa = PBXFileReference; lastKnownFileType = sourcecode.swift; path = RMLocationViewController.swift; sourceTree = "<group>"; };
		D04184EB296E7BE000DCA40C /* RMEpisodesViewController.swift */ = {isa = PBXFileReference; lastKnownFileType = sourcecode.swift; path = RMEpisodesViewController.swift; sourceTree = "<group>"; };
		D04184ED296E7BED00DCA40C /* RMSettingsViewController.swift */ = {isa = PBXFileReference; lastKnownFileType = sourcecode.swift; path = RMSettingsViewController.swift; sourceTree = "<group>"; };
		D046B8FE297170170031D14E /* SwipeGestureUSedViewController.swift */ = {isa = PBXFileReference; lastKnownFileType = sourcecode.swift; path = SwipeGestureUSedViewController.swift; sourceTree = "<group>"; };
		D046B901297183590031D14E /* ExpandingView.swift */ = {isa = PBXFileReference; lastKnownFileType = sourcecode.swift; path = ExpandingView.swift; sourceTree = "<group>"; };
		D046B9042971854B0031D14E /* PaymentConfirmationVC.swift */ = {isa = PBXFileReference; lastKnownFileType = sourcecode.swift; path = PaymentConfirmationVC.swift; sourceTree = "<group>"; };
		D046B9062971855A0031D14E /* PaymentConfirmationInstaller.swift */ = {isa = PBXFileReference; lastKnownFileType = sourcecode.swift; path = PaymentConfirmationInstaller.swift; sourceTree = "<group>"; };
		D046B908297185690031D14E /* PaymentConfirmationPresenter.swift */ = {isa = PBXFileReference; lastKnownFileType = sourcecode.swift; path = PaymentConfirmationPresenter.swift; sourceTree = "<group>"; };
		D046B90A297185760031D14E /* PaymentConfirmationInteractor.swift */ = {isa = PBXFileReference; lastKnownFileType = sourcecode.swift; path = PaymentConfirmationInteractor.swift; sourceTree = "<group>"; };
		D046B90C297185840031D14E /* PaymentConfirmationRouter.swift */ = {isa = PBXFileReference; lastKnownFileType = sourcecode.swift; path = PaymentConfirmationRouter.swift; sourceTree = "<group>"; };
		D0560980296FE26300C456BB /* SettingVCRouter.swift */ = {isa = PBXFileReference; fileEncoding = 4; lastKnownFileType = sourcecode.swift; name = SettingVCRouter.swift; path = ../../TengeTestTemplate/TengeTestTemplate/SettingVCRouter.swift; sourceTree = "<group>"; };
		D0560981296FE26300C456BB /* SettingVCInteractor.swift */ = {isa = PBXFileReference; fileEncoding = 4; lastKnownFileType = sourcecode.swift; name = SettingVCInteractor.swift; path = ../../TengeTestTemplate/TengeTestTemplate/SettingVCInteractor.swift; sourceTree = "<group>"; };
		D0560982296FE26300C456BB /* StandartOrdersView.swift */ = {isa = PBXFileReference; fileEncoding = 4; lastKnownFileType = sourcecode.swift; name = StandartOrdersView.swift; path = ../../TengeTestTemplate/TengeTestTemplate/StandartOrdersView.swift; sourceTree = "<group>"; };
		D0560983296FE26300C456BB /* SettingVCPresenter.swift */ = {isa = PBXFileReference; fileEncoding = 4; lastKnownFileType = sourcecode.swift; name = SettingVCPresenter.swift; path = ../../TengeTestTemplate/TengeTestTemplate/SettingVCPresenter.swift; sourceTree = "<group>"; };
		D0560984296FE26300C456BB /* SettingVCInstaller.swift */ = {isa = PBXFileReference; fileEncoding = 4; lastKnownFileType = sourcecode.swift; name = SettingVCInstaller.swift; path = ../../TengeTestTemplate/TengeTestTemplate/SettingVCInstaller.swift; sourceTree = "<group>"; };
		D0560985296FE26300C456BB /* SettingVC.swift */ = {isa = PBXFileReference; fileEncoding = 4; lastKnownFileType = sourcecode.swift; name = SettingVC.swift; path = ../../TengeTestTemplate/TengeTestTemplate/SettingVC.swift; sourceTree = "<group>"; };
		D0560986296FE26300C456BB /* ItemView.swift */ = {isa = PBXFileReference; fileEncoding = 4; lastKnownFileType = sourcecode.swift; name = ItemView.swift; path = ../../TengeTestTemplate/TengeTestTemplate/ItemView.swift; sourceTree = "<group>"; };
		D056098E296FE29200C456BB /* BaseViewController.swift */ = {isa = PBXFileReference; fileEncoding = 4; lastKnownFileType = sourcecode.swift; name = BaseViewController.swift; path = ../../MyViperProject/MyViperProject/SettingMenuViewController/BaseViewController.swift; sourceTree = "<group>"; };
		D0560990296FE2A000C456BB /* OrdersDataModel.swift */ = {isa = PBXFileReference; fileEncoding = 4; lastKnownFileType = sourcecode.swift; name = OrdersDataModel.swift; path = ../../MyViperProject/MyViperProject/SettingMenuViewController/Entity/OrdersDataModel.swift; sourceTree = "<group>"; };
		D0908255296ED7D400C1D9EE /* RMService.swift */ = {isa = PBXFileReference; lastKnownFileType = sourcecode.swift; path = RMService.swift; sourceTree = "<group>"; };
		D0908257296ED87F00C1D9EE /* RMRequest.swift */ = {isa = PBXFileReference; lastKnownFileType = sourcecode.swift; path = RMRequest.swift; sourceTree = "<group>"; };
		D0908259296ED90300C1D9EE /* RMEndpoint.swift */ = {isa = PBXFileReference; lastKnownFileType = sourcecode.swift; path = RMEndpoint.swift; sourceTree = "<group>"; };
		D090825B296EDA0A00C1D9EE /* RMLocation.swift */ = {isa = PBXFileReference; lastKnownFileType = sourcecode.swift; path = RMLocation.swift; sourceTree = "<group>"; };
		D090825D296EDA1400C1D9EE /* RMEpisode.swift */ = {isa = PBXFileReference; lastKnownFileType = sourcecode.swift; path = RMEpisode.swift; sourceTree = "<group>"; };
		D090825F296EDA2500C1D9EE /* RMCharacter.swift */ = {isa = PBXFileReference; lastKnownFileType = sourcecode.swift; path = RMCharacter.swift; sourceTree = "<group>"; };
		D0D4766B296FE3230069D9F6 /* FloatingTextFieldView.swift */ = {isa = PBXFileReference; fileEncoding = 4; lastKnownFileType = sourcecode.swift; name = FloatingTextFieldView.swift; path = ../../MyViperProject/MyViperProject/CustomViews/Home/FloatingTextFieldView.swift; sourceTree = "<group>"; };
		D0D4766C296FE3230069D9F6 /* HomeHeaderView.swift */ = {isa = PBXFileReference; fileEncoding = 4; lastKnownFileType = sourcecode.swift; name = HomeHeaderView.swift; path = ../../MyViperProject/MyViperProject/CustomViews/Home/HomeHeaderView.swift; sourceTree = "<group>"; };
		D0D4766E296FE3230069D9F6 /* HomePlatejiView.swift */ = {isa = PBXFileReference; fileEncoding = 4; lastKnownFileType = sourcecode.swift; name = HomePlatejiView.swift; path = ../../MyViperProject/MyViperProject/CustomViews/Home/HomePlatejiView.swift; sourceTree = "<group>"; };
		D0D4766F296FE3230069D9F6 /* HomeValyutaCollViewCell.swift */ = {isa = PBXFileReference; fileEncoding = 4; lastKnownFileType = sourcecode.swift; name = HomeValyutaCollViewCell.swift; path = ../../MyViperProject/MyViperProject/CustomViews/Home/HomeValyutaCollViewCell.swift; sourceTree = "<group>"; };
		D0D47677296FE4250069D9F6 /* String+EXT.swift */ = {isa = PBXFileReference; fileEncoding = 4; lastKnownFileType = sourcecode.swift; name = "String+EXT.swift"; path = "../../MyViperProject/MyViperProject/String+EXT.swift"; sourceTree = "<group>"; };
		D0D47679296FE4250069D9F6 /* UICOLOR+EXT.swift */ = {isa = PBXFileReference; fileEncoding = 4; lastKnownFileType = sourcecode.swift; name = "UICOLOR+EXT.swift"; path = "../../MyViperProject/MyViperProject/UICOLOR+EXT.swift"; sourceTree = "<group>"; };
		D0D4767A296FE4250069D9F6 /* UIView+EXT.swift */ = {isa = PBXFileReference; fileEncoding = 4; lastKnownFileType = sourcecode.swift; name = "UIView+EXT.swift"; path = "../../MyViperProject/MyViperProject/UIView+EXT.swift"; sourceTree = "<group>"; };
		D0D4767F296FE49D0069D9F6 /* ViewInstaller.swift */ = {isa = PBXFileReference; fileEncoding = 4; lastKnownFileType = sourcecode.swift; name = ViewInstaller.swift; path = ../../MyViperProject/MyViperProject/ViperExtension/ViewInstaller.swift; sourceTree = "<group>"; };
		D0D47681296FE49D0069D9F6 /* PresentationProtocol.swift */ = {isa = PBXFileReference; fileEncoding = 4; lastKnownFileType = sourcecode.swift; name = PresentationProtocol.swift; path = ../../MyViperProject/MyViperProject/ViperExtension/PresentationProtocol.swift; sourceTree = "<group>"; };
		D0D47685296FE5C10069D9F6 /* LichniyKabinetViewInstaller.swift */ = {isa = PBXFileReference; fileEncoding = 4; lastKnownFileType = sourcecode.swift; name = LichniyKabinetViewInstaller.swift; path = ../../MyViperProject/MyViperProject/LichniyKabinetViewController/LichniyKabinetViewInstaller.swift; sourceTree = "<group>"; };
		D0D47686296FE5C10069D9F6 /* LichniyKabinetViewRouter.swift */ = {isa = PBXFileReference; fileEncoding = 4; lastKnownFileType = sourcecode.swift; name = LichniyKabinetViewRouter.swift; path = ../../MyViperProject/MyViperProject/LichniyKabinetViewController/LichniyKabinetViewRouter.swift; sourceTree = "<group>"; };
		D0D47687296FE5C10069D9F6 /* LichniyKabinetViewInteractor.swift */ = {isa = PBXFileReference; fileEncoding = 4; lastKnownFileType = sourcecode.swift; name = LichniyKabinetViewInteractor.swift; path = ../../MyViperProject/MyViperProject/LichniyKabinetViewController/LichniyKabinetViewInteractor.swift; sourceTree = "<group>"; };
		D0D47688296FE5C10069D9F6 /* LichniyKabinetViewController.swift */ = {isa = PBXFileReference; fileEncoding = 4; lastKnownFileType = sourcecode.swift; name = LichniyKabinetViewController.swift; path = ../../MyViperProject/MyViperProject/LichniyKabinetViewController/LichniyKabinetViewController.swift; sourceTree = "<group>"; };
		D0D47689296FE5C10069D9F6 /* LichniyKabinetViewPresenter.swift */ = {isa = PBXFileReference; fileEncoding = 4; lastKnownFileType = sourcecode.swift; name = LichniyKabinetViewPresenter.swift; path = ../../MyViperProject/MyViperProject/LichniyKabinetViewController/LichniyKabinetViewPresenter.swift; sourceTree = "<group>"; };
		D0D4768A296FE5C10069D9F6 /* ValyutaOptionViewController.swift */ = {isa = PBXFileReference; fileEncoding = 4; lastKnownFileType = sourcecode.swift; name = ValyutaOptionViewController.swift; path = ../../MyViperProject/MyViperProject/LichniyKabinetViewController/ValyutaOptionViewController.swift; sourceTree = "<group>"; };
		D0D47693296FED960069D9F6 /* BaseRouter.swift */ = {isa = PBXFileReference; lastKnownFileType = sourcecode.swift; path = BaseRouter.swift; sourceTree = "<group>"; };
		D0D47698296FEE0D0069D9F6 /* ViewInstaller.swift */ = {isa = PBXFileReference; lastKnownFileType = sourcecode.swift; name = ViewInstaller.swift; path = ../../../MyViperProject/MyViperProject/ViperExtension/ViewInstaller.swift; sourceTree = "<group>"; };
		D0D47699296FEE0D0069D9F6 /* PresentationProtocol.swift */ = {isa = PBXFileReference; lastKnownFileType = sourcecode.swift; name = PresentationProtocol.swift; path = ../../../MyViperProject/MyViperProject/ViperExtension/PresentationProtocol.swift; sourceTree = "<group>"; };
		D0D476AB296FEEEA0069D9F6 /* MaterialMultilineOutlinedView.swift 11-23-14-790.swift */ = {isa = PBXFileReference; fileEncoding = 4; lastKnownFileType = sourcecode.swift; name = "MaterialMultilineOutlinedView.swift 11-23-14-790.swift"; path = "../../../../../.Trash/MaterialMultilineOutlinedView.swift 11-23-14-790.swift"; sourceTree = "<group>"; };
		D0D476AE296FF6BC0069D9F6 /* AnketaVC.swift */ = {isa = PBXFileReference; lastKnownFileType = sourcecode.swift; path = AnketaVC.swift; sourceTree = "<group>"; };
		D0D476B0296FF6CC0069D9F6 /* AnketaInstaller.swift */ = {isa = PBXFileReference; lastKnownFileType = sourcecode.swift; path = AnketaInstaller.swift; sourceTree = "<group>"; };
		D0D476B2296FF6D60069D9F6 /* AnketaPresenter.swift */ = {isa = PBXFileReference; lastKnownFileType = sourcecode.swift; path = AnketaPresenter.swift; sourceTree = "<group>"; };
		D0D476B4296FF6E30069D9F6 /* AnketaInteractor.swift */ = {isa = PBXFileReference; lastKnownFileType = sourcecode.swift; path = AnketaInteractor.swift; sourceTree = "<group>"; };
		D0D476B6296FF6EE0069D9F6 /* AnketaRouter.swift */ = {isa = PBXFileReference; lastKnownFileType = sourcecode.swift; path = AnketaRouter.swift; sourceTree = "<group>"; };
		D0D476B9296FF9A40069D9F6 /* HomeVC.swift */ = {isa = PBXFileReference; lastKnownFileType = sourcecode.swift; path = HomeVC.swift; sourceTree = "<group>"; };
		D0D476BB296FF9D60069D9F6 /* HomeInstaller.swift */ = {isa = PBXFileReference; lastKnownFileType = sourcecode.swift; path = HomeInstaller.swift; sourceTree = "<group>"; };
		D0D476BD296FF9EE0069D9F6 /* HomePresenter.swift */ = {isa = PBXFileReference; lastKnownFileType = sourcecode.swift; path = HomePresenter.swift; sourceTree = "<group>"; };
		D0D476BF296FF9F70069D9F6 /* HomeInteractor.swift */ = {isa = PBXFileReference; lastKnownFileType = sourcecode.swift; path = HomeInteractor.swift; sourceTree = "<group>"; };
		D0D476C1296FF9FD0069D9F6 /* HomeRouter.swift */ = {isa = PBXFileReference; lastKnownFileType = sourcecode.swift; path = HomeRouter.swift; sourceTree = "<group>"; };
		D0D476C3297011630069D9F6 /* AnketaDM.swift */ = {isa = PBXFileReference; lastKnownFileType = sourcecode.swift; path = AnketaDM.swift; sourceTree = "<group>"; };
		D0D476C52970121B0069D9F6 /* AnketaTableViewCell.swift */ = {isa = PBXFileReference; lastKnownFileType = sourcecode.swift; path = AnketaTableViewCell.swift; sourceTree = "<group>"; };
/* End PBXFileReference section */

/* Begin PBXFrameworksBuildPhase section */
		D04184C6296E767F00DCA40C /* Frameworks */ = {
			isa = PBXFrameworksBuildPhase;
			buildActionMask = 2147483647;
			files = (
				A7B14E0BC1D6D758C0B476C2 /* Pods_My_MVVM_Project.framework in Frameworks */,
			);
			runOnlyForDeploymentPostprocessing = 0;
		};
/* End PBXFrameworksBuildPhase section */

/* Begin PBXGroup section */
		15C5FB36AA21CED5EB744EC2 /* Frameworks */ = {
			isa = PBXGroup;
			children = (
				2EAB53FE14A887C6FDACBDE5 /* Pods_My_MVVM_Project.framework */,
			);
			name = Frameworks;
			sourceTree = "<group>";
		};
		2A0271A083B347E85D68F050 /* Pods */ = {
			isa = PBXGroup;
			children = (
				13FCEF494B80E3E916A71B5A /* Pods-My_MVVM_Project.debug.xcconfig */,
				C42094865F5906BA6E37411E /* Pods-My_MVVM_Project.release.xcconfig */,
			);
			path = Pods;
			sourceTree = "<group>";
		};
		D04184C0296E767F00DCA40C = {
			isa = PBXGroup;
			children = (
				D04184CB296E767F00DCA40C /* My_MVVM_Project */,
				D04184CA296E767F00DCA40C /* Products */,
				2A0271A083B347E85D68F050 /* Pods */,
				15C5FB36AA21CED5EB744EC2 /* Frameworks */,
			);
			sourceTree = "<group>";
		};
		D04184CA296E767F00DCA40C /* Products */ = {
			isa = PBXGroup;
			children = (
				D04184C9296E767F00DCA40C /* My_MVVM_Project.app */,
			);
			name = Products;
			sourceTree = "<group>";
		};
		D04184CB296E767F00DCA40C /* My_MVVM_Project */ = {
			isa = PBXGroup;
			children = (
				D046B9032971852A0031D14E /* PaymentConfirmations */,
				D046B900297183460031D14E /* CustomViews */,
				D0D476B8296FF98C0069D9F6 /* HomeVC */,
				D0D476AD296FF1EF0069D9F6 /* AnketaVC */,
				D056098E296FE29200C456BB /* BaseViewController.swift */,
				D0D4766B296FE3230069D9F6 /* FloatingTextFieldView.swift */,
				D0D4766C296FE3230069D9F6 /* HomeHeaderView.swift */,
				D0D47677296FE4250069D9F6 /* String+EXT.swift */,
				D0D47679296FE4250069D9F6 /* UICOLOR+EXT.swift */,
				D0D4767A296FE4250069D9F6 /* UIView+EXT.swift */,
				D0D4766E296FE3230069D9F6 /* HomePlatejiView.swift */,
				D0D4766F296FE3230069D9F6 /* HomeValyutaCollViewCell.swift */,
				D0560986296FE26300C456BB /* ItemView.swift */,
				D0D476AB296FEEEA0069D9F6 /* MaterialMultilineOutlinedView.swift 11-23-14-790.swift */,
				D0560985296FE26300C456BB /* SettingVC.swift */,
				D0560984296FE26300C456BB /* SettingVCInstaller.swift */,
				D0D47691296FED960069D9F6 /* ViperExtension */,
				D0D47681296FE49D0069D9F6 /* PresentationProtocol.swift */,
				D0D4767F296FE49D0069D9F6 /* ViewInstaller.swift */,
				D0D47688296FE5C10069D9F6 /* LichniyKabinetViewController.swift */,
				D0D47685296FE5C10069D9F6 /* LichniyKabinetViewInstaller.swift */,
				D0D47687296FE5C10069D9F6 /* LichniyKabinetViewInteractor.swift */,
				D0D47689296FE5C10069D9F6 /* LichniyKabinetViewPresenter.swift */,
				D0D47686296FE5C10069D9F6 /* LichniyKabinetViewRouter.swift */,
				D0D4768A296FE5C10069D9F6 /* ValyutaOptionViewController.swift */,
				D0560981296FE26300C456BB /* SettingVCInteractor.swift */,
				D0560983296FE26300C456BB /* SettingVCPresenter.swift */,
				D0560990296FE2A000C456BB /* OrdersDataModel.swift */,
				D0560980296FE26300C456BB /* SettingVCRouter.swift */,
				D0560982296FE26300C456BB /* StandartOrdersView.swift */,
				D04184E6296E7A2B00DCA40C /* Managers */,
				D04184E5296E7A1D00DCA40C /* APIClient */,
				D04184E3296E79EA00DCA40C /* Controllers */,
				D04184E2296E79C200DCA40C /* ViewModels */,
				D04184E1296E79BA00DCA40C /* Views */,
				D04184E0296E79AB00DCA40C /* Models */,
				D04184E4296E79F400DCA40C /* Resources */,
				D04184DA296E768000DCA40C /* Info.plist */,
				D046B8FE297170170031D14E /* SwipeGestureUSedViewController.swift */,
			);
			path = My_MVVM_Project;
			sourceTree = "<group>";
		};
		D04184E0296E79AB00DCA40C /* Models */ = {
			isa = PBXGroup;
			children = (
				D090825B296EDA0A00C1D9EE /* RMLocation.swift */,
				D090825D296EDA1400C1D9EE /* RMEpisode.swift */,
				D090825F296EDA2500C1D9EE /* RMCharacter.swift */,
			);
			path = Models;
			sourceTree = "<group>";
		};
		D04184E1296E79BA00DCA40C /* Views */ = {
			isa = PBXGroup;
			children = (
			);
			path = Views;
			sourceTree = "<group>";
		};
		D04184E2296E79C200DCA40C /* ViewModels */ = {
			isa = PBXGroup;
			children = (
			);
			path = ViewModels;
			sourceTree = "<group>";
		};
		D04184E3296E79EA00DCA40C /* Controllers */ = {
			isa = PBXGroup;
			children = (
				D04184D0296E767F00DCA40C /* RMTabViewController.swift */,
				D04184E7296E7BBE00DCA40C /* RMCharacterViewController.swift */,
				D04184E9296E7BD400DCA40C /* RMLocationViewController.swift */,
				D04184EB296E7BE000DCA40C /* RMEpisodesViewController.swift */,
				D04184ED296E7BED00DCA40C /* RMSettingsViewController.swift */,
			);
			path = Controllers;
			sourceTree = "<group>";
		};
		D04184E4296E79F400DCA40C /* Resources */ = {
			isa = PBXGroup;
			children = (
				D04184D2296E767F00DCA40C /* Main.storyboard */,
				D04184D5296E768000DCA40C /* Assets.xcassets */,
				D04184D7296E768000DCA40C /* LaunchScreen.storyboard */,
				D04184CC296E767F00DCA40C /* AppDelegate.swift */,
			);
			path = Resources;
			sourceTree = "<group>";
		};
		D04184E5296E7A1D00DCA40C /* APIClient */ = {
			isa = PBXGroup;
			children = (
				D0908255296ED7D400C1D9EE /* RMService.swift */,
				D0908257296ED87F00C1D9EE /* RMRequest.swift */,
				D0908259296ED90300C1D9EE /* RMEndpoint.swift */,
			);
			path = APIClient;
			sourceTree = "<group>";
		};
		D04184E6296E7A2B00DCA40C /* Managers */ = {
			isa = PBXGroup;
			children = (
			);
			path = Managers;
			sourceTree = "<group>";
		};
		D046B900297183460031D14E /* CustomViews */ = {
			isa = PBXGroup;
			children = (
				D046B901297183590031D14E /* ExpandingView.swift */,
			);
			path = CustomViews;
			sourceTree = "<group>";
		};
		D046B9032971852A0031D14E /* PaymentConfirmations */ = {
			isa = PBXGroup;
			children = (
				D046B9042971854B0031D14E /* PaymentConfirmationVC.swift */,
				D046B9062971855A0031D14E /* PaymentConfirmationInstaller.swift */,
				D046B908297185690031D14E /* PaymentConfirmationPresenter.swift */,
				D046B90A297185760031D14E /* PaymentConfirmationInteractor.swift */,
				D046B90C297185840031D14E /* PaymentConfirmationRouter.swift */,
			);
			path = PaymentConfirmations;
			sourceTree = "<group>";
		};
		D0D47691296FED960069D9F6 /* ViperExtension */ = {
			isa = PBXGroup;
			children = (
				D0D47699296FEE0D0069D9F6 /* PresentationProtocol.swift */,
				D0D47698296FEE0D0069D9F6 /* ViewInstaller.swift */,
				D0D47693296FED960069D9F6 /* BaseRouter.swift */,
			);
			path = ViperExtension;
			sourceTree = "<group>";
		};
		D0D476AD296FF1EF0069D9F6 /* AnketaVC */ = {
			isa = PBXGroup;
			children = (
				D025093429702136003DAEE0 /* CalendarDialogController.swift */,
				D0D476AE296FF6BC0069D9F6 /* AnketaVC.swift */,
				D0D476B0296FF6CC0069D9F6 /* AnketaInstaller.swift */,
				D0D476B2296FF6D60069D9F6 /* AnketaPresenter.swift */,
				D0D476B4296FF6E30069D9F6 /* AnketaInteractor.swift */,
				D0D476B6296FF6EE0069D9F6 /* AnketaRouter.swift */,
				D0D476C3297011630069D9F6 /* AnketaDM.swift */,
				D0D476C52970121B0069D9F6 /* AnketaTableViewCell.swift */,
			);
			path = AnketaVC;
			sourceTree = "<group>";
		};
		D0D476B8296FF98C0069D9F6 /* HomeVC */ = {
			isa = PBXGroup;
			children = (
				D0D476B9296FF9A40069D9F6 /* HomeVC.swift */,
				D0D476BB296FF9D60069D9F6 /* HomeInstaller.swift */,
				D0D476BD296FF9EE0069D9F6 /* HomePresenter.swift */,
				D0D476BF296FF9F70069D9F6 /* HomeInteractor.swift */,
				D0D476C1296FF9FD0069D9F6 /* HomeRouter.swift */,
			);
			path = HomeVC;
			sourceTree = "<group>";
		};
/* End PBXGroup section */

/* Begin PBXNativeTarget section */
		D04184C8296E767F00DCA40C /* My_MVVM_Project */ = {
			isa = PBXNativeTarget;
			buildConfigurationList = D04184DD296E768000DCA40C /* Build configuration list for PBXNativeTarget "My_MVVM_Project" */;
			buildPhases = (
				8328D5965C646F5693677D7A /* [CP] Check Pods Manifest.lock */,
				D04184C5296E767F00DCA40C /* Sources */,
				D04184C6296E767F00DCA40C /* Frameworks */,
				D04184C7296E767F00DCA40C /* Resources */,
				72E96BBE6E51E2C2C7050559 /* [CP] Embed Pods Frameworks */,
			);
			buildRules = (
			);
			dependencies = (
			);
			name = My_MVVM_Project;
			productName = My_MVVM_Project;
			productReference = D04184C9296E767F00DCA40C /* My_MVVM_Project.app */;
			productType = "com.apple.product-type.application";
		};
/* End PBXNativeTarget section */

/* Begin PBXProject section */
		D04184C1296E767F00DCA40C /* Project object */ = {
			isa = PBXProject;
			attributes = {
				BuildIndependentTargetsInParallel = 1;
				LastSwiftUpdateCheck = 1420;
				LastUpgradeCheck = 1420;
				TargetAttributes = {
					D04184C8296E767F00DCA40C = {
						CreatedOnToolsVersion = 14.2;
					};
				};
			};
			buildConfigurationList = D04184C4296E767F00DCA40C /* Build configuration list for PBXProject "My_MVVM_Project" */;
			compatibilityVersion = "Xcode 14.0";
			developmentRegion = en;
			hasScannedForEncodings = 0;
			knownRegions = (
				en,
				Base,
			);
			mainGroup = D04184C0296E767F00DCA40C;
			productRefGroup = D04184CA296E767F00DCA40C /* Products */;
			projectDirPath = "";
			projectRoot = "";
			targets = (
				D04184C8296E767F00DCA40C /* My_MVVM_Project */,
			);
		};
/* End PBXProject section */

/* Begin PBXResourcesBuildPhase section */
		D04184C7296E767F00DCA40C /* Resources */ = {
			isa = PBXResourcesBuildPhase;
			buildActionMask = 2147483647;
			files = (
				D04184D9296E768000DCA40C /* LaunchScreen.storyboard in Resources */,
				D04184D6296E768000DCA40C /* Assets.xcassets in Resources */,
				D04184D4296E767F00DCA40C /* Main.storyboard in Resources */,
			);
			runOnlyForDeploymentPostprocessing = 0;
		};
/* End PBXResourcesBuildPhase section */

/* Begin PBXShellScriptBuildPhase section */
		72E96BBE6E51E2C2C7050559 /* [CP] Embed Pods Frameworks */ = {
			isa = PBXShellScriptBuildPhase;
			buildActionMask = 2147483647;
			files = (
			);
			inputFileListPaths = (
				"${PODS_ROOT}/Target Support Files/Pods-My_MVVM_Project/Pods-My_MVVM_Project-frameworks-${CONFIGURATION}-input-files.xcfilelist",
			);
			name = "[CP] Embed Pods Frameworks";
			outputFileListPaths = (
				"${PODS_ROOT}/Target Support Files/Pods-My_MVVM_Project/Pods-My_MVVM_Project-frameworks-${CONFIGURATION}-output-files.xcfilelist",
			);
			runOnlyForDeploymentPostprocessing = 0;
			shellPath = /bin/sh;
			shellScript = "\"${PODS_ROOT}/Target Support Files/Pods-My_MVVM_Project/Pods-My_MVVM_Project-frameworks.sh\"\n";
			showEnvVarsInLog = 0;
		};
		8328D5965C646F5693677D7A /* [CP] Check Pods Manifest.lock */ = {
			isa = PBXShellScriptBuildPhase;
			buildActionMask = 2147483647;
			files = (
			);
			inputFileListPaths = (
			);
			inputPaths = (
				"${PODS_PODFILE_DIR_PATH}/Podfile.lock",
				"${PODS_ROOT}/Manifest.lock",
			);
			name = "[CP] Check Pods Manifest.lock";
			outputFileListPaths = (
			);
			outputPaths = (
				"$(DERIVED_FILE_DIR)/Pods-My_MVVM_Project-checkManifestLockResult.txt",
			);
			runOnlyForDeploymentPostprocessing = 0;
			shellPath = /bin/sh;
			shellScript = "diff \"${PODS_PODFILE_DIR_PATH}/Podfile.lock\" \"${PODS_ROOT}/Manifest.lock\" > /dev/null\nif [ $? != 0 ] ; then\n    # print error to STDERR\n    echo \"error: The sandbox is not in sync with the Podfile.lock. Run 'pod install' or update your CocoaPods installation.\" >&2\n    exit 1\nfi\n# This output is used by Xcode 'outputs' to avoid re-running this script phase.\necho \"SUCCESS\" > \"${SCRIPT_OUTPUT_FILE_0}\"\n";
			showEnvVarsInLog = 0;
		};
/* End PBXShellScriptBuildPhase section */

/* Begin PBXSourcesBuildPhase section */
		D04184C5296E767F00DCA40C /* Sources */ = {
			isa = PBXSourcesBuildPhase;
			buildActionMask = 2147483647;
			files = (
				D0D476B7296FF6EE0069D9F6 /* AnketaRouter.swift in Sources */,
				D0D476AC296FEEEA0069D9F6 /* MaterialMultilineOutlinedView.swift 11-23-14-790.swift in Sources */,
				D0D47675296FE3230069D9F6 /* HomeValyutaCollViewCell.swift in Sources */,
				D0908260296EDA2500C1D9EE /* RMCharacter.swift in Sources */,
				D0D4767D296FE4250069D9F6 /* UICOLOR+EXT.swift in Sources */,
				D056098C296FE26300C456BB /* SettingVC.swift in Sources */,
				D04184EE296E7BED00DCA40C /* RMSettingsViewController.swift in Sources */,
				D0D4769A296FEE0D0069D9F6 /* PresentationProtocol.swift in Sources */,
				D0D476B5296FF6E30069D9F6 /* AnketaInteractor.swift in Sources */,
				D0D4769B296FEE0D0069D9F6 /* ViewInstaller.swift in Sources */,
				D056098D296FE26300C456BB /* ItemView.swift in Sources */,
				D0D47695296FEDDA0069D9F6 /* BaseRouter.swift in Sources */,
				D0D4768F296FE5C10069D9F6 /* LichniyKabinetViewPresenter.swift in Sources */,
				D0D4767B296FE4250069D9F6 /* String+EXT.swift in Sources */,
				D0D47684296FE49D0069D9F6 /* PresentationProtocol.swift in Sources */,
				D025093529702136003DAEE0 /* CalendarDialogController.swift in Sources */,
				D046B9072971855A0031D14E /* PaymentConfirmationInstaller.swift in Sources */,
				D056098A296FE26300C456BB /* SettingVCPresenter.swift in Sources */,
				D056098F296FE29200C456BB /* BaseViewController.swift in Sources */,
				D0560989296FE26300C456BB /* StandartOrdersView.swift in Sources */,
				D056098B296FE26300C456BB /* SettingVCInstaller.swift in Sources */,
				D0D476BA296FF9A40069D9F6 /* HomeVC.swift in Sources */,
				D0560991296FE2A000C456BB /* OrdersDataModel.swift in Sources */,
				D0D47674296FE3230069D9F6 /* HomePlatejiView.swift in Sources */,
				D0D4768E296FE5C10069D9F6 /* LichniyKabinetViewController.swift in Sources */,
				D0560987296FE26300C456BB /* SettingVCRouter.swift in Sources */,
				D046B9052971854B0031D14E /* PaymentConfirmationVC.swift in Sources */,
				D0D47671296FE3230069D9F6 /* FloatingTextFieldView.swift in Sources */,
				D0D476C2296FF9FD0069D9F6 /* HomeRouter.swift in Sources */,
				D04184EA296E7BD400DCA40C /* RMLocationViewController.swift in Sources */,
				D0908258296ED87F00C1D9EE /* RMRequest.swift in Sources */,
				D0D476B3296FF6D60069D9F6 /* AnketaPresenter.swift in Sources */,
				D0D4768B296FE5C10069D9F6 /* LichniyKabinetViewInstaller.swift in Sources */,
				D0D476B1296FF6CC0069D9F6 /* AnketaInstaller.swift in Sources */,
				D0908256296ED7D400C1D9EE /* RMService.swift in Sources */,
				D0D4768C296FE5C10069D9F6 /* LichniyKabinetViewRouter.swift in Sources */,
				D04184D1296E767F00DCA40C /* RMTabViewController.swift in Sources */,
				D0D476C0296FF9F70069D9F6 /* HomeInteractor.swift in Sources */,
				D04184E8296E7BBE00DCA40C /* RMCharacterViewController.swift in Sources */,
				D046B90D297185840031D14E /* PaymentConfirmationRouter.swift in Sources */,
				D0560988296FE26300C456BB /* SettingVCInteractor.swift in Sources */,
				D046B909297185690031D14E /* PaymentConfirmationPresenter.swift in Sources */,
				D0D4768D296FE5C10069D9F6 /* LichniyKabinetViewInteractor.swift in Sources */,
				D0D47682296FE49D0069D9F6 /* ViewInstaller.swift in Sources */,
				D0D476BC296FF9D60069D9F6 /* HomeInstaller.swift in Sources */,
				D090825A296ED90300C1D9EE /* RMEndpoint.swift in Sources */,
				D090825C296EDA0A00C1D9EE /* RMLocation.swift in Sources */,
				D046B8FF297170170031D14E /* SwipeGestureUSedViewController.swift in Sources */,
				D04184EC296E7BE000DCA40C /* RMEpisodesViewController.swift in Sources */,
				D0D4767E296FE4250069D9F6 /* UIView+EXT.swift in Sources */,
				D0D476BE296FF9EE0069D9F6 /* HomePresenter.swift in Sources */,
				D046B902297183590031D14E /* ExpandingView.swift in Sources */,
				D04184CD296E767F00DCA40C /* AppDelegate.swift in Sources */,
				D046B90B297185760031D14E /* PaymentConfirmationInteractor.swift in Sources */,
				D0D476C4297011630069D9F6 /* AnketaDM.swift in Sources */,
				D0D47672296FE3230069D9F6 /* HomeHeaderView.swift in Sources */,
				D0D476AF296FF6BC0069D9F6 /* AnketaVC.swift in Sources */,
				D090825E296EDA1400C1D9EE /* RMEpisode.swift in Sources */,
				D0D476C62970121B0069D9F6 /* AnketaTableViewCell.swift in Sources */,
				D0D47690296FE5C10069D9F6 /* ValyutaOptionViewController.swift in Sources */,
			);
			runOnlyForDeploymentPostprocessing = 0;
		};
/* End PBXSourcesBuildPhase section */

/* Begin PBXVariantGroup section */
		D04184D2296E767F00DCA40C /* Main.storyboard */ = {
			isa = PBXVariantGroup;
			children = (
				D04184D3296E767F00DCA40C /* Base */,
			);
			name = Main.storyboard;
			sourceTree = "<group>";
		};
		D04184D7296E768000DCA40C /* LaunchScreen.storyboard */ = {
			isa = PBXVariantGroup;
			children = (
				D04184D8296E768000DCA40C /* Base */,
			);
			name = LaunchScreen.storyboard;
			sourceTree = "<group>";
		};
/* End PBXVariantGroup section */

/* Begin XCBuildConfiguration section */
		D04184DB296E768000DCA40C /* Debug */ = {
			isa = XCBuildConfiguration;
			buildSettings = {
				ALWAYS_SEARCH_USER_PATHS = NO;
				CLANG_ANALYZER_NONNULL = YES;
				CLANG_ANALYZER_NUMBER_OBJECT_CONVERSION = YES_AGGRESSIVE;
				CLANG_CXX_LANGUAGE_STANDARD = "gnu++20";
				CLANG_ENABLE_MODULES = YES;
				CLANG_ENABLE_OBJC_ARC = YES;
				CLANG_ENABLE_OBJC_WEAK = YES;
				CLANG_WARN_BLOCK_CAPTURE_AUTORELEASING = YES;
				CLANG_WARN_BOOL_CONVERSION = YES;
				CLANG_WARN_COMMA = YES;
				CLANG_WARN_CONSTANT_CONVERSION = YES;
				CLANG_WARN_DEPRECATED_OBJC_IMPLEMENTATIONS = YES;
				CLANG_WARN_DIRECT_OBJC_ISA_USAGE = YES_ERROR;
				CLANG_WARN_DOCUMENTATION_COMMENTS = YES;
				CLANG_WARN_EMPTY_BODY = YES;
				CLANG_WARN_ENUM_CONVERSION = YES;
				CLANG_WARN_INFINITE_RECURSION = YES;
				CLANG_WARN_INT_CONVERSION = YES;
				CLANG_WARN_NON_LITERAL_NULL_CONVERSION = YES;
				CLANG_WARN_OBJC_IMPLICIT_RETAIN_SELF = YES;
				CLANG_WARN_OBJC_LITERAL_CONVERSION = YES;
				CLANG_WARN_OBJC_ROOT_CLASS = YES_ERROR;
				CLANG_WARN_QUOTED_INCLUDE_IN_FRAMEWORK_HEADER = YES;
				CLANG_WARN_RANGE_LOOP_ANALYSIS = YES;
				CLANG_WARN_STRICT_PROTOTYPES = YES;
				CLANG_WARN_SUSPICIOUS_MOVE = YES;
				CLANG_WARN_UNGUARDED_AVAILABILITY = YES_AGGRESSIVE;
				CLANG_WARN_UNREACHABLE_CODE = YES;
				CLANG_WARN__DUPLICATE_METHOD_MATCH = YES;
				COPY_PHASE_STRIP = NO;
				DEBUG_INFORMATION_FORMAT = dwarf;
				ENABLE_STRICT_OBJC_MSGSEND = YES;
				ENABLE_TESTABILITY = YES;
				GCC_C_LANGUAGE_STANDARD = gnu11;
				GCC_DYNAMIC_NO_PIC = NO;
				GCC_NO_COMMON_BLOCKS = YES;
				GCC_OPTIMIZATION_LEVEL = 0;
				GCC_PREPROCESSOR_DEFINITIONS = (
					"DEBUG=1",
					"$(inherited)",
				);
				GCC_WARN_64_TO_32_BIT_CONVERSION = YES;
				GCC_WARN_ABOUT_RETURN_TYPE = YES_ERROR;
				GCC_WARN_UNDECLARED_SELECTOR = YES;
				GCC_WARN_UNINITIALIZED_AUTOS = YES_AGGRESSIVE;
				GCC_WARN_UNUSED_FUNCTION = YES;
				GCC_WARN_UNUSED_VARIABLE = YES;
				IPHONEOS_DEPLOYMENT_TARGET = 16.2;
				MTL_ENABLE_DEBUG_INFO = INCLUDE_SOURCE;
				MTL_FAST_MATH = YES;
				ONLY_ACTIVE_ARCH = YES;
				SDKROOT = iphoneos;
				SWIFT_ACTIVE_COMPILATION_CONDITIONS = DEBUG;
				SWIFT_OPTIMIZATION_LEVEL = "-Onone";
			};
			name = Debug;
		};
		D04184DC296E768000DCA40C /* Release */ = {
			isa = XCBuildConfiguration;
			buildSettings = {
				ALWAYS_SEARCH_USER_PATHS = NO;
				CLANG_ANALYZER_NONNULL = YES;
				CLANG_ANALYZER_NUMBER_OBJECT_CONVERSION = YES_AGGRESSIVE;
				CLANG_CXX_LANGUAGE_STANDARD = "gnu++20";
				CLANG_ENABLE_MODULES = YES;
				CLANG_ENABLE_OBJC_ARC = YES;
				CLANG_ENABLE_OBJC_WEAK = YES;
				CLANG_WARN_BLOCK_CAPTURE_AUTORELEASING = YES;
				CLANG_WARN_BOOL_CONVERSION = YES;
				CLANG_WARN_COMMA = YES;
				CLANG_WARN_CONSTANT_CONVERSION = YES;
				CLANG_WARN_DEPRECATED_OBJC_IMPLEMENTATIONS = YES;
				CLANG_WARN_DIRECT_OBJC_ISA_USAGE = YES_ERROR;
				CLANG_WARN_DOCUMENTATION_COMMENTS = YES;
				CLANG_WARN_EMPTY_BODY = YES;
				CLANG_WARN_ENUM_CONVERSION = YES;
				CLANG_WARN_INFINITE_RECURSION = YES;
				CLANG_WARN_INT_CONVERSION = YES;
				CLANG_WARN_NON_LITERAL_NULL_CONVERSION = YES;
				CLANG_WARN_OBJC_IMPLICIT_RETAIN_SELF = YES;
				CLANG_WARN_OBJC_LITERAL_CONVERSION = YES;
				CLANG_WARN_OBJC_ROOT_CLASS = YES_ERROR;
				CLANG_WARN_QUOTED_INCLUDE_IN_FRAMEWORK_HEADER = YES;
				CLANG_WARN_RANGE_LOOP_ANALYSIS = YES;
				CLANG_WARN_STRICT_PROTOTYPES = YES;
				CLANG_WARN_SUSPICIOUS_MOVE = YES;
				CLANG_WARN_UNGUARDED_AVAILABILITY = YES_AGGRESSIVE;
				CLANG_WARN_UNREACHABLE_CODE = YES;
				CLANG_WARN__DUPLICATE_METHOD_MATCH = YES;
				COPY_PHASE_STRIP = NO;
				DEBUG_INFORMATION_FORMAT = "dwarf-with-dsym";
				ENABLE_NS_ASSERTIONS = NO;
				ENABLE_STRICT_OBJC_MSGSEND = YES;
				GCC_C_LANGUAGE_STANDARD = gnu11;
				GCC_NO_COMMON_BLOCKS = YES;
				GCC_WARN_64_TO_32_BIT_CONVERSION = YES;
				GCC_WARN_ABOUT_RETURN_TYPE = YES_ERROR;
				GCC_WARN_UNDECLARED_SELECTOR = YES;
				GCC_WARN_UNINITIALIZED_AUTOS = YES_AGGRESSIVE;
				GCC_WARN_UNUSED_FUNCTION = YES;
				GCC_WARN_UNUSED_VARIABLE = YES;
				IPHONEOS_DEPLOYMENT_TARGET = 16.2;
				MTL_ENABLE_DEBUG_INFO = NO;
				MTL_FAST_MATH = YES;
				SDKROOT = iphoneos;
				SWIFT_COMPILATION_MODE = wholemodule;
				SWIFT_OPTIMIZATION_LEVEL = "-O";
				VALIDATE_PRODUCT = YES;
			};
			name = Release;
		};
		D04184DE296E768000DCA40C /* Debug */ = {
			isa = XCBuildConfiguration;
			baseConfigurationReference = 13FCEF494B80E3E916A71B5A /* Pods-My_MVVM_Project.debug.xcconfig */;
			buildSettings = {
				ASSETCATALOG_COMPILER_APPICON_NAME = AppIcon;
				ASSETCATALOG_COMPILER_GLOBAL_ACCENT_COLOR_NAME = AccentColor;
				CODE_SIGN_STYLE = Automatic;
				CURRENT_PROJECT_VERSION = 1;
				DEVELOPMENT_TEAM = URWSH26L7J;
				"EXCLUDED_ARCHS[sdk=*]" = arm64;
				GENERATE_INFOPLIST_FILE = YES;
				INFOPLIST_FILE = My_MVVM_Project/Info.plist;
				INFOPLIST_KEY_UIApplicationSupportsIndirectInputEvents = YES;
				INFOPLIST_KEY_UILaunchStoryboardName = LaunchScreen;
				INFOPLIST_KEY_UIMainStoryboardFile = Main;
				INFOPLIST_KEY_UISupportedInterfaceOrientations_iPad = "UIInterfaceOrientationPortrait UIInterfaceOrientationPortraitUpsideDown UIInterfaceOrientationLandscapeLeft UIInterfaceOrientationLandscapeRight";
				INFOPLIST_KEY_UISupportedInterfaceOrientations_iPhone = "UIInterfaceOrientationPortrait UIInterfaceOrientationLandscapeLeft UIInterfaceOrientationLandscapeRight";
				IPHONEOS_DEPLOYMENT_TARGET = 11.0;
				LD_RUNPATH_SEARCH_PATHS = (
					"$(inherited)",
					"@executable_path/Frameworks",
				);
				MARKETING_VERSION = 1.0;
				PRODUCT_BUNDLE_IDENTIFIER = "uz.bob.lesson1.My-MVVM-Project";
				PRODUCT_NAME = "$(TARGET_NAME)";
				SWIFT_EMIT_LOC_STRINGS = YES;
				SWIFT_VERSION = 5.0;
				TARGETED_DEVICE_FAMILY = "1,2";
			};
			name = Debug;
		};
		D04184DF296E768000DCA40C /* Release */ = {
			isa = XCBuildConfiguration;
			baseConfigurationReference = C42094865F5906BA6E37411E /* Pods-My_MVVM_Project.release.xcconfig */;
			buildSettings = {
				ASSETCATALOG_COMPILER_APPICON_NAME = AppIcon;
				ASSETCATALOG_COMPILER_GLOBAL_ACCENT_COLOR_NAME = AccentColor;
				CODE_SIGN_STYLE = Automatic;
				CURRENT_PROJECT_VERSION = 1;
				DEVELOPMENT_TEAM = URWSH26L7J;
				"EXCLUDED_ARCHS[sdk=*]" = arm64;
				GENERATE_INFOPLIST_FILE = YES;
				INFOPLIST_FILE = My_MVVM_Project/Info.plist;
				INFOPLIST_KEY_UIApplicationSupportsIndirectInputEvents = YES;
				INFOPLIST_KEY_UILaunchStoryboardName = LaunchScreen;
				INFOPLIST_KEY_UIMainStoryboardFile = Main;
				INFOPLIST_KEY_UISupportedInterfaceOrientations_iPad = "UIInterfaceOrientationPortrait UIInterfaceOrientationPortraitUpsideDown UIInterfaceOrientationLandscapeLeft UIInterfaceOrientationLandscapeRight";
				INFOPLIST_KEY_UISupportedInterfaceOrientations_iPhone = "UIInterfaceOrientationPortrait UIInterfaceOrientationLandscapeLeft UIInterfaceOrientationLandscapeRight";
				IPHONEOS_DEPLOYMENT_TARGET = 11.0;
				LD_RUNPATH_SEARCH_PATHS = (
					"$(inherited)",
					"@executable_path/Frameworks",
				);
				MARKETING_VERSION = 1.0;
				PRODUCT_BUNDLE_IDENTIFIER = "uz.bob.lesson1.My-MVVM-Project";
				PRODUCT_NAME = "$(TARGET_NAME)";
				SWIFT_EMIT_LOC_STRINGS = YES;
				SWIFT_VERSION = 5.0;
				TARGETED_DEVICE_FAMILY = "1,2";
			};
			name = Release;
		};
/* End XCBuildConfiguration section */

/* Begin XCConfigurationList section */
		D04184C4296E767F00DCA40C /* Build configuration list for PBXProject "My_MVVM_Project" */ = {
			isa = XCConfigurationList;
			buildConfigurations = (
				D04184DB296E768000DCA40C /* Debug */,
				D04184DC296E768000DCA40C /* Release */,
			);
			defaultConfigurationIsVisible = 0;
			defaultConfigurationName = Release;
		};
		D04184DD296E768000DCA40C /* Build configuration list for PBXNativeTarget "My_MVVM_Project" */ = {
			isa = XCConfigurationList;
			buildConfigurations = (
				D04184DE296E768000DCA40C /* Debug */,
				D04184DF296E768000DCA40C /* Release */,
			);
			defaultConfigurationIsVisible = 0;
			defaultConfigurationName = Release;
		};
/* End XCConfigurationList section */
	};
	rootObject = D04184C1296E767F00DCA40C /* Project object */;
}
