// !$*UTF8*$!
{
	archiveVersion = 1;
	classes = {
	};
	objectVersion = 56;
	objects = {

/* Begin PBXBuildFile section */
		D04184CD296E767F00DCA40C /* AppDelegate.swift in Sources */ = {isa = PBXBuildFile; fileRef = D04184CC296E767F00DCA40C /* AppDelegate.swift */; };
		D04184D1296E767F00DCA40C /* RMTabViewController.swift in Sources */ = {isa = PBXBuildFile; fileRef = D04184D0296E767F00DCA40C /* RMTabViewController.swift */; };
		D04184D4296E767F00DCA40C /* Main.storyboard in Resources */ = {isa = PBXBuildFile; fileRef = D04184D2296E767F00DCA40C /* Main.storyboard */; };
		D04184D6296E768000DCA40C /* Assets.xcassets in Resources */ = {isa = PBXBuildFile; fileRef = D04184D5296E768000DCA40C /* Assets.xcassets */; };
		D04184D9296E768000DCA40C /* LaunchScreen.storyboard in Resources */ = {isa = PBXBuildFile; fileRef = D04184D7296E768000DCA40C /* LaunchScreen.storyboard */; };
		D04184E8296E7BBE00DCA40C /* RMCharacterViewController.swift in Sources */ = {isa = PBXBuildFile; fileRef = D04184E7296E7BBE00DCA40C /* RMCharacterViewController.swift */; };
		D04184EA296E7BD400DCA40C /* RMLocationViewController.swift in Sources */ = {isa = PBXBuildFile; fileRef = D04184E9296E7BD400DCA40C /* RMLocationViewController.swift */; };
		D04184EC296E7BE000DCA40C /* RMEpisodesViewController.swift in Sources */ = {isa = PBXBuildFile; fileRef = D04184EB296E7BE000DCA40C /* RMEpisodesViewController.swift */; };
		D04184EE296E7BED00DCA40C /* RMSettingsViewController.swift in Sources */ = {isa = PBXBuildFile; fileRef = D04184ED296E7BED00DCA40C /* RMSettingsViewController.swift */; };
		D0908252296EC16C00C1D9EE /* Episode.swift in Sources */ = {isa = PBXBuildFile; fileRef = D0908251296EC16C00C1D9EE /* Episode.swift */; };
/* End PBXBuildFile section */

/* Begin PBXFileReference section */
		D04184C9296E767F00DCA40C /* My_MVVM_Project.app */ = {isa = PBXFileReference; explicitFileType = wrapper.application; includeInIndex = 0; path = My_MVVM_Project.app; sourceTree = BUILT_PRODUCTS_DIR; };
		D04184CC296E767F00DCA40C /* AppDelegate.swift */ = {isa = PBXFileReference; lastKnownFileType = sourcecode.swift; path = AppDelegate.swift; sourceTree = "<group>"; };
		D04184D0296E767F00DCA40C /* RMTabViewController.swift */ = {isa = PBXFileReference; lastKnownFileType = sourcecode.swift; path = RMTabViewController.swift; sourceTree = "<group>"; };
		D04184D3296E767F00DCA40C /* Base */ = {isa = PBXFileReference; lastKnownFileType = file.storyboard; name = Base; path = Base.lproj/Main.storyboard; sourceTree = "<group>"; };
		D04184D5296E768000DCA40C /* Assets.xcassets */ = {isa = PBXFileReference; lastKnownFileType = folder.assetcatalog; path = Assets.xcassets; sourceTree = "<group>"; };
		D04184D8296E768000DCA40C /* Base */ = {isa = PBXFileReference; lastKnownFileType = file.storyboard; name = Base; path = Base.lproj/LaunchScreen.storyboard; sourceTree = "<group>"; };
		D04184DA296E768000DCA40C /* Info.plist */ = {isa = PBXFileReference; lastKnownFileType = text.plist.xml; path = Info.plist; sourceTree = "<group>"; };
		D04184E7296E7BBE00DCA40C /* RMCharacterViewController.swift */ = {isa = PBXFileReference; lastKnownFileType = sourcecode.swift; path = RMCharacterViewController.swift; sourceTree = "<group>"; };
		D04184E9296E7BD400DCA40C /* RMLocationViewController.swift */ = {isa = PBXFileReference; lastKnownFileType = sourcecode.swift; path = RMLocationViewController.swift; sourceTree = "<group>"; };
		D04184EB296E7BE000DCA40C /* RMEpisodesViewController.swift */ = {isa = PBXFileReference; lastKnownFileType = sourcecode.swift; path = RMEpisodesViewController.swift; sourceTree = "<group>"; };
		D04184ED296E7BED00DCA40C /* RMSettingsViewController.swift */ = {isa = PBXFileReference; lastKnownFileType = sourcecode.swift; path = RMSettingsViewController.swift; sourceTree = "<group>"; };
		D0908251296EC16C00C1D9EE /* Episode.swift */ = {isa = PBXFileReference; lastKnownFileType = sourcecode.swift; path = Episode.swift; sourceTree = "<group>"; };
/* End PBXFileReference section */

/* Begin PBXFrameworksBuildPhase section */
		D04184C6296E767F00DCA40C /* Frameworks */ = {
			isa = PBXFrameworksBuildPhase;
			buildActionMask = 2147483647;
			files = (
			);
			runOnlyForDeploymentPostprocessing = 0;
		};
/* End PBXFrameworksBuildPhase section */

/* Begin PBXGroup section */
		D04184C0296E767F00DCA40C = {
			isa = PBXGroup;
			children = (
				D04184CB296E767F00DCA40C /* My_MVVM_Project */,
				D04184CA296E767F00DCA40C /* Products */,
			);
			sourceTree = "<group>";
		};
		D04184CA296E767F00DCA40C /* Products */ = {
			isa = PBXGroup;
			children = (
				D04184C9296E767F00DCA40C /* My_MVVM_Project.app */,
			);
			name = Products;
			sourceTree = "<group>";
		};
		D04184CB296E767F00DCA40C /* My_MVVM_Project */ = {
			isa = PBXGroup;
			children = (
				D04184E6296E7A2B00DCA40C /* Managers */,
				D04184E5296E7A1D00DCA40C /* APIClient */,
				D04184E3296E79EA00DCA40C /* Controllers */,
				D04184E2296E79C200DCA40C /* ViewModels */,
				D04184E1296E79BA00DCA40C /* Views */,
				D04184E0296E79AB00DCA40C /* Models */,
				D04184E4296E79F400DCA40C /* Resources */,
				D04184DA296E768000DCA40C /* Info.plist */,
			);
			path = My_MVVM_Project;
			sourceTree = "<group>";
		};
		D04184E0296E79AB00DCA40C /* Models */ = {
			isa = PBXGroup;
			children = (
				D0908251296EC16C00C1D9EE /* Episode.swift */,
			);
			path = Models;
			sourceTree = "<group>";
		};
		D04184E1296E79BA00DCA40C /* Views */ = {
			isa = PBXGroup;
			children = (
			);
			path = Views;
			sourceTree = "<group>";
		};
		D04184E2296E79C200DCA40C /* ViewModels */ = {
			isa = PBXGroup;
			children = (
			);
			path = ViewModels;
			sourceTree = "<group>";
		};
		D04184E3296E79EA00DCA40C /* Controllers */ = {
			isa = PBXGroup;
			children = (
				D04184D0296E767F00DCA40C /* RMTabViewController.swift */,
				D04184E7296E7BBE00DCA40C /* RMCharacterViewController.swift */,
				D04184E9296E7BD400DCA40C /* RMLocationViewController.swift */,
				D04184EB296E7BE000DCA40C /* RMEpisodesViewController.swift */,
				D04184ED296E7BED00DCA40C /* RMSettingsViewController.swift */,
			);
			path = Controllers;
			sourceTree = "<group>";
		};
		D04184E4296E79F400DCA40C /* Resources */ = {
			isa = PBXGroup;
			children = (
				D04184D2296E767F00DCA40C /* Main.storyboard */,
				D04184D5296E768000DCA40C /* Assets.xcassets */,
				D04184D7296E768000DCA40C /* LaunchScreen.storyboard */,
				D04184CC296E767F00DCA40C /* AppDelegate.swift */,
			);
			path = Resources;
			sourceTree = "<group>";
		};
		D04184E5296E7A1D00DCA40C /* APIClient */ = {
			isa = PBXGroup;
			children = (
			);
			path = APIClient;
			sourceTree = "<group>";
		};
		D04184E6296E7A2B00DCA40C /* Managers */ = {
			isa = PBXGroup;
			children = (
			);
			path = Managers;
			sourceTree = "<group>";
		};
/* End PBXGroup section */

/* Begin PBXNativeTarget section */
		D04184C8296E767F00DCA40C /* My_MVVM_Project */ = {
			isa = PBXNativeTarget;
			buildConfigurationList = D04184DD296E768000DCA40C /* Build configuration list for PBXNativeTarget "My_MVVM_Project" */;
			buildPhases = (
				D04184C5296E767F00DCA40C /* Sources */,
				D04184C6296E767F00DCA40C /* Frameworks */,
				D04184C7296E767F00DCA40C /* Resources */,
			);
			buildRules = (
			);
			dependencies = (
			);
			name = My_MVVM_Project;
			productName = My_MVVM_Project;
			productReference = D04184C9296E767F00DCA40C /* My_MVVM_Project.app */;
			productType = "com.apple.product-type.application";
		};
/* End PBXNativeTarget section */

/* Begin PBXProject section */
		D04184C1296E767F00DCA40C /* Project object */ = {
			isa = PBXProject;
			attributes = {
				BuildIndependentTargetsInParallel = 1;
				LastSwiftUpdateCheck = 1420;
				LastUpgradeCheck = 1420;
				TargetAttributes = {
					D04184C8296E767F00DCA40C = {
						CreatedOnToolsVersion = 14.2;
					};
				};
			};
			buildConfigurationList = D04184C4296E767F00DCA40C /* Build configuration list for PBXProject "My_MVVM_Project" */;
			compatibilityVersion = "Xcode 14.0";
			developmentRegion = en;
			hasScannedForEncodings = 0;
			knownRegions = (
				en,
				Base,
			);
			mainGroup = D04184C0296E767F00DCA40C;
			productRefGroup = D04184CA296E767F00DCA40C /* Products */;
			projectDirPath = "";
			projectRoot = "";
			targets = (
				D04184C8296E767F00DCA40C /* My_MVVM_Project */,
			);
		};
/* End PBXProject section */

/* Begin PBXResourcesBuildPhase section */
		D04184C7296E767F00DCA40C /* Resources */ = {
			isa = PBXResourcesBuildPhase;
			buildActionMask = 2147483647;
			files = (
				D04184D9296E768000DCA40C /* LaunchScreen.storyboard in Resources */,
				D04184D6296E768000DCA40C /* Assets.xcassets in Resources */,
				D04184D4296E767F00DCA40C /* Main.storyboard in Resources */,
			);
			runOnlyForDeploymentPostprocessing = 0;
		};
/* End PBXResourcesBuildPhase section */

/* Begin PBXSourcesBuildPhase section */
		D04184C5296E767F00DCA40C /* Sources */ = {
			isa = PBXSourcesBuildPhase;
			buildActionMask = 2147483647;
			files = (
				D04184EE296E7BED00DCA40C /* RMSettingsViewController.swift in Sources */,
				D04184EA296E7BD400DCA40C /* RMLocationViewController.swift in Sources */,
				D0908252296EC16C00C1D9EE /* Episode.swift in Sources */,
				D04184D1296E767F00DCA40C /* RMTabViewController.swift in Sources */,
				D04184E8296E7BBE00DCA40C /* RMCharacterViewController.swift in Sources */,
				D04184EC296E7BE000DCA40C /* RMEpisodesViewController.swift in Sources */,
				D04184CD296E767F00DCA40C /* AppDelegate.swift in Sources */,
			);
			runOnlyForDeploymentPostprocessing = 0;
		};
/* End PBXSourcesBuildPhase section */

/* Begin PBXVariantGroup section */
		D04184D2296E767F00DCA40C /* Main.storyboard */ = {
			isa = PBXVariantGroup;
			children = (
				D04184D3296E767F00DCA40C /* Base */,
			);
			name = Main.storyboard;
			sourceTree = "<group>";
		};
		D04184D7296E768000DCA40C /* LaunchScreen.storyboard */ = {
			isa = PBXVariantGroup;
			children = (
				D04184D8296E768000DCA40C /* Base */,
			);
			name = LaunchScreen.storyboard;
			sourceTree = "<group>";
		};
/* End PBXVariantGroup section */

/* Begin XCBuildConfiguration section */
		D04184DB296E768000DCA40C /* Debug */ = {
			isa = XCBuildConfiguration;
			buildSettings = {
				ALWAYS_SEARCH_USER_PATHS = NO;
				CLANG_ANALYZER_NONNULL = YES;
				CLANG_ANALYZER_NUMBER_OBJECT_CONVERSION = YES_AGGRESSIVE;
				CLANG_CXX_LANGUAGE_STANDARD = "gnu++20";
				CLANG_ENABLE_MODULES = YES;
				CLANG_ENABLE_OBJC_ARC = YES;
				CLANG_ENABLE_OBJC_WEAK = YES;
				CLANG_WARN_BLOCK_CAPTURE_AUTORELEASING = YES;
				CLANG_WARN_BOOL_CONVERSION = YES;
				CLANG_WARN_COMMA = YES;
				CLANG_WARN_CONSTANT_CONVERSION = YES;
				CLANG_WARN_DEPRECATED_OBJC_IMPLEMENTATIONS = YES;
				CLANG_WARN_DIRECT_OBJC_ISA_USAGE = YES_ERROR;
				CLANG_WARN_DOCUMENTATION_COMMENTS = YES;
				CLANG_WARN_EMPTY_BODY = YES;
				CLANG_WARN_ENUM_CONVERSION = YES;
				CLANG_WARN_INFINITE_RECURSION = YES;
				CLANG_WARN_INT_CONVERSION = YES;
				CLANG_WARN_NON_LITERAL_NULL_CONVERSION = YES;
				CLANG_WARN_OBJC_IMPLICIT_RETAIN_SELF = YES;
				CLANG_WARN_OBJC_LITERAL_CONVERSION = YES;
				CLANG_WARN_OBJC_ROOT_CLASS = YES_ERROR;
				CLANG_WARN_QUOTED_INCLUDE_IN_FRAMEWORK_HEADER = YES;
				CLANG_WARN_RANGE_LOOP_ANALYSIS = YES;
				CLANG_WARN_STRICT_PROTOTYPES = YES;
				CLANG_WARN_SUSPICIOUS_MOVE = YES;
				CLANG_WARN_UNGUARDED_AVAILABILITY = YES_AGGRESSIVE;
				CLANG_WARN_UNREACHABLE_CODE = YES;
				CLANG_WARN__DUPLICATE_METHOD_MATCH = YES;
				COPY_PHASE_STRIP = NO;
				DEBUG_INFORMATION_FORMAT = dwarf;
				ENABLE_STRICT_OBJC_MSGSEND = YES;
				ENABLE_TESTABILITY = YES;
				GCC_C_LANGUAGE_STANDARD = gnu11;
				GCC_DYNAMIC_NO_PIC = NO;
				GCC_NO_COMMON_BLOCKS = YES;
				GCC_OPTIMIZATION_LEVEL = 0;
				GCC_PREPROCESSOR_DEFINITIONS = (
					"DEBUG=1",
					"$(inherited)",
				);
				GCC_WARN_64_TO_32_BIT_CONVERSION = YES;
				GCC_WARN_ABOUT_RETURN_TYPE = YES_ERROR;
				GCC_WARN_UNDECLARED_SELECTOR = YES;
				GCC_WARN_UNINITIALIZED_AUTOS = YES_AGGRESSIVE;
				GCC_WARN_UNUSED_FUNCTION = YES;
				GCC_WARN_UNUSED_VARIABLE = YES;
				IPHONEOS_DEPLOYMENT_TARGET = 16.2;
				MTL_ENABLE_DEBUG_INFO = INCLUDE_SOURCE;
				MTL_FAST_MATH = YES;
				ONLY_ACTIVE_ARCH = YES;
				SDKROOT = iphoneos;
				SWIFT_ACTIVE_COMPILATION_CONDITIONS = DEBUG;
				SWIFT_OPTIMIZATION_LEVEL = "-Onone";
			};
			name = Debug;
		};
		D04184DC296E768000DCA40C /* Release */ = {
			isa = XCBuildConfiguration;
			buildSettings = {
				ALWAYS_SEARCH_USER_PATHS = NO;
				CLANG_ANALYZER_NONNULL = YES;
				CLANG_ANALYZER_NUMBER_OBJECT_CONVERSION = YES_AGGRESSIVE;
				CLANG_CXX_LANGUAGE_STANDARD = "gnu++20";
				CLANG_ENABLE_MODULES = YES;
				CLANG_ENABLE_OBJC_ARC = YES;
				CLANG_ENABLE_OBJC_WEAK = YES;
				CLANG_WARN_BLOCK_CAPTURE_AUTORELEASING = YES;
				CLANG_WARN_BOOL_CONVERSION = YES;
				CLANG_WARN_COMMA = YES;
				CLANG_WARN_CONSTANT_CONVERSION = YES;
				CLANG_WARN_DEPRECATED_OBJC_IMPLEMENTATIONS = YES;
				CLANG_WARN_DIRECT_OBJC_ISA_USAGE = YES_ERROR;
				CLANG_WARN_DOCUMENTATION_COMMENTS = YES;
				CLANG_WARN_EMPTY_BODY = YES;
				CLANG_WARN_ENUM_CONVERSION = YES;
				CLANG_WARN_INFINITE_RECURSION = YES;
				CLANG_WARN_INT_CONVERSION = YES;
				CLANG_WARN_NON_LITERAL_NULL_CONVERSION = YES;
				CLANG_WARN_OBJC_IMPLICIT_RETAIN_SELF = YES;
				CLANG_WARN_OBJC_LITERAL_CONVERSION = YES;
				CLANG_WARN_OBJC_ROOT_CLASS = YES_ERROR;
				CLANG_WARN_QUOTED_INCLUDE_IN_FRAMEWORK_HEADER = YES;
				CLANG_WARN_RANGE_LOOP_ANALYSIS = YES;
				CLANG_WARN_STRICT_PROTOTYPES = YES;
				CLANG_WARN_SUSPICIOUS_MOVE = YES;
				CLANG_WARN_UNGUARDED_AVAILABILITY = YES_AGGRESSIVE;
				CLANG_WARN_UNREACHABLE_CODE = YES;
				CLANG_WARN__DUPLICATE_METHOD_MATCH = YES;
				COPY_PHASE_STRIP = NO;
				DEBUG_INFORMATION_FORMAT = "dwarf-with-dsym";
				ENABLE_NS_ASSERTIONS = NO;
				ENABLE_STRICT_OBJC_MSGSEND = YES;
				GCC_C_LANGUAGE_STANDARD = gnu11;
				GCC_NO_COMMON_BLOCKS = YES;
				GCC_WARN_64_TO_32_BIT_CONVERSION = YES;
				GCC_WARN_ABOUT_RETURN_TYPE = YES_ERROR;
				GCC_WARN_UNDECLARED_SELECTOR = YES;
				GCC_WARN_UNINITIALIZED_AUTOS = YES_AGGRESSIVE;
				GCC_WARN_UNUSED_FUNCTION = YES;
				GCC_WARN_UNUSED_VARIABLE = YES;
				IPHONEOS_DEPLOYMENT_TARGET = 16.2;
				MTL_ENABLE_DEBUG_INFO = NO;
				MTL_FAST_MATH = YES;
				SDKROOT = iphoneos;
				SWIFT_COMPILATION_MODE = wholemodule;
				SWIFT_OPTIMIZATION_LEVEL = "-O";
				VALIDATE_PRODUCT = YES;
			};
			name = Release;
		};
		D04184DE296E768000DCA40C /* Debug */ = {
			isa = XCBuildConfiguration;
			buildSettings = {
				ASSETCATALOG_COMPILER_APPICON_NAME = AppIcon;
				ASSETCATALOG_COMPILER_GLOBAL_ACCENT_COLOR_NAME = AccentColor;
				CODE_SIGN_STYLE = Automatic;
				CURRENT_PROJECT_VERSION = 1;
				DEVELOPMENT_TEAM = URWSH26L7J;
				GENERATE_INFOPLIST_FILE = YES;
				INFOPLIST_FILE = My_MVVM_Project/Info.plist;
				INFOPLIST_KEY_UIApplicationSupportsIndirectInputEvents = YES;
				INFOPLIST_KEY_UILaunchStoryboardName = LaunchScreen;
				INFOPLIST_KEY_UIMainStoryboardFile = Main;
				INFOPLIST_KEY_UISupportedInterfaceOrientations_iPad = "UIInterfaceOrientationPortrait UIInterfaceOrientationPortraitUpsideDown UIInterfaceOrientationLandscapeLeft UIInterfaceOrientationLandscapeRight";
				INFOPLIST_KEY_UISupportedInterfaceOrientations_iPhone = "UIInterfaceOrientationPortrait UIInterfaceOrientationLandscapeLeft UIInterfaceOrientationLandscapeRight";
				IPHONEOS_DEPLOYMENT_TARGET = 11.0;
				LD_RUNPATH_SEARCH_PATHS = (
					"$(inherited)",
					"@executable_path/Frameworks",
				);
				MARKETING_VERSION = 1.0;
				PRODUCT_BUNDLE_IDENTIFIER = "uz.bob.lesson1.My-MVVM-Project";
				PRODUCT_NAME = "$(TARGET_NAME)";
				SWIFT_EMIT_LOC_STRINGS = YES;
				SWIFT_VERSION = 5.0;
				TARGETED_DEVICE_FAMILY = "1,2";
			};
			name = Debug;
		};
		D04184DF296E768000DCA40C /* Release */ = {
			isa = XCBuildConfiguration;
			buildSettings = {
				ASSETCATALOG_COMPILER_APPICON_NAME = AppIcon;
				ASSETCATALOG_COMPILER_GLOBAL_ACCENT_COLOR_NAME = AccentColor;
				CODE_SIGN_STYLE = Automatic;
				CURRENT_PROJECT_VERSION = 1;
				DEVELOPMENT_TEAM = URWSH26L7J;
				GENERATE_INFOPLIST_FILE = YES;
				INFOPLIST_FILE = My_MVVM_Project/Info.plist;
				INFOPLIST_KEY_UIApplicationSupportsIndirectInputEvents = YES;
				INFOPLIST_KEY_UILaunchStoryboardName = LaunchScreen;
				INFOPLIST_KEY_UIMainStoryboardFile = Main;
				INFOPLIST_KEY_UISupportedInterfaceOrientations_iPad = "UIInterfaceOrientationPortrait UIInterfaceOrientationPortraitUpsideDown UIInterfaceOrientationLandscapeLeft UIInterfaceOrientationLandscapeRight";
				INFOPLIST_KEY_UISupportedInterfaceOrientations_iPhone = "UIInterfaceOrientationPortrait UIInterfaceOrientationLandscapeLeft UIInterfaceOrientationLandscapeRight";
				IPHONEOS_DEPLOYMENT_TARGET = 11.0;
				LD_RUNPATH_SEARCH_PATHS = (
					"$(inherited)",
					"@executable_path/Frameworks",
				);
				MARKETING_VERSION = 1.0;
				PRODUCT_BUNDLE_IDENTIFIER = "uz.bob.lesson1.My-MVVM-Project";
				PRODUCT_NAME = "$(TARGET_NAME)";
				SWIFT_EMIT_LOC_STRINGS = YES;
				SWIFT_VERSION = 5.0;
				TARGETED_DEVICE_FAMILY = "1,2";
			};
			name = Release;
		};
/* End XCBuildConfiguration section */

/* Begin XCConfigurationList section */
		D04184C4296E767F00DCA40C /* Build configuration list for PBXProject "My_MVVM_Project" */ = {
			isa = XCConfigurationList;
			buildConfigurations = (
				D04184DB296E768000DCA40C /* Debug */,
				D04184DC296E768000DCA40C /* Release */,
			);
			defaultConfigurationIsVisible = 0;
			defaultConfigurationName = Release;
		};
		D04184DD296E768000DCA40C /* Build configuration list for PBXNativeTarget "My_MVVM_Project" */ = {
			isa = XCConfigurationList;
			buildConfigurations = (
				D04184DE296E768000DCA40C /* Debug */,
				D04184DF296E768000DCA40C /* Release */,
			);
			defaultConfigurationIsVisible = 0;
			defaultConfigurationName = Release;
		};
/* End XCConfigurationList section */
	};
	rootObject = D04184C1296E767F00DCA40C /* Project object */;
}
